// !$*UTF8*$!
{
	archiveVersion = 1;
	classes = {
	};
	objectVersion = 54;
	objects = {

/* Begin PBXBuildFile section */
		5220075C2B57F3850034BCEA /* MockProxyEngine.swift in Sources */ = {isa = PBXBuildFile; fileRef = 5220075B2B57F3850034BCEA /* MockProxyEngine.swift */; };
		5220075D2B57F5E70034BCEA /* SplitTunnelProxyProvider.swift in Sources */ = {isa = PBXBuildFile; fileRef = D17F5D1B293E701D00FB8DAF /* SplitTunnelProxyProvider.swift */; };
		5235FB192B4FC43900F3B772 /* Formatters.swift in Sources */ = {isa = PBXBuildFile; fileRef = 5235FB182B4FC43900F3B772 /* Formatters.swift */; };
		5235FB1A2B4FC43900F3B772 /* Formatters.swift in Sources */ = {isa = PBXBuildFile; fileRef = 5235FB182B4FC43900F3B772 /* Formatters.swift */; };
		5235FB1D2B4FFCEB00F3B772 /* ProxySessionFactory.swift in Sources */ = {isa = PBXBuildFile; fileRef = 5235FB1B2B4FFCEB00F3B772 /* ProxySessionFactory.swift */; };
		5235FB202B510CEF00F3B772 /* TrafficManagerNIOTest.swift in Sources */ = {isa = PBXBuildFile; fileRef = 5235FB1E2B510CEF00F3B772 /* TrafficManagerNIOTest.swift */; };
		5235FB212B510D3800F3B772 /* TrafficManagerNIO.swift in Sources */ = {isa = PBXBuildFile; fileRef = D1D5B6AF2B18F2B10063363E /* TrafficManagerNIO.swift */; };
		5235FB272B511DD700F3B772 /* NEAppProxyFlow+Extensions.swift in Sources */ = {isa = PBXBuildFile; fileRef = 5235FB262B511DD700F3B772 /* NEAppProxyFlow+Extensions.swift */; };
		5235FB292B512A5E00F3B772 /* FlowProtocols.swift in Sources */ = {isa = PBXBuildFile; fileRef = 5235FB282B512A5E00F3B772 /* FlowProtocols.swift */; };
		5235FB332B51458800F3B772 /* _NIOConcurrency in Frameworks */ = {isa = PBXBuildFile; productRef = 5235FB322B51458800F3B772 /* _NIOConcurrency */; };
		5235FB352B51458800F3B772 /* NIO in Frameworks */ = {isa = PBXBuildFile; productRef = 5235FB342B51458800F3B772 /* NIO */; };
		5235FB372B51458800F3B772 /* NIOConcurrencyHelpers in Frameworks */ = {isa = PBXBuildFile; productRef = 5235FB362B51458800F3B772 /* NIOConcurrencyHelpers */; };
		5235FB392B51458800F3B772 /* NIOCore in Frameworks */ = {isa = PBXBuildFile; productRef = 5235FB382B51458800F3B772 /* NIOCore */; };
		5235FB3B2B51458800F3B772 /* NIOEmbedded in Frameworks */ = {isa = PBXBuildFile; productRef = 5235FB3A2B51458800F3B772 /* NIOEmbedded */; };
		5235FB3D2B51458800F3B772 /* NIOFoundationCompat in Frameworks */ = {isa = PBXBuildFile; productRef = 5235FB3C2B51458800F3B772 /* NIOFoundationCompat */; };
		5235FB3F2B51459200F3B772 /* NIOTestUtils in Frameworks */ = {isa = PBXBuildFile; productRef = 5235FB3E2B51459200F3B772 /* NIOTestUtils */; };
		5235FB402B5145CE00F3B772 /* FlowProtocols.swift in Sources */ = {isa = PBXBuildFile; fileRef = 5235FB282B512A5E00F3B772 /* FlowProtocols.swift */; };
		5235FB412B5145CE00F3B772 /* ProxySessionFactory.swift in Sources */ = {isa = PBXBuildFile; fileRef = 5235FB1B2B4FFCEB00F3B772 /* ProxySessionFactory.swift */; };
		5235FB422B5145CE00F3B772 /* TrafficManager.swift in Sources */ = {isa = PBXBuildFile; fileRef = D1D5B6AB2B18F1C50063363E /* TrafficManager.swift */; };
		5235FB432B5145CE00F3B772 /* ProxySessionUDP.swift in Sources */ = {isa = PBXBuildFile; fileRef = 5274A5E42B4AAC4500FD0A10 /* ProxySessionUDP.swift */; };
		5235FB442B5145CE00F3B772 /* NEAppProxyFlow+Extensions.swift in Sources */ = {isa = PBXBuildFile; fileRef = 5235FB262B511DD700F3B772 /* NEAppProxyFlow+Extensions.swift */; };
		5235FB452B5145CE00F3B772 /* ProxySession.swift in Sources */ = {isa = PBXBuildFile; fileRef = 5274A5E62B4AC5C600FD0A10 /* ProxySession.swift */; };
		5235FB462B5145CE00F3B772 /* ProxySessionTCP.swift in Sources */ = {isa = PBXBuildFile; fileRef = 5274A5E22B4AA5C600FD0A10 /* ProxySessionTCP.swift */; };
		5235FB482B5145FD00F3B772 /* IDGenerator.swift in Sources */ = {isa = PBXBuildFile; fileRef = 5274A5E82B4AD88100FD0A10 /* IDGenerator.swift */; };
		5235FB492B5145FD00F3B772 /* NetworkUtilities.swift in Sources */ = {isa = PBXBuildFile; fileRef = D1E9AEFD2AE31D4F007603BF /* NetworkUtilities.swift */; };
		5235FB4A2B5145FD00F3B772 /* IPCConnection.swift in Sources */ = {isa = PBXBuildFile; fileRef = C4B1415A227A396500B26560 /* IPCConnection.swift */; };
		5235FB4B2B5145FD00F3B772 /* Formatters.swift in Sources */ = {isa = PBXBuildFile; fileRef = 5235FB182B4FC43900F3B772 /* Formatters.swift */; };
		5235FB4C2B5145FD00F3B772 /* ProcessUtilities.swift in Sources */ = {isa = PBXBuildFile; fileRef = D1D5B6B52B18F7DF0063363E /* ProcessUtilities.swift */; };
		5235FB4E2B51541F00F3B772 /* Mock.swift in Sources */ = {isa = PBXBuildFile; fileRef = 5235FB4D2B51541F00F3B772 /* Mock.swift */; };
		5235FB502B5157DF00F3B772 /* MockFlow.swift in Sources */ = {isa = PBXBuildFile; fileRef = 5235FB4F2B5157DF00F3B772 /* MockFlow.swift */; };
		5235FB522B51582C00F3B772 /* MockProxySessionFactory.swift in Sources */ = {isa = PBXBuildFile; fileRef = 5235FB512B51582C00F3B772 /* MockProxySessionFactory.swift */; };
		526208122B5709B500C5C0E4 /* libbsm.tbd in Frameworks */ = {isa = PBXBuildFile; fileRef = 5274B64E2B2AE8DF0007250C /* libbsm.tbd */; };
		52699E602B56AC22004FBF20 /* SplitTunnelProxyProviderTest.swift in Sources */ = {isa = PBXBuildFile; fileRef = 52699E5F2B56AC22004FBF20 /* SplitTunnelProxyProviderTest.swift */; };
		52699E622B56BBEE004FBF20 /* ProxyEngine.swift in Sources */ = {isa = PBXBuildFile; fileRef = 52699E612B56BBEE004FBF20 /* ProxyEngine.swift */; };
		52699E632B56BBEE004FBF20 /* ProxyEngine.swift in Sources */ = {isa = PBXBuildFile; fileRef = 52699E612B56BBEE004FBF20 /* ProxyEngine.swift */; };
		526CFC0B2B3AD15B00F31493 /* NIO in Frameworks */ = {isa = PBXBuildFile; productRef = 526CFC0A2B3AD15B00F31493 /* NIO */; };
		526CFC0D2B3AD15B00F31493 /* NIOConcurrencyHelpers in Frameworks */ = {isa = PBXBuildFile; productRef = 526CFC0C2B3AD15B00F31493 /* NIOConcurrencyHelpers */; };
		526CFC0F2B3AD15B00F31493 /* NIOCore in Frameworks */ = {isa = PBXBuildFile; productRef = 526CFC0E2B3AD15B00F31493 /* NIOCore */; };
		526CFC112B3AD15B00F31493 /* NIOFoundationCompat in Frameworks */ = {isa = PBXBuildFile; productRef = 526CFC102B3AD15B00F31493 /* NIOFoundationCompat */; };
		526CFC132B3AD15B00F31493 /* NIOPosix in Frameworks */ = {isa = PBXBuildFile; productRef = 526CFC122B3AD15B00F31493 /* NIOPosix */; };
		526CFC152B3AD15B00F31493 /* NIOTestUtils in Frameworks */ = {isa = PBXBuildFile; productRef = 526CFC142B3AD15B00F31493 /* NIOTestUtils */; };
		526CFC172B3AD15B00F31493 /* _NIOConcurrency in Frameworks */ = {isa = PBXBuildFile; productRef = 526CFC162B3AD15B00F31493 /* _NIOConcurrency */; };
		526CFC342B3AD94A00F31493 /* Puppy in Frameworks */ = {isa = PBXBuildFile; productRef = 526CFC332B3AD94A00F31493 /* Puppy */; };
		526CFC362B3ADD0600F31493 /* libproc.tbd in Frameworks */ = {isa = PBXBuildFile; fileRef = 526CFC352B3ADD0600F31493 /* libproc.tbd */; };
		5274A5E32B4AA5C600FD0A10 /* ProxySessionTCP.swift in Sources */ = {isa = PBXBuildFile; fileRef = 5274A5E22B4AA5C600FD0A10 /* ProxySessionTCP.swift */; };
		5274A5E52B4AAC4500FD0A10 /* ProxySessionUDP.swift in Sources */ = {isa = PBXBuildFile; fileRef = 5274A5E42B4AAC4500FD0A10 /* ProxySessionUDP.swift */; };
		5274A5E72B4AC5C600FD0A10 /* ProxySession.swift in Sources */ = {isa = PBXBuildFile; fileRef = 5274A5E62B4AC5C600FD0A10 /* ProxySession.swift */; };
		5274A5E92B4AD88100FD0A10 /* IDGenerator.swift in Sources */ = {isa = PBXBuildFile; fileRef = 5274A5E82B4AD88100FD0A10 /* IDGenerator.swift */; };
		5274A5EA2B4AD88100FD0A10 /* IDGenerator.swift in Sources */ = {isa = PBXBuildFile; fileRef = 5274A5E82B4AD88100FD0A10 /* IDGenerator.swift */; };
		5274B64F2B2AE8DF0007250C /* libbsm.tbd in Frameworks */ = {isa = PBXBuildFile; fileRef = 5274B64E2B2AE8DF0007250C /* libbsm.tbd */; };
		5278E5952B5954BA00210466 /* ProxyEngineTest.swift in Sources */ = {isa = PBXBuildFile; fileRef = 5278E5942B5954BA00210466 /* ProxyEngineTest.swift */; };
		5278E59A2B59582700210466 /* FlowPolicy.swift in Sources */ = {isa = PBXBuildFile; fileRef = 5278E5992B59582700210466 /* FlowPolicy.swift */; };
		5278E59B2B59582700210466 /* FlowPolicy.swift in Sources */ = {isa = PBXBuildFile; fileRef = 5278E5992B59582700210466 /* FlowPolicy.swift */; };
		5278E59D2B59804B00210466 /* MockTrafficManager.swift in Sources */ = {isa = PBXBuildFile; fileRef = 5278E59C2B59804B00210466 /* MockTrafficManager.swift */; };
		5278E59F2B598FBB00210466 /* LoggerTest.swift in Sources */ = {isa = PBXBuildFile; fileRef = 5278E59E2B598FBB00210466 /* LoggerTest.swift */; };
		5278E5A92B5A7E3D00210466 /* InboundHandlerTCPTest.swift in Sources */ = {isa = PBXBuildFile; fileRef = 5278E5A82B5A7E3D00210466 /* InboundHandlerTCPTest.swift */; };
		5278E5AB2B5A963600210466 /* InboundHandlerUDPTest.swift in Sources */ = {isa = PBXBuildFile; fileRef = 5278E5AA2B5A963600210466 /* InboundHandlerUDPTest.swift */; };
		5278E5AD2B5A9EBA00210466 /* DefaultProxySessionFactoryTest.swift in Sources */ = {isa = PBXBuildFile; fileRef = 5278E5AC2B5A9EBA00210466 /* DefaultProxySessionFactoryTest.swift */; };
		5278E5B02B5AFE1E00210466 /* ChannelCreatorUDP.swift in Sources */ = {isa = PBXBuildFile; fileRef = 5278E5AF2B5AFE1E00210466 /* ChannelCreatorUDP.swift */; };
		5278E5B12B5AFE1E00210466 /* ChannelCreatorUDP.swift in Sources */ = {isa = PBXBuildFile; fileRef = 5278E5AF2B5AFE1E00210466 /* ChannelCreatorUDP.swift */; };
		5278E5B32B5B006000210466 /* FlowForwarderUDP.swift in Sources */ = {isa = PBXBuildFile; fileRef = 5278E5B22B5B006000210466 /* FlowForwarderUDP.swift */; };
		5278E5B42B5B006000210466 /* FlowForwarderUDP.swift in Sources */ = {isa = PBXBuildFile; fileRef = 5278E5B22B5B006000210466 /* FlowForwarderUDP.swift */; };
		5278E5B62B5B859600210466 /* InboundHandlerUDP.swift in Sources */ = {isa = PBXBuildFile; fileRef = 5278E5B52B5B859600210466 /* InboundHandlerUDP.swift */; };
		5278E5B72B5B859600210466 /* InboundHandlerUDP.swift in Sources */ = {isa = PBXBuildFile; fileRef = 5278E5B52B5B859600210466 /* InboundHandlerUDP.swift */; };
		5278E5B92B5B885D00210466 /* ChannelCreatorTCP.swift in Sources */ = {isa = PBXBuildFile; fileRef = 5278E5B82B5B885D00210466 /* ChannelCreatorTCP.swift */; };
		5278E5BA2B5B885D00210466 /* ChannelCreatorTCP.swift in Sources */ = {isa = PBXBuildFile; fileRef = 5278E5B82B5B885D00210466 /* ChannelCreatorTCP.swift */; };
		5278E5BC2B5B89AA00210466 /* FlowForwarderTCP.swift in Sources */ = {isa = PBXBuildFile; fileRef = 5278E5BB2B5B89AA00210466 /* FlowForwarderTCP.swift */; };
		5278E5BD2B5B89AA00210466 /* FlowForwarderTCP.swift in Sources */ = {isa = PBXBuildFile; fileRef = 5278E5BB2B5B89AA00210466 /* FlowForwarderTCP.swift */; };
		5278E5BF2B5B8E6400210466 /* InboundHandlerTCP.swift in Sources */ = {isa = PBXBuildFile; fileRef = 5278E5BE2B5B8E6400210466 /* InboundHandlerTCP.swift */; };
		5278E5C02B5B8E6400210466 /* InboundHandlerTCP.swift in Sources */ = {isa = PBXBuildFile; fileRef = 5278E5BE2B5B8E6400210466 /* InboundHandlerTCP.swift */; };
		527F56A82B3180D6003E7DF7 /* AppPolicy.swift in Sources */ = {isa = PBXBuildFile; fileRef = 527F56A72B3180D6003E7DF7 /* AppPolicy.swift */; };
		527F56AA2B31A098003E7DF7 /* AppPolicyTest.swift in Sources */ = {isa = PBXBuildFile; fileRef = 527F56A92B31A098003E7DF7 /* AppPolicyTest.swift */; };
		527F56AE2B31A5DA003E7DF7 /* AppPolicy.swift in Sources */ = {isa = PBXBuildFile; fileRef = 527F56A72B3180D6003E7DF7 /* AppPolicy.swift */; };
		527F56B22B31B43B003E7DF7 /* Quick in Frameworks */ = {isa = PBXBuildFile; productRef = 527F56B12B31B43B003E7DF7 /* Quick */; };
		527F56B42B31B440003E7DF7 /* Nimble in Frameworks */ = {isa = PBXBuildFile; productRef = 527F56B32B31B440003E7DF7 /* Nimble */; };
		52A5F9E02B5524560095095D /* ProxySessionUDPTest.swift in Sources */ = {isa = PBXBuildFile; fileRef = 52A5F9DF2B5524560095095D /* ProxySessionUDPTest.swift */; };
		52D4C8CE2B52FBEB0059F7DD /* InboundHandler.swift in Sources */ = {isa = PBXBuildFile; fileRef = 52D4C8CD2B52FBEB0059F7DD /* InboundHandler.swift */; };
		52D4C8CF2B52FBEB0059F7DD /* InboundHandler.swift in Sources */ = {isa = PBXBuildFile; fileRef = 52D4C8CD2B52FBEB0059F7DD /* InboundHandler.swift */; };
		52E84CF32B5406B200B67912 /* ProxySessionTCPTest.swift in Sources */ = {isa = PBXBuildFile; fileRef = 52E84CF22B5406B200B67912 /* ProxySessionTCPTest.swift */; };
		52E84CF62B5439CA00B67912 /* MockChannel.swift in Sources */ = {isa = PBXBuildFile; fileRef = 52E84CF52B5439CA00B67912 /* MockChannel.swift */; };
		52E84CF82B54F22200B67912 /* SessionChannelProtocol.swift in Sources */ = {isa = PBXBuildFile; fileRef = 52E84CF72B54F22200B67912 /* SessionChannelProtocol.swift */; };
		52E84CF92B54F22200B67912 /* SessionChannelProtocol.swift in Sources */ = {isa = PBXBuildFile; fileRef = 52E84CF72B54F22200B67912 /* SessionChannelProtocol.swift */; };
		52E84CFB2B54F77400B67912 /* ChannelWrapper.swift in Sources */ = {isa = PBXBuildFile; fileRef = 52E84CFA2B54F77400B67912 /* ChannelWrapper.swift */; };
		52E84CFC2B54F77400B67912 /* ChannelWrapper.swift in Sources */ = {isa = PBXBuildFile; fileRef = 52E84CFA2B54F77400B67912 /* ChannelWrapper.swift */; };
		52EA0A702B58F8DC00CD8EFE /* MockVpnStateFactory.swift in Sources */ = {isa = PBXBuildFile; fileRef = 52EA0A6F2B58F8DC00CD8EFE /* MockVpnStateFactory.swift */; };
		52EA0A742B59205200CD8EFE /* MockLogger.swift in Sources */ = {isa = PBXBuildFile; fileRef = 52EA0A732B59205200CD8EFE /* MockLogger.swift */; };
		9704D2AD2B03C97400A899D7 /* Puppy in Frameworks */ = {isa = PBXBuildFile; productRef = 9704D2AC2B03C97400A899D7 /* Puppy */; };
		971DE35C2B59173E008CE5C2 /* com.privateinternetaccess.vpn.splittunnel.systemextension in Copy Files */ = {isa = PBXBuildFile; fileRef = 97AD92092B35876200405E3A /* com.privateinternetaccess.vpn.splittunnel.systemextension */; settings = {ATTRIBUTES = (RemoveHeadersOnCopy, ); }; };
		97607D122B6003F100025251 /* Media.xcassets in Resources */ = {isa = PBXBuildFile; fileRef = 97607D112B6003F100025251 /* Media.xcassets */; };
		976B8CD72B0B55F60097FE7F /* Logger.swift in Sources */ = {isa = PBXBuildFile; fileRef = 976B8CD62B0B55F60097FE7F /* Logger.swift */; };
		9785C0CC2B5921A7002A982D /* RequestDelegate.swift in Sources */ = {isa = PBXBuildFile; fileRef = 9785C0C72B5921A6002A982D /* RequestDelegate.swift */; };
		9785C0CD2B5921A7002A982D /* Proxy.swift in Sources */ = {isa = PBXBuildFile; fileRef = 9785C0C82B5921A6002A982D /* Proxy.swift */; };
		9785C0CE2B5921A7002A982D /* ProxyCLIApp.swift in Sources */ = {isa = PBXBuildFile; fileRef = 9785C0C92B5921A6002A982D /* ProxyCLIApp.swift */; };
		9785C0CF2B5921A7002A982D /* SysExt.swift in Sources */ = {isa = PBXBuildFile; fileRef = 9785C0CA2B5921A7002A982D /* SysExt.swift */; };
		9785C0E22B592299002A982D /* ArgumentParser in Frameworks */ = {isa = PBXBuildFile; productRef = 9785C0E12B592299002A982D /* ArgumentParser */; };
		97B1169C2B0CEF910028B01E /* build.xcconfig in Resources */ = {isa = PBXBuildFile; fileRef = 97B1169B2B0CEF910028B01E /* build.xcconfig */; };
		97E7B8AD2AFB565700138C6A /* Puppy in Frameworks */ = {isa = PBXBuildFile; productRef = 97E7B8AC2AFB565700138C6A /* Puppy */; };
		97F84ECA2B5EA87E008DF390 /* ExtensionBundle.swift in Sources */ = {isa = PBXBuildFile; fileRef = D1795F722AE9CC50003B0DAE /* ExtensionBundle.swift */; };
		97F84ECB2B5EA8A0008DF390 /* ExtensionBundle.swift in Sources */ = {isa = PBXBuildFile; fileRef = D1795F722AE9CC50003B0DAE /* ExtensionBundle.swift */; };
		C40A5C46229DD6A500627D50 /* NetworkExtension.framework in Frameworks */ = {isa = PBXBuildFile; fileRef = C4B45DDD2273A3450050C59B /* NetworkExtension.framework */; };
		C40A5C4B229DD6A500627D50 /* main.swift in Sources */ = {isa = PBXBuildFile; fileRef = C40A5C4A229DD6A500627D50 /* main.swift */; };
		C40A5C56229DD92E00627D50 /* IPCConnection.swift in Sources */ = {isa = PBXBuildFile; fileRef = C4B1415A227A396500B26560 /* IPCConnection.swift */; };
		C4B45DB922739FFF0050C59B /* AppDelegate.swift in Sources */ = {isa = PBXBuildFile; fileRef = C4B45DB822739FFF0050C59B /* AppDelegate.swift */; };
		C4B45DBB22739FFF0050C59B /* ViewController.swift in Sources */ = {isa = PBXBuildFile; fileRef = C4B45DBA22739FFF0050C59B /* ViewController.swift */; };
		C4B45DBD2273A0020050C59B /* Assets.xcassets in Resources */ = {isa = PBXBuildFile; fileRef = C4B45DBC2273A0020050C59B /* Assets.xcassets */; };
		C4B45DC02273A0020050C59B /* Main.storyboard in Resources */ = {isa = PBXBuildFile; fileRef = C4B45DBE2273A0020050C59B /* Main.storyboard */; };
		C4B45DDE2273A3450050C59B /* NetworkExtension.framework in Frameworks */ = {isa = PBXBuildFile; fileRef = C4B45DDD2273A3450050C59B /* NetworkExtension.framework */; };
		D12A9EA02AE98D880009BA23 /* ProxyApp.swift in Sources */ = {isa = PBXBuildFile; fileRef = D12A9E9F2AE98D870009BA23 /* ProxyApp.swift */; };
		D17F5D1A293E1DC300FB8DAF /* ProxyAppDefault.swift in Sources */ = {isa = PBXBuildFile; fileRef = D17F5D19293E1DC300FB8DAF /* ProxyAppDefault.swift */; };
		D17F5D1C293E701D00FB8DAF /* SplitTunnelProxyProvider.swift in Sources */ = {isa = PBXBuildFile; fileRef = D17F5D1B293E701D00FB8DAF /* SplitTunnelProxyProvider.swift */; };
		D19C05F22B50A67500E804DE /* VpnState.swift in Sources */ = {isa = PBXBuildFile; fileRef = D19C05F12B50A67500E804DE /* VpnState.swift */; };
		D19C05F32B50A67500E804DE /* VpnState.swift in Sources */ = {isa = PBXBuildFile; fileRef = D19C05F12B50A67500E804DE /* VpnState.swift */; };
		D19C05F42B50A74500E804DE /* Logger.swift in Sources */ = {isa = PBXBuildFile; fileRef = 976B8CD62B0B55F60097FE7F /* Logger.swift */; };
		D19C05F62B50A8CB00E804DE /* VpnStateTest.swift in Sources */ = {isa = PBXBuildFile; fileRef = D19C05F52B50A8CB00E804DE /* VpnStateTest.swift */; };
		D1D447042ABCE52400A69316 /* ExtensionRequestDelegate.swift in Sources */ = {isa = PBXBuildFile; fileRef = D1D447032ABCE52400A69316 /* ExtensionRequestDelegate.swift */; };
		D1D5B6AC2B18F1C50063363E /* TrafficManager.swift in Sources */ = {isa = PBXBuildFile; fileRef = D1D5B6AB2B18F1C50063363E /* TrafficManager.swift */; };
		D1D5B6B02B18F2B10063363E /* TrafficManagerNIO.swift in Sources */ = {isa = PBXBuildFile; fileRef = D1D5B6AF2B18F2B10063363E /* TrafficManagerNIO.swift */; };
		D1D5B6B62B18F7DF0063363E /* ProcessUtilities.swift in Sources */ = {isa = PBXBuildFile; fileRef = D1D5B6B52B18F7DF0063363E /* ProcessUtilities.swift */; };
		D1E9AEFE2AE31D4F007603BF /* NetworkUtilities.swift in Sources */ = {isa = PBXBuildFile; fileRef = D1E9AEFD2AE31D4F007603BF /* NetworkUtilities.swift */; };
/* End PBXBuildFile section */

/* Begin PBXContainerItemProxy section */
		971DE3592B591722008CE5C2 /* PBXContainerItemProxy */ = {
			isa = PBXContainerItemProxy;
			containerPortal = C4B45DAD22739FFF0050C59B /* Project object */;
			proxyType = 1;
			remoteGlobalIDString = C40A5C44229DD6A500627D50;
			remoteInfo = SplitTunnelProxyExtension;
		};
		D1FE4FBA295A1EA3002BBA20 /* PBXContainerItemProxy */ = {
			isa = PBXContainerItemProxy;
			containerPortal = C4B45DAD22739FFF0050C59B /* Project object */;
			proxyType = 1;
			remoteGlobalIDString = C4B45DB422739FFF0050C59B;
			remoteInfo = SplitTunnelProxy;
		};
/* End PBXContainerItemProxy section */

/* Begin PBXCopyFilesBuildPhase section */
		971DE35B2B59172A008CE5C2 /* Copy Files */ = {
			isa = PBXCopyFilesBuildPhase;
			buildActionMask = 2147483647;
			dstPath = "$(SYSTEM_EXTENSIONS_FOLDER_PATH)";
			dstSubfolderSpec = 16;
			files = (
				971DE35C2B59173E008CE5C2 /* com.privateinternetaccess.vpn.splittunnel.systemextension in Copy Files */,
			);
			name = "Copy Files";
			runOnlyForDeploymentPostprocessing = 0;
		};
/* End PBXCopyFilesBuildPhase section */

/* Begin PBXFileReference section */
		03411C5003411ED000000001 /* README.md */ = {isa = PBXFileReference; lastKnownFileType = net.daringfireball.markdown; path = README.md; sourceTree = "<group>"; };
		5220075B2B57F3850034BCEA /* MockProxyEngine.swift */ = {isa = PBXFileReference; lastKnownFileType = sourcecode.swift; path = MockProxyEngine.swift; sourceTree = "<group>"; };
		5235FB182B4FC43900F3B772 /* Formatters.swift */ = {isa = PBXFileReference; lastKnownFileType = sourcecode.swift; path = Formatters.swift; sourceTree = "<group>"; };
		5235FB1B2B4FFCEB00F3B772 /* ProxySessionFactory.swift */ = {isa = PBXFileReference; lastKnownFileType = sourcecode.swift; path = ProxySessionFactory.swift; sourceTree = "<group>"; };
		5235FB1E2B510CEF00F3B772 /* TrafficManagerNIOTest.swift */ = {isa = PBXFileReference; lastKnownFileType = sourcecode.swift; path = TrafficManagerNIOTest.swift; sourceTree = "<group>"; };
		5235FB262B511DD700F3B772 /* NEAppProxyFlow+Extensions.swift */ = {isa = PBXFileReference; fileEncoding = 4; lastKnownFileType = sourcecode.swift; path = "NEAppProxyFlow+Extensions.swift"; sourceTree = "<group>"; };
		5235FB282B512A5E00F3B772 /* FlowProtocols.swift */ = {isa = PBXFileReference; lastKnownFileType = sourcecode.swift; path = FlowProtocols.swift; sourceTree = "<group>"; };
		5235FB4D2B51541F00F3B772 /* Mock.swift */ = {isa = PBXFileReference; lastKnownFileType = sourcecode.swift; path = Mock.swift; sourceTree = "<group>"; };
		5235FB4F2B5157DF00F3B772 /* MockFlow.swift */ = {isa = PBXFileReference; lastKnownFileType = sourcecode.swift; path = MockFlow.swift; sourceTree = "<group>"; };
		5235FB512B51582C00F3B772 /* MockProxySessionFactory.swift */ = {isa = PBXFileReference; lastKnownFileType = sourcecode.swift; path = MockProxySessionFactory.swift; sourceTree = "<group>"; };
		52699E5F2B56AC22004FBF20 /* SplitTunnelProxyProviderTest.swift */ = {isa = PBXFileReference; lastKnownFileType = sourcecode.swift; path = SplitTunnelProxyProviderTest.swift; sourceTree = "<group>"; };
		52699E612B56BBEE004FBF20 /* ProxyEngine.swift */ = {isa = PBXFileReference; lastKnownFileType = sourcecode.swift; path = ProxyEngine.swift; sourceTree = "<group>"; };
		526CFC352B3ADD0600F31493 /* libproc.tbd */ = {isa = PBXFileReference; lastKnownFileType = "sourcecode.text-based-dylib-definition"; name = libproc.tbd; path = usr/lib/libproc.tbd; sourceTree = SDKROOT; };
		5274A5E22B4AA5C600FD0A10 /* ProxySessionTCP.swift */ = {isa = PBXFileReference; lastKnownFileType = sourcecode.swift; path = ProxySessionTCP.swift; sourceTree = "<group>"; };
		5274A5E42B4AAC4500FD0A10 /* ProxySessionUDP.swift */ = {isa = PBXFileReference; lastKnownFileType = sourcecode.swift; path = ProxySessionUDP.swift; sourceTree = "<group>"; };
		5274A5E62B4AC5C600FD0A10 /* ProxySession.swift */ = {isa = PBXFileReference; lastKnownFileType = sourcecode.swift; path = ProxySession.swift; sourceTree = "<group>"; };
		5274A5E82B4AD88100FD0A10 /* IDGenerator.swift */ = {isa = PBXFileReference; lastKnownFileType = sourcecode.swift; path = IDGenerator.swift; sourceTree = "<group>"; };
		5274B64D2B2AE6880007250C /* SplitTunnelProxyProvider-Bridging-Header.h */ = {isa = PBXFileReference; lastKnownFileType = sourcecode.c.h; path = "SplitTunnelProxyProvider-Bridging-Header.h"; sourceTree = "<group>"; };
		5274B64E2B2AE8DF0007250C /* libbsm.tbd */ = {isa = PBXFileReference; lastKnownFileType = "sourcecode.text-based-dylib-definition"; name = libbsm.tbd; path = usr/lib/libbsm.tbd; sourceTree = SDKROOT; };
		5278E5942B5954BA00210466 /* ProxyEngineTest.swift */ = {isa = PBXFileReference; lastKnownFileType = sourcecode.swift; path = ProxyEngineTest.swift; sourceTree = "<group>"; };
		5278E5992B59582700210466 /* FlowPolicy.swift */ = {isa = PBXFileReference; lastKnownFileType = sourcecode.swift; path = FlowPolicy.swift; sourceTree = "<group>"; };
		5278E59C2B59804B00210466 /* MockTrafficManager.swift */ = {isa = PBXFileReference; lastKnownFileType = sourcecode.swift; path = MockTrafficManager.swift; sourceTree = "<group>"; };
		5278E59E2B598FBB00210466 /* LoggerTest.swift */ = {isa = PBXFileReference; lastKnownFileType = sourcecode.swift; path = LoggerTest.swift; sourceTree = "<group>"; };
		5278E5A82B5A7E3D00210466 /* InboundHandlerTCPTest.swift */ = {isa = PBXFileReference; lastKnownFileType = sourcecode.swift; path = InboundHandlerTCPTest.swift; sourceTree = "<group>"; };
		5278E5AA2B5A963600210466 /* InboundHandlerUDPTest.swift */ = {isa = PBXFileReference; lastKnownFileType = sourcecode.swift; path = InboundHandlerUDPTest.swift; sourceTree = "<group>"; };
		5278E5AC2B5A9EBA00210466 /* DefaultProxySessionFactoryTest.swift */ = {isa = PBXFileReference; lastKnownFileType = sourcecode.swift; path = DefaultProxySessionFactoryTest.swift; sourceTree = "<group>"; };
		5278E5AF2B5AFE1E00210466 /* ChannelCreatorUDP.swift */ = {isa = PBXFileReference; lastKnownFileType = sourcecode.swift; path = ChannelCreatorUDP.swift; sourceTree = "<group>"; };
		5278E5B22B5B006000210466 /* FlowForwarderUDP.swift */ = {isa = PBXFileReference; lastKnownFileType = sourcecode.swift; path = FlowForwarderUDP.swift; sourceTree = "<group>"; };
		5278E5B52B5B859600210466 /* InboundHandlerUDP.swift */ = {isa = PBXFileReference; lastKnownFileType = sourcecode.swift; path = InboundHandlerUDP.swift; sourceTree = "<group>"; };
		5278E5B82B5B885D00210466 /* ChannelCreatorTCP.swift */ = {isa = PBXFileReference; lastKnownFileType = sourcecode.swift; path = ChannelCreatorTCP.swift; sourceTree = "<group>"; };
		5278E5BB2B5B89AA00210466 /* FlowForwarderTCP.swift */ = {isa = PBXFileReference; lastKnownFileType = sourcecode.swift; path = FlowForwarderTCP.swift; sourceTree = "<group>"; };
		5278E5BE2B5B8E6400210466 /* InboundHandlerTCP.swift */ = {isa = PBXFileReference; lastKnownFileType = sourcecode.swift; path = InboundHandlerTCP.swift; sourceTree = "<group>"; };
		527F56A72B3180D6003E7DF7 /* AppPolicy.swift */ = {isa = PBXFileReference; lastKnownFileType = sourcecode.swift; path = AppPolicy.swift; sourceTree = "<group>"; };
		527F56A92B31A098003E7DF7 /* AppPolicyTest.swift */ = {isa = PBXFileReference; lastKnownFileType = sourcecode.swift; path = AppPolicyTest.swift; sourceTree = "<group>"; };
		52A5F9DF2B5524560095095D /* ProxySessionUDPTest.swift */ = {isa = PBXFileReference; lastKnownFileType = sourcecode.swift; path = ProxySessionUDPTest.swift; sourceTree = "<group>"; };
		52D4C8CD2B52FBEB0059F7DD /* InboundHandler.swift */ = {isa = PBXFileReference; lastKnownFileType = sourcecode.swift; path = InboundHandler.swift; sourceTree = "<group>"; };
		52E84CF22B5406B200B67912 /* ProxySessionTCPTest.swift */ = {isa = PBXFileReference; lastKnownFileType = sourcecode.swift; path = ProxySessionTCPTest.swift; sourceTree = "<group>"; };
		52E84CF52B5439CA00B67912 /* MockChannel.swift */ = {isa = PBXFileReference; lastKnownFileType = sourcecode.swift; path = MockChannel.swift; sourceTree = "<group>"; };
		52E84CF72B54F22200B67912 /* SessionChannelProtocol.swift */ = {isa = PBXFileReference; lastKnownFileType = sourcecode.swift; path = SessionChannelProtocol.swift; sourceTree = "<group>"; };
		52E84CFA2B54F77400B67912 /* ChannelWrapper.swift */ = {isa = PBXFileReference; lastKnownFileType = sourcecode.swift; path = ChannelWrapper.swift; sourceTree = "<group>"; };
		52EA0A6F2B58F8DC00CD8EFE /* MockVpnStateFactory.swift */ = {isa = PBXFileReference; lastKnownFileType = sourcecode.swift; path = MockVpnStateFactory.swift; sourceTree = "<group>"; };
		52EA0A732B59205200CD8EFE /* MockLogger.swift */ = {isa = PBXFileReference; lastKnownFileType = sourcecode.swift; path = MockLogger.swift; sourceTree = "<group>"; };
		97607D112B6003F100025251 /* Media.xcassets */ = {isa = PBXFileReference; lastKnownFileType = folder.assetcatalog; path = Media.xcassets; sourceTree = "<group>"; };
		976B8CD62B0B55F60097FE7F /* Logger.swift */ = {isa = PBXFileReference; lastKnownFileType = sourcecode.swift; path = Logger.swift; sourceTree = "<group>"; };
		9785C0C72B5921A6002A982D /* RequestDelegate.swift */ = {isa = PBXFileReference; fileEncoding = 4; lastKnownFileType = sourcecode.swift; name = RequestDelegate.swift; path = ProxyCLI/RequestDelegate.swift; sourceTree = SOURCE_ROOT; };
		9785C0C82B5921A6002A982D /* Proxy.swift */ = {isa = PBXFileReference; fileEncoding = 4; lastKnownFileType = sourcecode.swift; name = Proxy.swift; path = ProxyCLI/Proxy.swift; sourceTree = SOURCE_ROOT; };
		9785C0C92B5921A6002A982D /* ProxyCLIApp.swift */ = {isa = PBXFileReference; fileEncoding = 4; lastKnownFileType = sourcecode.swift; name = ProxyCLIApp.swift; path = ProxyCLI/ProxyCLIApp.swift; sourceTree = SOURCE_ROOT; };
		9785C0CA2B5921A7002A982D /* SysExt.swift */ = {isa = PBXFileReference; fileEncoding = 4; lastKnownFileType = sourcecode.swift; name = SysExt.swift; path = ProxyCLI/SysExt.swift; sourceTree = SOURCE_ROOT; };
		9785C0CB2B5921A7002A982D /* ProxyCLI.entitlements */ = {isa = PBXFileReference; fileEncoding = 4; lastKnownFileType = text.plist.entitlements; name = ProxyCLI.entitlements; path = ProxyCLI/ProxyCLI.entitlements; sourceTree = SOURCE_ROOT; };
		9785C0DE2B592271002A982D /* SplitTunnelProxyTests.xctest */ = {isa = PBXFileReference; explicitFileType = wrapper.cfbundle; includeInIndex = 0; path = SplitTunnelProxyTests.xctest; sourceTree = BUILT_PRODUCTS_DIR; };
		9785C0DF2B592271002A982D /* PIASplitTunnelManager.app */ = {isa = PBXFileReference; explicitFileType = wrapper.application; includeInIndex = 0; path = PIASplitTunnelManager.app; sourceTree = BUILT_PRODUCTS_DIR; };
		97AD92092B35876200405E3A /* com.privateinternetaccess.vpn.splittunnel.systemextension */ = {isa = PBXFileReference; explicitFileType = "wrapper.system-extension"; includeInIndex = 0; path = com.privateinternetaccess.vpn.splittunnel.systemextension; sourceTree = BUILT_PRODUCTS_DIR; };
		97B1169B2B0CEF910028B01E /* build.xcconfig */ = {isa = PBXFileReference; lastKnownFileType = text.xcconfig; path = build.xcconfig; sourceTree = "<group>"; };
		97C805092B46BC63005D814B /* SplitTunnelProxy.app */ = {isa = PBXFileReference; explicitFileType = wrapper.application; includeInIndex = 0; path = SplitTunnelProxy.app; sourceTree = BUILT_PRODUCTS_DIR; };
		C40A5C4A229DD6A500627D50 /* main.swift */ = {isa = PBXFileReference; lastKnownFileType = sourcecode.swift; path = main.swift; sourceTree = "<group>"; };
		C40A5C4C229DD6A500627D50 /* Info.plist */ = {isa = PBXFileReference; lastKnownFileType = text.plist.xml; path = Info.plist; sourceTree = "<group>"; };
		C40A5C4D229DD6A500627D50 /* ProxyExtension.entitlements */ = {isa = PBXFileReference; lastKnownFileType = text.plist.entitlements; path = ProxyExtension.entitlements; sourceTree = "<group>"; };
		C4B1415A227A396500B26560 /* IPCConnection.swift */ = {isa = PBXFileReference; lastKnownFileType = sourcecode.swift; path = IPCConnection.swift; sourceTree = "<group>"; };
		C4B45DB822739FFF0050C59B /* AppDelegate.swift */ = {isa = PBXFileReference; lastKnownFileType = sourcecode.swift; path = AppDelegate.swift; sourceTree = "<group>"; };
		C4B45DBA22739FFF0050C59B /* ViewController.swift */ = {isa = PBXFileReference; lastKnownFileType = sourcecode.swift; path = ViewController.swift; sourceTree = "<group>"; };
		C4B45DBC2273A0020050C59B /* Assets.xcassets */ = {isa = PBXFileReference; lastKnownFileType = folder.assetcatalog; path = Assets.xcassets; sourceTree = "<group>"; };
		C4B45DBF2273A0020050C59B /* Base */ = {isa = PBXFileReference; lastKnownFileType = file.storyboard; name = Base; path = Base.lproj/Main.storyboard; sourceTree = "<group>"; };
		C4B45DC12273A0020050C59B /* Info.plist */ = {isa = PBXFileReference; lastKnownFileType = text.plist.xml; path = Info.plist; sourceTree = "<group>"; };
		C4B45DC22273A0020050C59B /* ProxyApp.entitlements */ = {isa = PBXFileReference; lastKnownFileType = text.plist.entitlements; path = ProxyApp.entitlements; sourceTree = "<group>"; };
		C4B45DDD2273A3450050C59B /* NetworkExtension.framework */ = {isa = PBXFileReference; lastKnownFileType = wrapper.framework; name = NetworkExtension.framework; path = System/Library/Frameworks/NetworkExtension.framework; sourceTree = SDKROOT; };
		D12A9E9F2AE98D870009BA23 /* ProxyApp.swift */ = {isa = PBXFileReference; lastKnownFileType = sourcecode.swift; path = ProxyApp.swift; sourceTree = "<group>"; };
		D1795F722AE9CC50003B0DAE /* ExtensionBundle.swift */ = {isa = PBXFileReference; lastKnownFileType = sourcecode.swift; path = ExtensionBundle.swift; sourceTree = "<group>"; };
		D17F5D19293E1DC300FB8DAF /* ProxyAppDefault.swift */ = {isa = PBXFileReference; lastKnownFileType = sourcecode.swift; path = ProxyAppDefault.swift; sourceTree = "<group>"; };
		D17F5D1B293E701D00FB8DAF /* SplitTunnelProxyProvider.swift */ = {isa = PBXFileReference; lastKnownFileType = sourcecode.swift; path = SplitTunnelProxyProvider.swift; sourceTree = "<group>"; };
		D19C05F12B50A67500E804DE /* VpnState.swift */ = {isa = PBXFileReference; lastKnownFileType = sourcecode.swift; path = VpnState.swift; sourceTree = "<group>"; };
		D19C05F52B50A8CB00E804DE /* VpnStateTest.swift */ = {isa = PBXFileReference; lastKnownFileType = sourcecode.swift; path = VpnStateTest.swift; sourceTree = "<group>"; };
		D1D447032ABCE52400A69316 /* ExtensionRequestDelegate.swift */ = {isa = PBXFileReference; lastKnownFileType = sourcecode.swift; path = ExtensionRequestDelegate.swift; sourceTree = "<group>"; };
		D1D5B6AB2B18F1C50063363E /* TrafficManager.swift */ = {isa = PBXFileReference; lastKnownFileType = sourcecode.swift; path = TrafficManager.swift; sourceTree = "<group>"; };
		D1D5B6AF2B18F2B10063363E /* TrafficManagerNIO.swift */ = {isa = PBXFileReference; lastKnownFileType = sourcecode.swift; path = TrafficManagerNIO.swift; sourceTree = "<group>"; };
		D1D5B6B52B18F7DF0063363E /* ProcessUtilities.swift */ = {isa = PBXFileReference; lastKnownFileType = sourcecode.swift; path = ProcessUtilities.swift; sourceTree = "<group>"; };
		D1E9AEFD2AE31D4F007603BF /* NetworkUtilities.swift */ = {isa = PBXFileReference; lastKnownFileType = sourcecode.swift; path = NetworkUtilities.swift; sourceTree = "<group>"; };
/* End PBXFileReference section */

/* Begin PBXFrameworksBuildPhase section */
		9785C0B52B59219A002A982D /* Frameworks */ = {
			isa = PBXFrameworksBuildPhase;
			buildActionMask = 2147483647;
			files = (
				9785C0E22B592299002A982D /* ArgumentParser in Frameworks */,
			);
			runOnlyForDeploymentPostprocessing = 0;
		};
		C40A5C42229DD6A500627D50 /* Frameworks */ = {
			isa = PBXFrameworksBuildPhase;
			buildActionMask = 2147483647;
			files = (
				526CFC362B3ADD0600F31493 /* libproc.tbd in Frameworks */,
				526CFC0F2B3AD15B00F31493 /* NIOCore in Frameworks */,
				526CFC132B3AD15B00F31493 /* NIOPosix in Frameworks */,
				526CFC152B3AD15B00F31493 /* NIOTestUtils in Frameworks */,
				5274B64F2B2AE8DF0007250C /* libbsm.tbd in Frameworks */,
				526CFC0B2B3AD15B00F31493 /* NIO in Frameworks */,
				C40A5C46229DD6A500627D50 /* NetworkExtension.framework in Frameworks */,
				526CFC112B3AD15B00F31493 /* NIOFoundationCompat in Frameworks */,
				526CFC172B3AD15B00F31493 /* _NIOConcurrency in Frameworks */,
				97E7B8AD2AFB565700138C6A /* Puppy in Frameworks */,
				526CFC0D2B3AD15B00F31493 /* NIOConcurrencyHelpers in Frameworks */,
			);
			runOnlyForDeploymentPostprocessing = 0;
		};
		C4B45DB222739FFF0050C59B /* Frameworks */ = {
			isa = PBXFrameworksBuildPhase;
			buildActionMask = 2147483647;
			files = (
				C4B45DDE2273A3450050C59B /* NetworkExtension.framework in Frameworks */,
				9704D2AD2B03C97400A899D7 /* Puppy in Frameworks */,
			);
			runOnlyForDeploymentPostprocessing = 0;
		};
		D1FE4FB3295A1EA3002BBA20 /* Frameworks */ = {
			isa = PBXFrameworksBuildPhase;
			buildActionMask = 2147483647;
			files = (
				526CFC342B3AD94A00F31493 /* Puppy in Frameworks */,
				526208122B5709B500C5C0E4 /* libbsm.tbd in Frameworks */,
				5235FB3D2B51458800F3B772 /* NIOFoundationCompat in Frameworks */,
				5235FB392B51458800F3B772 /* NIOCore in Frameworks */,
				527F56B22B31B43B003E7DF7 /* Quick in Frameworks */,
				5235FB3B2B51458800F3B772 /* NIOEmbedded in Frameworks */,
				5235FB3F2B51459200F3B772 /* NIOTestUtils in Frameworks */,
				527F56B42B31B440003E7DF7 /* Nimble in Frameworks */,
				5235FB372B51458800F3B772 /* NIOConcurrencyHelpers in Frameworks */,
				5235FB332B51458800F3B772 /* _NIOConcurrency in Frameworks */,
				5235FB352B51458800F3B772 /* NIO in Frameworks */,
			);
			runOnlyForDeploymentPostprocessing = 0;
		};
/* End PBXFrameworksBuildPhase section */

/* Begin PBXGroup section */
		5278E5AE2B5AFB7600210466 /* ProxySession */ = {
			isa = PBXGroup;
			children = (
				5278E5AF2B5AFE1E00210466 /* ChannelCreatorUDP.swift */,
				5278E5B22B5B006000210466 /* FlowForwarderUDP.swift */,
				5278E5B52B5B859600210466 /* InboundHandlerUDP.swift */,
				5278E5B82B5B885D00210466 /* ChannelCreatorTCP.swift */,
				5278E5BB2B5B89AA00210466 /* FlowForwarderTCP.swift */,
				5278E5BE2B5B8E6400210466 /* InboundHandlerTCP.swift */,
			);
			path = ProxySession;
			sourceTree = "<group>";
		};
		52E84CF42B54397700B67912 /* Mocks */ = {
			isa = PBXGroup;
			children = (
				5235FB4D2B51541F00F3B772 /* Mock.swift */,
				5235FB4F2B5157DF00F3B772 /* MockFlow.swift */,
				5235FB512B51582C00F3B772 /* MockProxySessionFactory.swift */,
				52E84CF52B5439CA00B67912 /* MockChannel.swift */,
				5220075B2B57F3850034BCEA /* MockProxyEngine.swift */,
				52EA0A6F2B58F8DC00CD8EFE /* MockVpnStateFactory.swift */,
				52EA0A732B59205200CD8EFE /* MockLogger.swift */,
				5278E59C2B59804B00210466 /* MockTrafficManager.swift */,
			);
			path = Mocks;
			sourceTree = "<group>";
		};
		9785C0B92B59219A002A982D /* ProxyCLI */ = {
			isa = PBXGroup;
			children = (
				9785C0C82B5921A6002A982D /* Proxy.swift */,
				9785C0CB2B5921A7002A982D /* ProxyCLI.entitlements */,
				9785C0C92B5921A6002A982D /* ProxyCLIApp.swift */,
				9785C0C72B5921A6002A982D /* RequestDelegate.swift */,
				9785C0CA2B5921A7002A982D /* SysExt.swift */,
				97607D112B6003F100025251 /* Media.xcassets */,
			);
			path = ProxyCLI;
			sourceTree = "<group>";
		};
		C40A5C47229DD6A500627D50 /* ProxyExtension */ = {
			isa = PBXGroup;
			children = (
				D1D5B6B42B18F7200063363E /* IO */,
				D1D5B6B22B18F67B0063363E /* Utilities */,
				D1D5B6B12B18F64E0063363E /* SplitTunnelProxyProvider */,
				C40A5C4A229DD6A500627D50 /* main.swift */,
				97B1169B2B0CEF910028B01E /* build.xcconfig */,
				C40A5C4C229DD6A500627D50 /* Info.plist */,
				C40A5C4D229DD6A500627D50 /* ProxyExtension.entitlements */,
			);
			path = ProxyExtension;
			sourceTree = "<group>";
		};
		C4B45DAC22739FFF0050C59B = {
			isa = PBXGroup;
			children = (
				03411C5003411ED000000001 /* README.md */,
				C4B45DB722739FFF0050C59B /* ProxyApp */,
				C40A5C47229DD6A500627D50 /* ProxyExtension */,
				D1FE4FB7295A1EA3002BBA20 /* ProxyTests */,
				9785C0B92B59219A002A982D /* ProxyCLI */,
				C4B45DDC2273A3450050C59B /* Frameworks */,
				97AD92092B35876200405E3A /* com.privateinternetaccess.vpn.splittunnel.systemextension */,
				97C805092B46BC63005D814B /* SplitTunnelProxy.app */,
				9785C0DE2B592271002A982D /* SplitTunnelProxyTests.xctest */,
				9785C0DF2B592271002A982D /* PIASplitTunnelManager.app */,
			);
			sourceTree = "<group>";
		};
		C4B45DB722739FFF0050C59B /* ProxyApp */ = {
			isa = PBXGroup;
			children = (
				D16DF7772AEAC7340082B58C /* UI */,
				C4B45DB822739FFF0050C59B /* AppDelegate.swift */,
				C4B45DC12273A0020050C59B /* Info.plist */,
				C4B45DC22273A0020050C59B /* ProxyApp.entitlements */,
				D17F5D19293E1DC300FB8DAF /* ProxyAppDefault.swift */,
				D1D447032ABCE52400A69316 /* ExtensionRequestDelegate.swift */,
				D12A9E9F2AE98D870009BA23 /* ProxyApp.swift */,
				D1795F722AE9CC50003B0DAE /* ExtensionBundle.swift */,
			);
			path = ProxyApp;
			sourceTree = "<group>";
		};
		C4B45DDC2273A3450050C59B /* Frameworks */ = {
			isa = PBXGroup;
			children = (
				526CFC352B3ADD0600F31493 /* libproc.tbd */,
				5274B64E2B2AE8DF0007250C /* libbsm.tbd */,
				C4B45DDD2273A3450050C59B /* NetworkExtension.framework */,
			);
			name = Frameworks;
			sourceTree = "<group>";
		};
		D16DF7772AEAC7340082B58C /* UI */ = {
			isa = PBXGroup;
			children = (
				C4B45DBA22739FFF0050C59B /* ViewController.swift */,
				C4B45DBC2273A0020050C59B /* Assets.xcassets */,
				C4B45DBE2273A0020050C59B /* Main.storyboard */,
			);
			name = UI;
			path = ../UI;
			sourceTree = "<group>";
		};
		D1D5B6B12B18F64E0063363E /* SplitTunnelProxyProvider */ = {
			isa = PBXGroup;
			children = (
				D17F5D1B293E701D00FB8DAF /* SplitTunnelProxyProvider.swift */,
				5274B64D2B2AE6880007250C /* SplitTunnelProxyProvider-Bridging-Header.h */,
				D19C05F12B50A67500E804DE /* VpnState.swift */,
				52699E612B56BBEE004FBF20 /* ProxyEngine.swift */,
			);
			path = SplitTunnelProxyProvider;
			sourceTree = "<group>";
		};
		D1D5B6B22B18F67B0063363E /* Utilities */ = {
			isa = PBXGroup;
			children = (
				C4B1415A227A396500B26560 /* IPCConnection.swift */,
				976B8CD62B0B55F60097FE7F /* Logger.swift */,
				D1E9AEFD2AE31D4F007603BF /* NetworkUtilities.swift */,
				D1D5B6B52B18F7DF0063363E /* ProcessUtilities.swift */,
				527F56A72B3180D6003E7DF7 /* AppPolicy.swift */,
				5274A5E82B4AD88100FD0A10 /* IDGenerator.swift */,
				5235FB182B4FC43900F3B772 /* Formatters.swift */,
				5278E5992B59582700210466 /* FlowPolicy.swift */,
			);
			path = Utilities;
			sourceTree = "<group>";
		};
		D1D5B6B42B18F7200063363E /* IO */ = {
			isa = PBXGroup;
			children = (
				5278E5AE2B5AFB7600210466 /* ProxySession */,
				D1D5B6AB2B18F1C50063363E /* TrafficManager.swift */,
				52D4C8CD2B52FBEB0059F7DD /* InboundHandler.swift */,
				D1D5B6AF2B18F2B10063363E /* TrafficManagerNIO.swift */,
				5235FB282B512A5E00F3B772 /* FlowProtocols.swift */,
				5235FB262B511DD700F3B772 /* NEAppProxyFlow+Extensions.swift */,
				5274A5E62B4AC5C600FD0A10 /* ProxySession.swift */,
				5274A5E22B4AA5C600FD0A10 /* ProxySessionTCP.swift */,
				5274A5E42B4AAC4500FD0A10 /* ProxySessionUDP.swift */,
				5235FB1B2B4FFCEB00F3B772 /* ProxySessionFactory.swift */,
				52E84CF72B54F22200B67912 /* SessionChannelProtocol.swift */,
				52E84CFA2B54F77400B67912 /* ChannelWrapper.swift */,
			);
			path = IO;
			sourceTree = "<group>";
		};
		D1FE4FB7295A1EA3002BBA20 /* ProxyTests */ = {
			isa = PBXGroup;
			children = (
				52E84CF42B54397700B67912 /* Mocks */,
				527F56A92B31A098003E7DF7 /* AppPolicyTest.swift */,
				D19C05F52B50A8CB00E804DE /* VpnStateTest.swift */,
				5235FB1E2B510CEF00F3B772 /* TrafficManagerNIOTest.swift */,
				52E84CF22B5406B200B67912 /* ProxySessionTCPTest.swift */,
				52A5F9DF2B5524560095095D /* ProxySessionUDPTest.swift */,
				52699E5F2B56AC22004FBF20 /* SplitTunnelProxyProviderTest.swift */,
				5278E5942B5954BA00210466 /* ProxyEngineTest.swift */,
				5278E59E2B598FBB00210466 /* LoggerTest.swift */,
				5278E5A82B5A7E3D00210466 /* InboundHandlerTCPTest.swift */,
				5278E5AA2B5A963600210466 /* InboundHandlerUDPTest.swift */,
				5278E5AC2B5A9EBA00210466 /* DefaultProxySessionFactoryTest.swift */,
			);
			path = ProxyTests;
			sourceTree = "<group>";
		};
/* End PBXGroup section */

/* Begin PBXNativeTarget section */
		9785C0B72B59219A002A982D /* PIASplitTunnelManager */ = {
			isa = PBXNativeTarget;
			buildConfigurationList = 9785C0C62B59219B002A982D /* Build configuration list for PBXNativeTarget "PIASplitTunnelManager" */;
			buildPhases = (
				9785C0B42B59219A002A982D /* Sources */,
				9785C0B52B59219A002A982D /* Frameworks */,
				9785C0B62B59219A002A982D /* Resources */,
			);
			buildRules = (
			);
			dependencies = (
			);
			name = PIASplitTunnelManager;
			packageProductDependencies = (
				9785C0E12B592299002A982D /* ArgumentParser */,
			);
			productName = ProxyCLI;
			productReference = 9785C0DF2B592271002A982D /* PIASplitTunnelManager.app */;
			productType = "com.apple.product-type.application";
		};
		C40A5C44229DD6A500627D50 /* SplitTunnelProxyExtension */ = {
			isa = PBXNativeTarget;
			buildConfigurationList = C40A5C54229DD6A500627D50 /* Build configuration list for PBXNativeTarget "SplitTunnelProxyExtension" */;
			buildPhases = (
				971C0CF12B0CED28007EE1FD /* ShellScript */,
				C40A5C41229DD6A500627D50 /* Sources */,
				C40A5C42229DD6A500627D50 /* Frameworks */,
				C40A5C43229DD6A500627D50 /* Resources */,
			);
			buildRules = (
			);
			dependencies = (
			);
			name = SplitTunnelProxyExtension;
			packageProductDependencies = (
				97E7B8AC2AFB565700138C6A /* Puppy */,
				526CFC0A2B3AD15B00F31493 /* NIO */,
				526CFC0C2B3AD15B00F31493 /* NIOConcurrencyHelpers */,
				526CFC0E2B3AD15B00F31493 /* NIOCore */,
				526CFC102B3AD15B00F31493 /* NIOFoundationCompat */,
				526CFC122B3AD15B00F31493 /* NIOPosix */,
				526CFC142B3AD15B00F31493 /* NIOTestUtils */,
				526CFC162B3AD15B00F31493 /* _NIOConcurrency */,
			);
			productName = SplitTunnelProxyExtension;
			productReference = 97AD92092B35876200405E3A /* com.privateinternetaccess.vpn.splittunnel.systemextension */;
			productType = "com.apple.product-type.system-extension";
		};
		C4B45DB422739FFF0050C59B /* SplitTunnelProxy */ = {
			isa = PBXNativeTarget;
			buildConfigurationList = C4B45DC52273A0020050C59B /* Build configuration list for PBXNativeTarget "SplitTunnelProxy" */;
			buildPhases = (
				C4B45DB122739FFF0050C59B /* Sources */,
				C4B45DB222739FFF0050C59B /* Frameworks */,
				C4B45DB322739FFF0050C59B /* Resources */,
				971DE35B2B59172A008CE5C2 /* Copy Files */,
			);
			buildRules = (
			);
			dependencies = (
				971DE35A2B591722008CE5C2 /* PBXTargetDependency */,
			);
			name = SplitTunnelProxy;
			packageProductDependencies = (
				9704D2AC2B03C97400A899D7 /* Puppy */,
			);
			productName = SplitTunnelProxy;
			productReference = 97C805092B46BC63005D814B /* SplitTunnelProxy.app */;
			productType = "com.apple.product-type.application";
		};
		D1FE4FB5295A1EA3002BBA20 /* SplitTunnelProxyTests */ = {
			isa = PBXNativeTarget;
			buildConfigurationList = D1FE4FBC295A1EA3002BBA20 /* Build configuration list for PBXNativeTarget "SplitTunnelProxyTests" */;
			buildPhases = (
				D1FE4FB2295A1EA3002BBA20 /* Sources */,
				D1FE4FB3295A1EA3002BBA20 /* Frameworks */,
				D1FE4FB4295A1EA3002BBA20 /* Resources */,
			);
			buildRules = (
			);
			dependencies = (
				D1FE4FBB295A1EA3002BBA20 /* PBXTargetDependency */,
			);
			name = SplitTunnelProxyTests;
			packageProductDependencies = (
				527F56B12B31B43B003E7DF7 /* Quick */,
				527F56B32B31B440003E7DF7 /* Nimble */,
				526CFC332B3AD94A00F31493 /* Puppy */,
				5235FB322B51458800F3B772 /* _NIOConcurrency */,
				5235FB342B51458800F3B772 /* NIO */,
				5235FB362B51458800F3B772 /* NIOConcurrencyHelpers */,
				5235FB382B51458800F3B772 /* NIOCore */,
				5235FB3A2B51458800F3B772 /* NIOEmbedded */,
				5235FB3C2B51458800F3B772 /* NIOFoundationCompat */,
				5235FB3E2B51459200F3B772 /* NIOTestUtils */,
			);
			productName = SplitTunnelProxyTests;
			productReference = 9785C0DE2B592271002A982D /* SplitTunnelProxyTests.xctest */;
			productType = "com.apple.product-type.bundle.unit-test";
		};
/* End PBXNativeTarget section */

/* Begin PBXProject section */
		C4B45DAD22739FFF0050C59B /* Project object */ = {
			isa = PBXProject;
			attributes = {
				BuildIndependentTargetsInParallel = YES;
				DefaultBuildSystemTypeForWorkspace = Latest;
				LastSwiftUpdateCheck = 1500;
				LastUpgradeCheck = 1500;
				ORGANIZATIONNAME = PIA;
				TargetAttributes = {
					9785C0B72B59219A002A982D = {
						CreatedOnToolsVersion = 15.0.1;
					};
					C40A5C44229DD6A500627D50 = {
						CreatedOnToolsVersion = 11.0;
					};
					C4B45DB422739FFF0050C59B = {
						CreatedOnToolsVersion = 11.0;
					};
					D1FE4FB5295A1EA3002BBA20 = {
						CreatedOnToolsVersion = 14.2;
						TestTargetID = C4B45DB422739FFF0050C59B;
					};
				};
			};
			buildConfigurationList = C4B45DB022739FFF0050C59B /* Build configuration list for PBXProject "SplitTunnelProxy" */;
			compatibilityVersion = "Xcode 9.3";
			developmentRegion = en;
			hasScannedForEncodings = 0;
			knownRegions = (
				en,
				Base,
			);
			mainGroup = C4B45DAC22739FFF0050C59B;
			packageReferences = (
				97E7B8AB2AFB565700138C6A /* XCRemoteSwiftPackageReference "Puppy" */,
				527F56AF2B31B358003E7DF7 /* XCRemoteSwiftPackageReference "Quick" */,
				527F56B02B31B37E003E7DF7 /* XCRemoteSwiftPackageReference "Nimble" */,
				526CFC092B3AD15B00F31493 /* XCRemoteSwiftPackageReference "swift-nio" */,
				9785C0E02B59228F002A982D /* XCRemoteSwiftPackageReference "swift-argument-parser" */,
			);
			productRefGroup = C4B45DAC22739FFF0050C59B;
			projectDirPath = "";
			projectRoot = "";
			targets = (
				C4B45DB422739FFF0050C59B /* SplitTunnelProxy */,
				C40A5C44229DD6A500627D50 /* SplitTunnelProxyExtension */,
				D1FE4FB5295A1EA3002BBA20 /* SplitTunnelProxyTests */,
				9785C0B72B59219A002A982D /* PIASplitTunnelManager */,
			);
		};
/* End PBXProject section */

/* Begin PBXResourcesBuildPhase section */
		9785C0B62B59219A002A982D /* Resources */ = {
			isa = PBXResourcesBuildPhase;
			buildActionMask = 2147483647;
			files = (
				97607D122B6003F100025251 /* Media.xcassets in Resources */,
			);
			runOnlyForDeploymentPostprocessing = 0;
		};
		C40A5C43229DD6A500627D50 /* Resources */ = {
			isa = PBXResourcesBuildPhase;
			buildActionMask = 2147483647;
			files = (
				97B1169C2B0CEF910028B01E /* build.xcconfig in Resources */,
			);
			runOnlyForDeploymentPostprocessing = 0;
		};
		C4B45DB322739FFF0050C59B /* Resources */ = {
			isa = PBXResourcesBuildPhase;
			buildActionMask = 2147483647;
			files = (
				C4B45DBD2273A0020050C59B /* Assets.xcassets in Resources */,
				C4B45DC02273A0020050C59B /* Main.storyboard in Resources */,
			);
			runOnlyForDeploymentPostprocessing = 0;
		};
		D1FE4FB4295A1EA3002BBA20 /* Resources */ = {
			isa = PBXResourcesBuildPhase;
			buildActionMask = 2147483647;
			files = (
			);
			runOnlyForDeploymentPostprocessing = 0;
		};
/* End PBXResourcesBuildPhase section */

/* Begin PBXShellScriptBuildPhase section */
		971C0CF12B0CED28007EE1FD /* ShellScript */ = {
			isa = PBXShellScriptBuildPhase;
			alwaysOutOfDate = 1;
			buildActionMask = 2147483647;
			files = (
			);
			inputFileListPaths = (
				"",
			);
			inputPaths = (
			);
			outputFileListPaths = (
			);
			outputPaths = (
			);
			runOnlyForDeploymentPostprocessing = 0;
			shellPath = /bin/sh;
			shellScript = "./build_scripts/update_build_number.sh\n";
		};
/* End PBXShellScriptBuildPhase section */

/* Begin PBXSourcesBuildPhase section */
		9785C0B42B59219A002A982D /* Sources */ = {
			isa = PBXSourcesBuildPhase;
			buildActionMask = 2147483647;
			files = (
				97F84ECB2B5EA8A0008DF390 /* ExtensionBundle.swift in Sources */,
				9785C0CD2B5921A7002A982D /* Proxy.swift in Sources */,
				9785C0CE2B5921A7002A982D /* ProxyCLIApp.swift in Sources */,
				9785C0CC2B5921A7002A982D /* RequestDelegate.swift in Sources */,
				9785C0CF2B5921A7002A982D /* SysExt.swift in Sources */,
			);
			runOnlyForDeploymentPostprocessing = 0;
		};
		C40A5C41229DD6A500627D50 /* Sources */ = {
			isa = PBXSourcesBuildPhase;
			buildActionMask = 2147483647;
			files = (
				52699E622B56BBEE004FBF20 /* ProxyEngine.swift in Sources */,
				5278E5B92B5B885D00210466 /* ChannelCreatorTCP.swift in Sources */,
				C40A5C56229DD92E00627D50 /* IPCConnection.swift in Sources */,
				5274A5E72B4AC5C600FD0A10 /* ProxySession.swift in Sources */,
				5235FB1D2B4FFCEB00F3B772 /* ProxySessionFactory.swift in Sources */,
				5278E5B02B5AFE1E00210466 /* ChannelCreatorUDP.swift in Sources */,
				5274A5EA2B4AD88100FD0A10 /* IDGenerator.swift in Sources */,
				5235FB1A2B4FC43900F3B772 /* Formatters.swift in Sources */,
				C40A5C4B229DD6A500627D50 /* main.swift in Sources */,
				5274A5E52B4AAC4500FD0A10 /* ProxySessionUDP.swift in Sources */,
				976B8CD72B0B55F60097FE7F /* Logger.swift in Sources */,
				5235FB272B511DD700F3B772 /* NEAppProxyFlow+Extensions.swift in Sources */,
				D1D5B6B62B18F7DF0063363E /* ProcessUtilities.swift in Sources */,
				D19C05F22B50A67500E804DE /* VpnState.swift in Sources */,
				D1D5B6AC2B18F1C50063363E /* TrafficManager.swift in Sources */,
				5278E5B62B5B859600210466 /* InboundHandlerUDP.swift in Sources */,
				D17F5D1C293E701D00FB8DAF /* SplitTunnelProxyProvider.swift in Sources */,
				52E84CFB2B54F77400B67912 /* ChannelWrapper.swift in Sources */,
				52D4C8CE2B52FBEB0059F7DD /* InboundHandler.swift in Sources */,
				527F56A82B3180D6003E7DF7 /* AppPolicy.swift in Sources */,
				D1D5B6B02B18F2B10063363E /* TrafficManagerNIO.swift in Sources */,
				5278E5BF2B5B8E6400210466 /* InboundHandlerTCP.swift in Sources */,
				5278E59A2B59582700210466 /* FlowPolicy.swift in Sources */,
				D1E9AEFE2AE31D4F007603BF /* NetworkUtilities.swift in Sources */,
				5278E5B32B5B006000210466 /* FlowForwarderUDP.swift in Sources */,
				5278E5BC2B5B89AA00210466 /* FlowForwarderTCP.swift in Sources */,
				5274A5E32B4AA5C600FD0A10 /* ProxySessionTCP.swift in Sources */,
				52E84CF82B54F22200B67912 /* SessionChannelProtocol.swift in Sources */,
				5235FB292B512A5E00F3B772 /* FlowProtocols.swift in Sources */,
			);
			runOnlyForDeploymentPostprocessing = 0;
		};
		C4B45DB122739FFF0050C59B /* Sources */ = {
			isa = PBXSourcesBuildPhase;
			buildActionMask = 2147483647;
			files = (
				D12A9EA02AE98D880009BA23 /* ProxyApp.swift in Sources */,
				D17F5D1A293E1DC300FB8DAF /* ProxyAppDefault.swift in Sources */,
				5235FB192B4FC43900F3B772 /* Formatters.swift in Sources */,
				5274A5E92B4AD88100FD0A10 /* IDGenerator.swift in Sources */,
				D1D447042ABCE52400A69316 /* ExtensionRequestDelegate.swift in Sources */,
				C4B45DBB22739FFF0050C59B /* ViewController.swift in Sources */,
				C4B45DB922739FFF0050C59B /* AppDelegate.swift in Sources */,
				97F84ECA2B5EA87E008DF390 /* ExtensionBundle.swift in Sources */,
			);
			runOnlyForDeploymentPostprocessing = 0;
		};
		D1FE4FB2295A1EA3002BBA20 /* Sources */ = {
			isa = PBXSourcesBuildPhase;
			buildActionMask = 2147483647;
			files = (
				5278E5BD2B5B89AA00210466 /* FlowForwarderTCP.swift in Sources */,
				52699E602B56AC22004FBF20 /* SplitTunnelProxyProviderTest.swift in Sources */,
				D19C05F42B50A74500E804DE /* Logger.swift in Sources */,
				52E84CF32B5406B200B67912 /* ProxySessionTCPTest.swift in Sources */,
				5235FB412B5145CE00F3B772 /* ProxySessionFactory.swift in Sources */,
				5235FB462B5145CE00F3B772 /* ProxySessionTCP.swift in Sources */,
				52699E632B56BBEE004FBF20 /* ProxyEngine.swift in Sources */,
				5235FB482B5145FD00F3B772 /* IDGenerator.swift in Sources */,
				5278E59B2B59582700210466 /* FlowPolicy.swift in Sources */,
				5235FB422B5145CE00F3B772 /* TrafficManager.swift in Sources */,
				5220075D2B57F5E70034BCEA /* SplitTunnelProxyProvider.swift in Sources */,
				527F56AE2B31A5DA003E7DF7 /* AppPolicy.swift in Sources */,
				D19C05F32B50A67500E804DE /* VpnState.swift in Sources */,
				5278E5B72B5B859600210466 /* InboundHandlerUDP.swift in Sources */,
				5278E5952B5954BA00210466 /* ProxyEngineTest.swift in Sources */,
				5278E5C02B5B8E6400210466 /* InboundHandlerTCP.swift in Sources */,
				52E84CF62B5439CA00B67912 /* MockChannel.swift in Sources */,
				52E84CF92B54F22200B67912 /* SessionChannelProtocol.swift in Sources */,
				5235FB432B5145CE00F3B772 /* ProxySessionUDP.swift in Sources */,
				5235FB492B5145FD00F3B772 /* NetworkUtilities.swift in Sources */,
				5278E59F2B598FBB00210466 /* LoggerTest.swift in Sources */,
				5220075C2B57F3850034BCEA /* MockProxyEngine.swift in Sources */,
				5278E5B42B5B006000210466 /* FlowForwarderUDP.swift in Sources */,
				52E84CFC2B54F77400B67912 /* ChannelWrapper.swift in Sources */,
				5278E5A92B5A7E3D00210466 /* InboundHandlerTCPTest.swift in Sources */,
				5235FB4C2B5145FD00F3B772 /* ProcessUtilities.swift in Sources */,
				5235FB442B5145CE00F3B772 /* NEAppProxyFlow+Extensions.swift in Sources */,
				5235FB202B510CEF00F3B772 /* TrafficManagerNIOTest.swift in Sources */,
				5235FB502B5157DF00F3B772 /* MockFlow.swift in Sources */,
				52D4C8CF2B52FBEB0059F7DD /* InboundHandler.swift in Sources */,
				5278E5BA2B5B885D00210466 /* ChannelCreatorTCP.swift in Sources */,
				5235FB522B51582C00F3B772 /* MockProxySessionFactory.swift in Sources */,
				5235FB4A2B5145FD00F3B772 /* IPCConnection.swift in Sources */,
				5278E5AB2B5A963600210466 /* InboundHandlerUDPTest.swift in Sources */,
				52EA0A702B58F8DC00CD8EFE /* MockVpnStateFactory.swift in Sources */,
				52EA0A742B59205200CD8EFE /* MockLogger.swift in Sources */,
				5235FB402B5145CE00F3B772 /* FlowProtocols.swift in Sources */,
				5235FB4E2B51541F00F3B772 /* Mock.swift in Sources */,
				527F56AA2B31A098003E7DF7 /* AppPolicyTest.swift in Sources */,
				D19C05F62B50A8CB00E804DE /* VpnStateTest.swift in Sources */,
				52A5F9E02B5524560095095D /* ProxySessionUDPTest.swift in Sources */,
				5235FB452B5145CE00F3B772 /* ProxySession.swift in Sources */,
				5278E59D2B59804B00210466 /* MockTrafficManager.swift in Sources */,
				5235FB212B510D3800F3B772 /* TrafficManagerNIO.swift in Sources */,
				5278E5AD2B5A9EBA00210466 /* DefaultProxySessionFactoryTest.swift in Sources */,
				5278E5B12B5AFE1E00210466 /* ChannelCreatorUDP.swift in Sources */,
				5235FB4B2B5145FD00F3B772 /* Formatters.swift in Sources */,
			);
			runOnlyForDeploymentPostprocessing = 0;
		};
/* End PBXSourcesBuildPhase section */

/* Begin PBXTargetDependency section */
		971DE35A2B591722008CE5C2 /* PBXTargetDependency */ = {
			isa = PBXTargetDependency;
			target = C40A5C44229DD6A500627D50 /* SplitTunnelProxyExtension */;
			targetProxy = 971DE3592B591722008CE5C2 /* PBXContainerItemProxy */;
		};
		D1FE4FBB295A1EA3002BBA20 /* PBXTargetDependency */ = {
			isa = PBXTargetDependency;
			target = C4B45DB422739FFF0050C59B /* SplitTunnelProxy */;
			targetProxy = D1FE4FBA295A1EA3002BBA20 /* PBXContainerItemProxy */;
		};
/* End PBXTargetDependency section */

/* Begin PBXVariantGroup section */
		C4B45DBE2273A0020050C59B /* Main.storyboard */ = {
			isa = PBXVariantGroup;
			children = (
				C4B45DBF2273A0020050C59B /* Base */,
			);
			name = Main.storyboard;
			sourceTree = "<group>";
		};
/* End PBXVariantGroup section */

/* Begin XCBuildConfiguration section */
		9785C0C42B59219B002A982D /* Debug */ = {
			isa = XCBuildConfiguration;
			buildSettings = {
				ASSETCATALOG_COMPILER_APPICON_NAME = AppIcon;
				ASSETCATALOG_COMPILER_GENERATE_SWIFT_ASSET_SYMBOL_EXTENSIONS = YES;
				ASSETCATALOG_COMPILER_GLOBAL_ACCENT_COLOR_NAME = AccentColor;
				ASSETCATALOG_COMPILER_INCLUDE_ALL_APPICON_ASSETS = YES;
				CLANG_CXX_LANGUAGE_STANDARD = "gnu++20";
				CODE_SIGN_ENTITLEMENTS = ProxyCLI/ProxyCLI.entitlements;
				CODE_SIGN_STYLE = Automatic;
				COMBINE_HIDPI_IMAGES = YES;
				CURRENT_PROJECT_VERSION = 1;
				DEVELOPMENT_TEAM = 5357M5NW9W;
				ENABLE_HARDENED_RUNTIME = YES;
				ENABLE_PREVIEWS = YES;
				GCC_C_LANGUAGE_STANDARD = gnu17;
				GENERATE_INFOPLIST_FILE = YES;
				INFOPLIST_KEY_LSApplicationCategoryType = "public.app-category.utilities";
				INFOPLIST_KEY_NSHumanReadableCopyright = "Copyright © 2024 PIA. All rights reserved.";
				LD_RUNPATH_SEARCH_PATHS = (
					"$(inherited)",
					"@executable_path/../Frameworks",
				);
				LOCALIZATION_PREFERS_STRING_CATALOGS = YES;
				MACOSX_DEPLOYMENT_TARGET = 11.0;
				MARKETING_VERSION = 1.0;
				PRODUCT_BUNDLE_IDENTIFIER = com.privateinternetaccess.vpn.splittunnel.cli;
				PRODUCT_NAME = "$(TARGET_NAME)";
				STRIP_STYLE = NO;
				SWIFT_ACTIVE_COMPILATION_CONDITIONS = "DEBUG $(inherited)";
				SWIFT_EMIT_LOC_STRINGS = YES;
				SWIFT_VERSION = 5.0;
			};
			name = Debug;
		};
		9785C0C52B59219B002A982D /* Release */ = {
			isa = XCBuildConfiguration;
			buildSettings = {
				ASSETCATALOG_COMPILER_APPICON_NAME = AppIcon;
				ASSETCATALOG_COMPILER_GENERATE_SWIFT_ASSET_SYMBOL_EXTENSIONS = YES;
				ASSETCATALOG_COMPILER_GLOBAL_ACCENT_COLOR_NAME = AccentColor;
				ASSETCATALOG_COMPILER_INCLUDE_ALL_APPICON_ASSETS = YES;
				CLANG_CXX_LANGUAGE_STANDARD = "gnu++20";
				CODE_SIGN_ENTITLEMENTS = ProxyCLI/ProxyCLI.entitlements;
				CODE_SIGN_STYLE = Automatic;
				COMBINE_HIDPI_IMAGES = YES;
				CURRENT_PROJECT_VERSION = 1;
				DEVELOPMENT_TEAM = 5357M5NW9W;
				ENABLE_HARDENED_RUNTIME = YES;
				ENABLE_PREVIEWS = YES;
				GCC_C_LANGUAGE_STANDARD = gnu17;
				GENERATE_INFOPLIST_FILE = YES;
				INFOPLIST_KEY_LSApplicationCategoryType = "public.app-category.utilities";
				INFOPLIST_KEY_NSHumanReadableCopyright = "Copyright © 2024 PIA. All rights reserved.";
				LD_RUNPATH_SEARCH_PATHS = (
					"$(inherited)",
					"@executable_path/../Frameworks",
				);
				LOCALIZATION_PREFERS_STRING_CATALOGS = YES;
				MACOSX_DEPLOYMENT_TARGET = 11.0;
				MARKETING_VERSION = 1.0;
				PRODUCT_BUNDLE_IDENTIFIER = com.privateinternetaccess.vpn.splittunnel.cli;
				PRODUCT_NAME = "$(TARGET_NAME)";
				STRIP_STYLE = NO;
				SWIFT_EMIT_LOC_STRINGS = YES;
				SWIFT_VERSION = 5.0;
			};
			name = Release;
		};
		C40A5C52229DD6A500627D50 /* Debug */ = {
			isa = XCBuildConfiguration;
			baseConfigurationReference = 97B1169B2B0CEF910028B01E /* build.xcconfig */;
			buildSettings = {
				CODE_SIGN_ENTITLEMENTS = ProxyExtension/ProxyExtension.entitlements;
				CODE_SIGN_IDENTITY = "Apple Development";
				CODE_SIGN_STYLE = Automatic;
				CURRENT_PROJECT_VERSION = "$(EXT_BUILD_NUMBER)";
				DEAD_CODE_STRIPPING = YES;
				DEVELOPMENT_TEAM = 5357M5NW9W;
				ENABLE_HARDENED_RUNTIME = YES;
				ENABLE_USER_SCRIPT_SANDBOXING = NO;
				INFOPLIST_FILE = ProxyExtension/Info.plist;
				LD_RUNPATH_SEARCH_PATHS = (
					"$(inherited)",
					"@executable_path/../Frameworks",
					"@executable_path/../../../../Frameworks",
				);
				MACOSX_DEPLOYMENT_TARGET = 11.0;
				PRODUCT_BUNDLE_IDENTIFIER = com.privateinternetaccess.vpn.splittunnel;
				PRODUCT_NAME = "$(PRODUCT_BUNDLE_IDENTIFIER)";
				PROVISIONING_PROFILE_SPECIFIER = "";
				SKIP_INSTALL = NO;
				SWIFT_OBJC_BRIDGING_HEADER = "ProxyExtension/SplitTunnelProxyProvider/SplitTunnelProxyProvider-Bridging-Header.h";
				SWIFT_VERSION = 5.0;
			};
			name = Debug;
		};
		C40A5C53229DD6A500627D50 /* Release */ = {
			isa = XCBuildConfiguration;
			baseConfigurationReference = 97B1169B2B0CEF910028B01E /* build.xcconfig */;
			buildSettings = {
				CODE_SIGN_ENTITLEMENTS = ProxyExtension/ProxyExtension.entitlements;
				CODE_SIGN_IDENTITY = "Apple Development";
				CODE_SIGN_STYLE = Automatic;
				CURRENT_PROJECT_VERSION = "$(EXT_BUILD_NUMBER)";
				DEAD_CODE_STRIPPING = YES;
				DEVELOPMENT_TEAM = 5357M5NW9W;
				ENABLE_HARDENED_RUNTIME = YES;
				ENABLE_TESTABILITY = YES;
				ENABLE_USER_SCRIPT_SANDBOXING = NO;
				INFOPLIST_FILE = ProxyExtension/Info.plist;
				LD_RUNPATH_SEARCH_PATHS = (
					"$(inherited)",
					"@executable_path/../Frameworks",
					"@executable_path/../../../../Frameworks",
				);
				MACOSX_DEPLOYMENT_TARGET = 11.0;
				PRODUCT_BUNDLE_IDENTIFIER = com.privateinternetaccess.vpn.splittunnel;
				PRODUCT_NAME = "$(PRODUCT_BUNDLE_IDENTIFIER)";
				PROVISIONING_PROFILE_SPECIFIER = "";
				SKIP_INSTALL = NO;
				SWIFT_OBJC_BRIDGING_HEADER = "ProxyExtension/SplitTunnelProxyProvider/SplitTunnelProxyProvider-Bridging-Header.h";
				SWIFT_VERSION = 5.0;
			};
			name = Release;
		};
		C4B45DC32273A0020050C59B /* Debug */ = {
			isa = XCBuildConfiguration;
			buildSettings = {
				ALWAYS_SEARCH_USER_PATHS = NO;
				CLANG_ANALYZER_NONNULL = YES;
				CLANG_ANALYZER_NUMBER_OBJECT_CONVERSION = YES_AGGRESSIVE;
				CLANG_CXX_LANGUAGE_STANDARD = "gnu++14";
				CLANG_CXX_LIBRARY = "libc++";
				CLANG_ENABLE_MODULES = YES;
				CLANG_ENABLE_OBJC_ARC = YES;
				CLANG_ENABLE_OBJC_WEAK = YES;
				CLANG_WARN_BLOCK_CAPTURE_AUTORELEASING = YES;
				CLANG_WARN_BOOL_CONVERSION = YES;
				CLANG_WARN_COMMA = YES;
				CLANG_WARN_CONSTANT_CONVERSION = YES;
				CLANG_WARN_DEPRECATED_OBJC_IMPLEMENTATIONS = YES;
				CLANG_WARN_DIRECT_OBJC_ISA_USAGE = YES_ERROR;
				CLANG_WARN_DOCUMENTATION_COMMENTS = YES;
				CLANG_WARN_EMPTY_BODY = YES;
				CLANG_WARN_ENUM_CONVERSION = YES;
				CLANG_WARN_INFINITE_RECURSION = YES;
				CLANG_WARN_INT_CONVERSION = YES;
				CLANG_WARN_NON_LITERAL_NULL_CONVERSION = YES;
				CLANG_WARN_OBJC_IMPLICIT_RETAIN_SELF = YES;
				CLANG_WARN_OBJC_LITERAL_CONVERSION = YES;
				CLANG_WARN_OBJC_ROOT_CLASS = YES_ERROR;
				CLANG_WARN_QUOTED_INCLUDE_IN_FRAMEWORK_HEADER = YES;
				CLANG_WARN_RANGE_LOOP_ANALYSIS = YES;
				CLANG_WARN_STRICT_PROTOTYPES = YES;
				CLANG_WARN_SUSPICIOUS_MOVE = YES;
				CLANG_WARN_UNGUARDED_AVAILABILITY = YES_AGGRESSIVE;
				CLANG_WARN_UNREACHABLE_CODE = YES;
				CLANG_WARN__DUPLICATE_METHOD_MATCH = YES;
				COPY_PHASE_STRIP = NO;
				DEAD_CODE_STRIPPING = YES;
				DEBUG_INFORMATION_FORMAT = dwarf;
				DEPLOYMENT_LOCATION = YES;
				DSTROOT = "$(LOCAL_APPS_DIR)/$(PROJECT_NAME).dst";
				ENABLE_STRICT_OBJC_MSGSEND = YES;
				ENABLE_TESTABILITY = YES;
				ENABLE_USER_SCRIPT_SANDBOXING = YES;
				GCC_C_LANGUAGE_STANDARD = gnu11;
				GCC_DYNAMIC_NO_PIC = NO;
				GCC_NO_COMMON_BLOCKS = YES;
				GCC_OPTIMIZATION_LEVEL = 0;
				GCC_PREPROCESSOR_DEFINITIONS = (
					"DEBUG=1",
					"$(inherited)",
				);
				GCC_WARN_64_TO_32_BIT_CONVERSION = YES;
				GCC_WARN_ABOUT_RETURN_TYPE = YES_ERROR;
				GCC_WARN_UNDECLARED_SELECTOR = YES;
				GCC_WARN_UNINITIALIZED_AUTOS = YES_AGGRESSIVE;
				GCC_WARN_UNUSED_FUNCTION = YES;
				GCC_WARN_UNUSED_VARIABLE = YES;
				INSTALL_PATH = /Applications;
				MACOSX_DEPLOYMENT_TARGET = 11.0;
				MTL_ENABLE_DEBUG_INFO = INCLUDE_SOURCE;
				MTL_FAST_MATH = YES;
				ONLY_ACTIVE_ARCH = YES;
				SDKROOT = macosx;
				STRIP_INSTALLED_PRODUCT = NO;
				STRIP_STYLE = debugging;
				STRIP_SWIFT_SYMBOLS = NO;
				SWIFT_ACTIVE_COMPILATION_CONDITIONS = DEBUG;
				SWIFT_OPTIMIZATION_LEVEL = "-Onone";
			};
			name = Debug;
		};
		C4B45DC42273A0020050C59B /* Release */ = {
			isa = XCBuildConfiguration;
			buildSettings = {
				ALWAYS_SEARCH_USER_PATHS = NO;
				CLANG_ANALYZER_NONNULL = YES;
				CLANG_ANALYZER_NUMBER_OBJECT_CONVERSION = YES_AGGRESSIVE;
				CLANG_CXX_LANGUAGE_STANDARD = "gnu++14";
				CLANG_CXX_LIBRARY = "libc++";
				CLANG_ENABLE_MODULES = YES;
				CLANG_ENABLE_OBJC_ARC = YES;
				CLANG_ENABLE_OBJC_WEAK = YES;
				CLANG_WARN_BLOCK_CAPTURE_AUTORELEASING = YES;
				CLANG_WARN_BOOL_CONVERSION = YES;
				CLANG_WARN_COMMA = YES;
				CLANG_WARN_CONSTANT_CONVERSION = YES;
				CLANG_WARN_DEPRECATED_OBJC_IMPLEMENTATIONS = YES;
				CLANG_WARN_DIRECT_OBJC_ISA_USAGE = YES_ERROR;
				CLANG_WARN_DOCUMENTATION_COMMENTS = YES;
				CLANG_WARN_EMPTY_BODY = YES;
				CLANG_WARN_ENUM_CONVERSION = YES;
				CLANG_WARN_INFINITE_RECURSION = YES;
				CLANG_WARN_INT_CONVERSION = YES;
				CLANG_WARN_NON_LITERAL_NULL_CONVERSION = YES;
				CLANG_WARN_OBJC_IMPLICIT_RETAIN_SELF = YES;
				CLANG_WARN_OBJC_LITERAL_CONVERSION = YES;
				CLANG_WARN_OBJC_ROOT_CLASS = YES_ERROR;
				CLANG_WARN_QUOTED_INCLUDE_IN_FRAMEWORK_HEADER = YES;
				CLANG_WARN_RANGE_LOOP_ANALYSIS = YES;
				CLANG_WARN_STRICT_PROTOTYPES = YES;
				CLANG_WARN_SUSPICIOUS_MOVE = YES;
				CLANG_WARN_UNGUARDED_AVAILABILITY = YES_AGGRESSIVE;
				CLANG_WARN_UNREACHABLE_CODE = YES;
				CLANG_WARN__DUPLICATE_METHOD_MATCH = YES;
				COPY_PHASE_STRIP = NO;
				DEAD_CODE_STRIPPING = YES;
				DEBUG_INFORMATION_FORMAT = "dwarf-with-dsym";
				DEPLOYMENT_LOCATION = YES;
				DSTROOT = "$(LOCAL_APPS_DIR)/$(PROJECT_NAME).dst";
				ENABLE_NS_ASSERTIONS = NO;
				ENABLE_STRICT_OBJC_MSGSEND = YES;
				ENABLE_TESTABILITY = YES;
				ENABLE_USER_SCRIPT_SANDBOXING = YES;
				GCC_C_LANGUAGE_STANDARD = gnu11;
				GCC_NO_COMMON_BLOCKS = YES;
				GCC_WARN_64_TO_32_BIT_CONVERSION = YES;
				GCC_WARN_ABOUT_RETURN_TYPE = YES_ERROR;
				GCC_WARN_UNDECLARED_SELECTOR = YES;
				GCC_WARN_UNINITIALIZED_AUTOS = YES_AGGRESSIVE;
				GCC_WARN_UNUSED_FUNCTION = YES;
				GCC_WARN_UNUSED_VARIABLE = YES;
				INSTALL_PATH = /Applications;
				MACOSX_DEPLOYMENT_TARGET = 11.0;
				MTL_ENABLE_DEBUG_INFO = NO;
				MTL_FAST_MATH = YES;
				SDKROOT = macosx;
				STRIP_INSTALLED_PRODUCT = NO;
				STRIP_STYLE = debugging;
				STRIP_SWIFT_SYMBOLS = NO;
				SWIFT_COMPILATION_MODE = wholemodule;
				SWIFT_OPTIMIZATION_LEVEL = "-O";
			};
			name = Release;
		};
		C4B45DC62273A0020050C59B /* Debug */ = {
			isa = XCBuildConfiguration;
			buildSettings = {
				ASSETCATALOG_COMPILER_APPICON_NAME = AppIcon;
				CODE_SIGN_ENTITLEMENTS = ProxyApp/ProxyApp.entitlements;
				CODE_SIGN_IDENTITY = "Mac Developer";
				CODE_SIGN_STYLE = Automatic;
				COMBINE_HIDPI_IMAGES = YES;
				DEAD_CODE_STRIPPING = YES;
				DEVELOPMENT_TEAM = 5357M5NW9W;
				ENABLE_HARDENED_RUNTIME = YES;
				INFOPLIST_FILE = ProxyApp/Info.plist;
				INFOPLIST_KEY_LSApplicationCategoryType = "public.app-category.utilities";
				LD_RUNPATH_SEARCH_PATHS = (
					"$(inherited)",
					"@executable_path/../Frameworks",
				);
				MACOSX_DEPLOYMENT_TARGET = 11.0;
				PRODUCT_BUNDLE_IDENTIFIER = com.privateinternetaccess.vpn.splittunnel;
				PRODUCT_NAME = "$(TARGET_NAME)";
				PROVISIONING_PROFILE_SPECIFIER = "";
				SWIFT_VERSION = 5.0;
			};
			name = Debug;
		};
		C4B45DC72273A0020050C59B /* Release */ = {
			isa = XCBuildConfiguration;
			buildSettings = {
				ASSETCATALOG_COMPILER_APPICON_NAME = AppIcon;
				CODE_SIGN_ENTITLEMENTS = ProxyApp/ProxyApp.entitlements;
				CODE_SIGN_IDENTITY = "Mac Developer";
				CODE_SIGN_STYLE = Automatic;
				COMBINE_HIDPI_IMAGES = YES;
				DEAD_CODE_STRIPPING = YES;
				DEVELOPMENT_TEAM = 5357M5NW9W;
				ENABLE_HARDENED_RUNTIME = YES;
				INFOPLIST_FILE = ProxyApp/Info.plist;
				INFOPLIST_KEY_LSApplicationCategoryType = "public.app-category.utilities";
				LD_RUNPATH_SEARCH_PATHS = (
					"$(inherited)",
					"@executable_path/../Frameworks",
				);
				MACOSX_DEPLOYMENT_TARGET = 11.0;
				PRODUCT_BUNDLE_IDENTIFIER = com.privateinternetaccess.vpn.splittunnel;
				PRODUCT_NAME = "$(TARGET_NAME)";
				PROVISIONING_PROFILE_SPECIFIER = "";
				SWIFT_VERSION = 5.0;
			};
			name = Release;
		};
		D1FE4FBD295A1EA3002BBA20 /* Debug */ = {
			isa = XCBuildConfiguration;
			buildSettings = {
				BUNDLE_LOADER = "$(TEST_HOST)";
				CLANG_CXX_LANGUAGE_STANDARD = "gnu++20";
				CODE_SIGN_STYLE = Automatic;
				CURRENT_PROJECT_VERSION = 1;
				DEVELOPMENT_TEAM = 5357M5NW9W;
				GENERATE_INFOPLIST_FILE = YES;
				MACOSX_DEPLOYMENT_TARGET = 11.0;
				MARKETING_VERSION = 1.0;
				PRODUCT_BUNDLE_IDENTIFIER = com.privateinternetaccess.vpn.splittunnel.tests;
				PRODUCT_NAME = "$(TARGET_NAME)";
				SWIFT_EMIT_LOC_STRINGS = NO;
				SWIFT_VERSION = 5.0;
				TEST_HOST = "$(BUILT_PRODUCTS_DIR)/SplitTunnelProxy.app/$(BUNDLE_EXECUTABLE_FOLDER_PATH)/SplitTunnelProxy";
			};
			name = Debug;
		};
		D1FE4FBE295A1EA3002BBA20 /* Release */ = {
			isa = XCBuildConfiguration;
			buildSettings = {
				BUNDLE_LOADER = "$(TEST_HOST)";
				CLANG_CXX_LANGUAGE_STANDARD = "gnu++20";
				CODE_SIGN_STYLE = Automatic;
				CURRENT_PROJECT_VERSION = 1;
				DEVELOPMENT_TEAM = 5357M5NW9W;
				GENERATE_INFOPLIST_FILE = YES;
				MACOSX_DEPLOYMENT_TARGET = 11.0;
				MARKETING_VERSION = 1.0;
				PRODUCT_BUNDLE_IDENTIFIER = com.privateinternetaccess.vpn.splittunnel.tests;
				PRODUCT_NAME = "$(TARGET_NAME)";
				SWIFT_EMIT_LOC_STRINGS = NO;
				SWIFT_VERSION = 5.0;
				TEST_HOST = "$(BUILT_PRODUCTS_DIR)/SplitTunnelProxy.app/$(BUNDLE_EXECUTABLE_FOLDER_PATH)/SplitTunnelProxy";
			};
			name = Release;
		};
/* End XCBuildConfiguration section */

/* Begin XCConfigurationList section */
		9785C0C62B59219B002A982D /* Build configuration list for PBXNativeTarget "PIASplitTunnelManager" */ = {
			isa = XCConfigurationList;
			buildConfigurations = (
				9785C0C42B59219B002A982D /* Debug */,
				9785C0C52B59219B002A982D /* Release */,
			);
			defaultConfigurationIsVisible = 0;
			defaultConfigurationName = Release;
		};
		C40A5C54229DD6A500627D50 /* Build configuration list for PBXNativeTarget "SplitTunnelProxyExtension" */ = {
			isa = XCConfigurationList;
			buildConfigurations = (
				C40A5C52229DD6A500627D50 /* Debug */,
				C40A5C53229DD6A500627D50 /* Release */,
			);
			defaultConfigurationIsVisible = 0;
			defaultConfigurationName = Release;
		};
		C4B45DB022739FFF0050C59B /* Build configuration list for PBXProject "SplitTunnelProxy" */ = {
			isa = XCConfigurationList;
			buildConfigurations = (
				C4B45DC32273A0020050C59B /* Debug */,
				C4B45DC42273A0020050C59B /* Release */,
			);
			defaultConfigurationIsVisible = 0;
			defaultConfigurationName = Release;
		};
		C4B45DC52273A0020050C59B /* Build configuration list for PBXNativeTarget "SplitTunnelProxy" */ = {
			isa = XCConfigurationList;
			buildConfigurations = (
				C4B45DC62273A0020050C59B /* Debug */,
				C4B45DC72273A0020050C59B /* Release */,
			);
			defaultConfigurationIsVisible = 0;
			defaultConfigurationName = Release;
		};
		D1FE4FBC295A1EA3002BBA20 /* Build configuration list for PBXNativeTarget "SplitTunnelProxyTests" */ = {
			isa = XCConfigurationList;
			buildConfigurations = (
				D1FE4FBD295A1EA3002BBA20 /* Debug */,
				D1FE4FBE295A1EA3002BBA20 /* Release */,
			);
			defaultConfigurationIsVisible = 0;
			defaultConfigurationName = Release;
		};
/* End XCConfigurationList section */

/* Begin XCRemoteSwiftPackageReference section */
		526CFC092B3AD15B00F31493 /* XCRemoteSwiftPackageReference "swift-nio" */ = {
			isa = XCRemoteSwiftPackageReference;
			repositoryURL = "https://github.com/apple/swift-nio.git";
			requirement = {
				kind = upToNextMajorVersion;
				minimumVersion = 2.62.0;
			};
		};
		527F56AF2B31B358003E7DF7 /* XCRemoteSwiftPackageReference "Quick" */ = {
			isa = XCRemoteSwiftPackageReference;
			repositoryURL = "https://github.com/Quick/Quick.git";
			requirement = {
				branch = main;
				kind = branch;
			};
		};
		527F56B02B31B37E003E7DF7 /* XCRemoteSwiftPackageReference "Nimble" */ = {
			isa = XCRemoteSwiftPackageReference;
			repositoryURL = "https://github.com/Quick/Nimble.git";
			requirement = {
				branch = main;
				kind = branch;
			};
		};
		9785C0E02B59228F002A982D /* XCRemoteSwiftPackageReference "swift-argument-parser" */ = {
			isa = XCRemoteSwiftPackageReference;
			repositoryURL = "https://github.com/apple/swift-argument-parser.git";
			requirement = {
				kind = upToNextMajorVersion;
				minimumVersion = 1.3.0;
			};
		};
		97E7B8AB2AFB565700138C6A /* XCRemoteSwiftPackageReference "Puppy" */ = {
			isa = XCRemoteSwiftPackageReference;
			repositoryURL = "https://github.com/sushichop/Puppy";
			requirement = {
				kind = upToNextMajorVersion;
				minimumVersion = 0.7.0;
			};
		};
/* End XCRemoteSwiftPackageReference section */

/* Begin XCSwiftPackageProductDependency section */
		5235FB322B51458800F3B772 /* _NIOConcurrency */ = {
			isa = XCSwiftPackageProductDependency;
			package = 526CFC092B3AD15B00F31493 /* XCRemoteSwiftPackageReference "swift-nio" */;
			productName = _NIOConcurrency;
		};
		5235FB342B51458800F3B772 /* NIO */ = {
			isa = XCSwiftPackageProductDependency;
			package = 526CFC092B3AD15B00F31493 /* XCRemoteSwiftPackageReference "swift-nio" */;
			productName = NIO;
		};
		5235FB362B51458800F3B772 /* NIOConcurrencyHelpers */ = {
			isa = XCSwiftPackageProductDependency;
			package = 526CFC092B3AD15B00F31493 /* XCRemoteSwiftPackageReference "swift-nio" */;
			productName = NIOConcurrencyHelpers;
		};
		5235FB382B51458800F3B772 /* NIOCore */ = {
			isa = XCSwiftPackageProductDependency;
			package = 526CFC092B3AD15B00F31493 /* XCRemoteSwiftPackageReference "swift-nio" */;
			productName = NIOCore;
		};
		5235FB3A2B51458800F3B772 /* NIOEmbedded */ = {
			isa = XCSwiftPackageProductDependency;
			package = 526CFC092B3AD15B00F31493 /* XCRemoteSwiftPackageReference "swift-nio" */;
			productName = NIOEmbedded;
		};
		5235FB3C2B51458800F3B772 /* NIOFoundationCompat */ = {
			isa = XCSwiftPackageProductDependency;
			package = 526CFC092B3AD15B00F31493 /* XCRemoteSwiftPackageReference "swift-nio" */;
			productName = NIOFoundationCompat;
		};
		5235FB3E2B51459200F3B772 /* NIOTestUtils */ = {
			isa = XCSwiftPackageProductDependency;
			package = 526CFC092B3AD15B00F31493 /* XCRemoteSwiftPackageReference "swift-nio" */;
			productName = NIOTestUtils;
		};
		526CFC0A2B3AD15B00F31493 /* NIO */ = {
			isa = XCSwiftPackageProductDependency;
			package = 526CFC092B3AD15B00F31493 /* XCRemoteSwiftPackageReference "swift-nio" */;
			productName = NIO;
		};
		526CFC0C2B3AD15B00F31493 /* NIOConcurrencyHelpers */ = {
			isa = XCSwiftPackageProductDependency;
			package = 526CFC092B3AD15B00F31493 /* XCRemoteSwiftPackageReference "swift-nio" */;
			productName = NIOConcurrencyHelpers;
		};
		526CFC0E2B3AD15B00F31493 /* NIOCore */ = {
			isa = XCSwiftPackageProductDependency;
			package = 526CFC092B3AD15B00F31493 /* XCRemoteSwiftPackageReference "swift-nio" */;
			productName = NIOCore;
		};
		526CFC102B3AD15B00F31493 /* NIOFoundationCompat */ = {
			isa = XCSwiftPackageProductDependency;
			package = 526CFC092B3AD15B00F31493 /* XCRemoteSwiftPackageReference "swift-nio" */;
			productName = NIOFoundationCompat;
		};
		526CFC122B3AD15B00F31493 /* NIOPosix */ = {
			isa = XCSwiftPackageProductDependency;
			package = 526CFC092B3AD15B00F31493 /* XCRemoteSwiftPackageReference "swift-nio" */;
			productName = NIOPosix;
		};
		526CFC142B3AD15B00F31493 /* NIOTestUtils */ = {
			isa = XCSwiftPackageProductDependency;
			package = 526CFC092B3AD15B00F31493 /* XCRemoteSwiftPackageReference "swift-nio" */;
			productName = NIOTestUtils;
		};
		526CFC162B3AD15B00F31493 /* _NIOConcurrency */ = {
			isa = XCSwiftPackageProductDependency;
			package = 526CFC092B3AD15B00F31493 /* XCRemoteSwiftPackageReference "swift-nio" */;
			productName = _NIOConcurrency;
		};
		526CFC332B3AD94A00F31493 /* Puppy */ = {
			isa = XCSwiftPackageProductDependency;
			package = 97E7B8AB2AFB565700138C6A /* XCRemoteSwiftPackageReference "Puppy" */;
			productName = Puppy;
		};
		527F56B12B31B43B003E7DF7 /* Quick */ = {
			isa = XCSwiftPackageProductDependency;
			package = 527F56AF2B31B358003E7DF7 /* XCRemoteSwiftPackageReference "Quick" */;
			productName = Quick;
		};
		527F56B32B31B440003E7DF7 /* Nimble */ = {
			isa = XCSwiftPackageProductDependency;
			package = 527F56B02B31B37E003E7DF7 /* XCRemoteSwiftPackageReference "Nimble" */;
			productName = Nimble;
		};
		9704D2AC2B03C97400A899D7 /* Puppy */ = {
			isa = XCSwiftPackageProductDependency;
			package = 97E7B8AB2AFB565700138C6A /* XCRemoteSwiftPackageReference "Puppy" */;
			productName = Puppy;
		};
		9785C0E12B592299002A982D /* ArgumentParser */ = {
			isa = XCSwiftPackageProductDependency;
			package = 9785C0E02B59228F002A982D /* XCRemoteSwiftPackageReference "swift-argument-parser" */;
			productName = ArgumentParser;
		};
		97E7B8AC2AFB565700138C6A /* Puppy */ = {
			isa = XCSwiftPackageProductDependency;
			package = 97E7B8AB2AFB565700138C6A /* XCRemoteSwiftPackageReference "Puppy" */;
			productName = Puppy;
		};
/* End XCSwiftPackageProductDependency section */
	};
	rootObject = C4B45DAD22739FFF0050C59B /* Project object */;
}
