// !$*UTF8*$!
{
	archiveVersion = 1;
	classes = {
	};
	objectVersion = 50;
	objects = {

/* Begin PBXBuildFile section */
		C40A5C46229DD6A500627D50 /* NetworkExtension.framework in Frameworks */ = {isa = PBXBuildFile; fileRef = C4B45DDD2273A3450050C59B /* NetworkExtension.framework */; };
		C40A5C4B229DD6A500627D50 /* main.swift in Sources */ = {isa = PBXBuildFile; fileRef = C40A5C4A229DD6A500627D50 /* main.swift */; };
		C40A5C50229DD6A500627D50 /* com.privateinternetaccess.splittunnel.poc.extension.systemextension in Embed System Extensions */ = {isa = PBXBuildFile; fileRef = C40A5C45229DD6A500627D50 /* com.privateinternetaccess.splittunnel.poc.extension.systemextension */; settings = {ATTRIBUTES = (RemoveHeadersOnCopy, ); }; };
		C40A5C56229DD92E00627D50 /* IPCConnection.swift in Sources */ = {isa = PBXBuildFile; fileRef = C4B1415A227A396500B26560 /* IPCConnection.swift */; };
		C4B1415C227BBC0200B26560 /* IPCConnection.swift in Sources */ = {isa = PBXBuildFile; fileRef = C4B1415A227A396500B26560 /* IPCConnection.swift */; };
		C4B45DB922739FFF0050C59B /* AppDelegate.swift in Sources */ = {isa = PBXBuildFile; fileRef = C4B45DB822739FFF0050C59B /* AppDelegate.swift */; };
		C4B45DBB22739FFF0050C59B /* ViewController.swift in Sources */ = {isa = PBXBuildFile; fileRef = C4B45DBA22739FFF0050C59B /* ViewController.swift */; };
		C4B45DBD2273A0020050C59B /* Assets.xcassets in Resources */ = {isa = PBXBuildFile; fileRef = C4B45DBC2273A0020050C59B /* Assets.xcassets */; };
		C4B45DC02273A0020050C59B /* Main.storyboard in Resources */ = {isa = PBXBuildFile; fileRef = C4B45DBE2273A0020050C59B /* Main.storyboard */; };
		C4B45DDE2273A3450050C59B /* NetworkExtension.framework in Frameworks */ = {isa = PBXBuildFile; fileRef = C4B45DDD2273A3450050C59B /* NetworkExtension.framework */; };
		D12A9EA02AE98D880009BA23 /* ProxyApp.swift in Sources */ = {isa = PBXBuildFile; fileRef = D12A9E9F2AE98D870009BA23 /* ProxyApp.swift */; };
		D13B634E2970CE9600839689 /* HandlingFlows.swift in Sources */ = {isa = PBXBuildFile; fileRef = D13B634C2970CC6E00839689 /* HandlingFlows.swift */; };
		D13B634F2970CE9A00839689 /* NWHostEndPoint.swift in Sources */ = {isa = PBXBuildFile; fileRef = D13B634A296ED21200839689 /* NWHostEndPoint.swift */; };
		D1795F732AE9CC50003B0DAE /* ExtensionBundle.swift in Sources */ = {isa = PBXBuildFile; fileRef = D1795F722AE9CC50003B0DAE /* ExtensionBundle.swift */; };
		D17F5D1A293E1DC300FB8DAF /* ProxyAppDefault.swift in Sources */ = {isa = PBXBuildFile; fileRef = D17F5D19293E1DC300FB8DAF /* ProxyAppDefault.swift */; };
		D17F5D1C293E701D00FB8DAF /* STProxyProvider.swift in Sources */ = {isa = PBXBuildFile; fileRef = D17F5D1B293E701D00FB8DAF /* STProxyProvider.swift */; };
		D1A80A492AD07CE600FA9456 /* Socket.swift in Sources */ = {isa = PBXBuildFile; fileRef = D1A80A482AD07CE600FA9456 /* Socket.swift */; };
		D1A80A4F2AD46E4200FA9456 /* Connections.swift in Sources */ = {isa = PBXBuildFile; fileRef = D1A80A4E2AD46E4200FA9456 /* Connections.swift */; };
		D1D447042ABCE52400A69316 /* ExtensionRequestDelegate.swift in Sources */ = {isa = PBXBuildFile; fileRef = D1D447032ABCE52400A69316 /* ExtensionRequestDelegate.swift */; };
		D1E9AEFE2AE31D4F007603BF /* NetworkUtilities.swift in Sources */ = {isa = PBXBuildFile; fileRef = D1E9AEFD2AE31D4F007603BF /* NetworkUtilities.swift */; };
		D1FE4FB9295A1EA3002BBA20 /* ProxyAppTests.swift in Sources */ = {isa = PBXBuildFile; fileRef = D1FE4FB8295A1EA3002BBA20 /* ProxyAppTests.swift */; };
/* End PBXBuildFile section */

/* Begin PBXContainerItemProxy section */
		C40A5C4E229DD6A500627D50 /* PBXContainerItemProxy */ = {
			isa = PBXContainerItemProxy;
			containerPortal = C4B45DAD22739FFF0050C59B /* Project object */;
			proxyType = 1;
			remoteGlobalIDString = C40A5C44229DD6A500627D50;
			remoteInfo = SimpleFirewallExtension;
		};
		D1FE4FBA295A1EA3002BBA20 /* PBXContainerItemProxy */ = {
			isa = PBXContainerItemProxy;
			containerPortal = C4B45DAD22739FFF0050C59B /* Project object */;
			proxyType = 1;
			remoteGlobalIDString = C4B45DB422739FFF0050C59B;
			remoteInfo = SimpleFirewall;
		};
/* End PBXContainerItemProxy section */

/* Begin PBXCopyFilesBuildPhase section */
		C40A5C51229DD6A500627D50 /* Embed System Extensions */ = {
			isa = PBXCopyFilesBuildPhase;
			buildActionMask = 2147483647;
			dstPath = "$(SYSTEM_EXTENSIONS_FOLDER_PATH)";
			dstSubfolderSpec = 16;
			files = (
				C40A5C50229DD6A500627D50 /* com.privateinternetaccess.splittunnel.poc.extension.systemextension in Embed System Extensions */,
			);
			name = "Embed System Extensions";
			runOnlyForDeploymentPostprocessing = 0;
		};
/* End PBXCopyFilesBuildPhase section */

/* Begin PBXFileReference section */
		03411C5003411ED000000001 /* README.md */ = {isa = PBXFileReference; lastKnownFileType = net.daringfireball.markdown; path = README.md; sourceTree = "<group>"; };
		C40A5C45229DD6A500627D50 /* com.privateinternetaccess.splittunnel.poc.extension.systemextension */ = {isa = PBXFileReference; explicitFileType = "wrapper.system-extension"; includeInIndex = 0; path = com.privateinternetaccess.splittunnel.poc.extension.systemextension; sourceTree = BUILT_PRODUCTS_DIR; };
		C40A5C4A229DD6A500627D50 /* main.swift */ = {isa = PBXFileReference; lastKnownFileType = sourcecode.swift; path = main.swift; sourceTree = "<group>"; };
		C40A5C4C229DD6A500627D50 /* Info.plist */ = {isa = PBXFileReference; lastKnownFileType = text.plist.xml; path = Info.plist; sourceTree = "<group>"; };
		C40A5C4D229DD6A500627D50 /* ProxyExtension.entitlements */ = {isa = PBXFileReference; lastKnownFileType = text.plist.entitlements; path = ProxyExtension.entitlements; sourceTree = "<group>"; };
		C4B1415A227A396500B26560 /* IPCConnection.swift */ = {isa = PBXFileReference; lastKnownFileType = sourcecode.swift; path = IPCConnection.swift; sourceTree = "<group>"; };
		C4B45DB522739FFF0050C59B /* SplitTunnelProxy.app */ = {isa = PBXFileReference; explicitFileType = wrapper.application; includeInIndex = 0; path = SplitTunnelProxy.app; sourceTree = BUILT_PRODUCTS_DIR; };
		C4B45DB822739FFF0050C59B /* AppDelegate.swift */ = {isa = PBXFileReference; lastKnownFileType = sourcecode.swift; path = AppDelegate.swift; sourceTree = "<group>"; };
		C4B45DBA22739FFF0050C59B /* ViewController.swift */ = {isa = PBXFileReference; lastKnownFileType = sourcecode.swift; path = ViewController.swift; sourceTree = "<group>"; };
		C4B45DBC2273A0020050C59B /* Assets.xcassets */ = {isa = PBXFileReference; lastKnownFileType = folder.assetcatalog; path = Assets.xcassets; sourceTree = "<group>"; };
		C4B45DBF2273A0020050C59B /* Base */ = {isa = PBXFileReference; lastKnownFileType = file.storyboard; name = Base; path = Base.lproj/Main.storyboard; sourceTree = "<group>"; };
		C4B45DC12273A0020050C59B /* Info.plist */ = {isa = PBXFileReference; lastKnownFileType = text.plist.xml; path = Info.plist; sourceTree = "<group>"; };
		C4B45DC22273A0020050C59B /* ProxyApp.entitlements */ = {isa = PBXFileReference; lastKnownFileType = text.plist.entitlements; path = ProxyApp.entitlements; sourceTree = "<group>"; };
		C4B45DDD2273A3450050C59B /* NetworkExtension.framework */ = {isa = PBXFileReference; lastKnownFileType = wrapper.framework; name = NetworkExtension.framework; path = System/Library/Frameworks/NetworkExtension.framework; sourceTree = SDKROOT; };
		D12A9E9F2AE98D870009BA23 /* ProxyApp.swift */ = {isa = PBXFileReference; lastKnownFileType = sourcecode.swift; path = ProxyApp.swift; sourceTree = "<group>"; };
		D13B634A296ED21200839689 /* NWHostEndPoint.swift */ = {isa = PBXFileReference; lastKnownFileType = sourcecode.swift; path = NWHostEndPoint.swift; sourceTree = "<group>"; };
		D13B634C2970CC6E00839689 /* HandlingFlows.swift */ = {isa = PBXFileReference; lastKnownFileType = sourcecode.swift; path = HandlingFlows.swift; sourceTree = "<group>"; };
		D1795F722AE9CC50003B0DAE /* ExtensionBundle.swift */ = {isa = PBXFileReference; lastKnownFileType = sourcecode.swift; path = ExtensionBundle.swift; sourceTree = "<group>"; };
		D17F5D19293E1DC300FB8DAF /* ProxyAppDefault.swift */ = {isa = PBXFileReference; lastKnownFileType = sourcecode.swift; path = ProxyAppDefault.swift; sourceTree = "<group>"; };
		D17F5D1B293E701D00FB8DAF /* STProxyProvider.swift */ = {isa = PBXFileReference; lastKnownFileType = sourcecode.swift; path = STProxyProvider.swift; sourceTree = "<group>"; };
		D1A80A482AD07CE600FA9456 /* Socket.swift */ = {isa = PBXFileReference; lastKnownFileType = sourcecode.swift; path = Socket.swift; sourceTree = "<group>"; };
		D1A80A4E2AD46E4200FA9456 /* Connections.swift */ = {isa = PBXFileReference; lastKnownFileType = sourcecode.swift; path = Connections.swift; sourceTree = "<group>"; };
		D1D447032ABCE52400A69316 /* ExtensionRequestDelegate.swift */ = {isa = PBXFileReference; lastKnownFileType = sourcecode.swift; path = ExtensionRequestDelegate.swift; sourceTree = "<group>"; };
		D1E9AEFD2AE31D4F007603BF /* NetworkUtilities.swift */ = {isa = PBXFileReference; lastKnownFileType = sourcecode.swift; path = NetworkUtilities.swift; sourceTree = "<group>"; };
		D1FE4FB6295A1EA3002BBA20 /* SplitTunnelProxyTests.xctest */ = {isa = PBXFileReference; explicitFileType = wrapper.cfbundle; includeInIndex = 0; path = SplitTunnelProxyTests.xctest; sourceTree = BUILT_PRODUCTS_DIR; };
		D1FE4FB8295A1EA3002BBA20 /* ProxyAppTests.swift */ = {isa = PBXFileReference; lastKnownFileType = sourcecode.swift; path = ProxyAppTests.swift; sourceTree = "<group>"; };
/* End PBXFileReference section */

/* Begin PBXFrameworksBuildPhase section */
		C40A5C42229DD6A500627D50 /* Frameworks */ = {
			isa = PBXFrameworksBuildPhase;
			buildActionMask = 2147483647;
			files = (
				C40A5C46229DD6A500627D50 /* NetworkExtension.framework in Frameworks */,
			);
			runOnlyForDeploymentPostprocessing = 0;
		};
		C4B45DB222739FFF0050C59B /* Frameworks */ = {
			isa = PBXFrameworksBuildPhase;
			buildActionMask = 2147483647;
			files = (
				C4B45DDE2273A3450050C59B /* NetworkExtension.framework in Frameworks */,
			);
			runOnlyForDeploymentPostprocessing = 0;
		};
		D1FE4FB3295A1EA3002BBA20 /* Frameworks */ = {
			isa = PBXFrameworksBuildPhase;
			buildActionMask = 2147483647;
			files = (
			);
			runOnlyForDeploymentPostprocessing = 0;
		};
/* End PBXFrameworksBuildPhase section */

/* Begin PBXGroup section */
		C40A5C47229DD6A500627D50 /* ProxyExtension */ = {
			isa = PBXGroup;
			children = (
				C4B1415A227A396500B26560 /* IPCConnection.swift */,
				C40A5C4A229DD6A500627D50 /* main.swift */,
				C40A5C4C229DD6A500627D50 /* Info.plist */,
				C40A5C4D229DD6A500627D50 /* ProxyExtension.entitlements */,
				D17F5D1B293E701D00FB8DAF /* STProxyProvider.swift */,
				D13B634C2970CC6E00839689 /* HandlingFlows.swift */,
				D13B634A296ED21200839689 /* NWHostEndPoint.swift */,
				D1A80A482AD07CE600FA9456 /* Socket.swift */,
				D1A80A4E2AD46E4200FA9456 /* Connections.swift */,
				D1E9AEFD2AE31D4F007603BF /* NetworkUtilities.swift */,
			);
			path = ProxyExtension;
			sourceTree = "<group>";
		};
		C4B45DAC22739FFF0050C59B = {
			isa = PBXGroup;
			children = (
				03411C5003411ED000000001 /* README.md */,
				D16DF7772AEAC7340082B58C /* UI */,
				C4B45DB722739FFF0050C59B /* ProxyApp */,
				C40A5C47229DD6A500627D50 /* ProxyExtension */,
				D1FE4FB7295A1EA3002BBA20 /* ProxyTests */,
				C4B45DB622739FFF0050C59B /* Products */,
				C4B45DDC2273A3450050C59B /* Frameworks */,
			);
			sourceTree = "<group>";
		};
		C4B45DB622739FFF0050C59B /* Products */ = {
			isa = PBXGroup;
			children = (
				C4B45DB522739FFF0050C59B /* SplitTunnelProxy.app */,
				C40A5C45229DD6A500627D50 /* com.privateinternetaccess.splittunnel.poc.extension.systemextension */,
				D1FE4FB6295A1EA3002BBA20 /* SplitTunnelProxyTests.xctest */,
			);
			name = Products;
			sourceTree = "<group>";
		};
		C4B45DB722739FFF0050C59B /* ProxyApp */ = {
			isa = PBXGroup;
			children = (
				C4B45DB822739FFF0050C59B /* AppDelegate.swift */,
				C4B45DC12273A0020050C59B /* Info.plist */,
				C4B45DC22273A0020050C59B /* ProxyApp.entitlements */,
				D17F5D19293E1DC300FB8DAF /* ProxyAppDefault.swift */,
				D1D447032ABCE52400A69316 /* ExtensionRequestDelegate.swift */,
				D12A9E9F2AE98D870009BA23 /* ProxyApp.swift */,
				D1795F722AE9CC50003B0DAE /* ExtensionBundle.swift */,
			);
			path = ProxyApp;
			sourceTree = "<group>";
		};
		C4B45DDC2273A3450050C59B /* Frameworks */ = {
			isa = PBXGroup;
			children = (
				C4B45DDD2273A3450050C59B /* NetworkExtension.framework */,
			);
			name = Frameworks;
			sourceTree = "<group>";
		};
		D16DF7772AEAC7340082B58C /* UI */ = {
			isa = PBXGroup;
			children = (
				C4B45DBA22739FFF0050C59B /* ViewController.swift */,
				C4B45DBC2273A0020050C59B /* Assets.xcassets */,
				C4B45DBE2273A0020050C59B /* Main.storyboard */,
			);
			path = UI;
			sourceTree = "<group>";
		};
		D1FE4FB7295A1EA3002BBA20 /* ProxyTests */ = {
			isa = PBXGroup;
			children = (
				D1FE4FB8295A1EA3002BBA20 /* ProxyAppTests.swift */,
			);
			path = ProxyTests;
			sourceTree = "<group>";
		};
/* End PBXGroup section */

/* Begin PBXNativeTarget section */
		C40A5C44229DD6A500627D50 /* SplitTunnelProxyExtension */ = {
			isa = PBXNativeTarget;
			buildConfigurationList = C40A5C54229DD6A500627D50 /* Build configuration list for PBXNativeTarget "SplitTunnelProxyExtension" */;
			buildPhases = (
				C40A5C41229DD6A500627D50 /* Sources */,
				C40A5C42229DD6A500627D50 /* Frameworks */,
				C40A5C43229DD6A500627D50 /* Resources */,
			);
			buildRules = (
			);
			dependencies = (
			);
			name = SplitTunnelProxyExtension;
			productName = SimpleFirewallExtension;
			productReference = C40A5C45229DD6A500627D50 /* com.privateinternetaccess.splittunnel.poc.extension.systemextension */;
			productType = "com.apple.product-type.system-extension";
		};
		C4B45DB422739FFF0050C59B /* SplitTunnelProxy */ = {
			isa = PBXNativeTarget;
			buildConfigurationList = C4B45DC52273A0020050C59B /* Build configuration list for PBXNativeTarget "SplitTunnelProxy" */;
			buildPhases = (
				C4B45DB122739FFF0050C59B /* Sources */,
				C4B45DB222739FFF0050C59B /* Frameworks */,
				C4B45DB322739FFF0050C59B /* Resources */,
				C40A5C51229DD6A500627D50 /* Embed System Extensions */,
			);
			buildRules = (
			);
			dependencies = (
				C40A5C4F229DD6A500627D50 /* PBXTargetDependency */,
			);
			name = SplitTunnelProxy;
			productName = SimpleFirewall;
			productReference = C4B45DB522739FFF0050C59B /* SplitTunnelProxy.app */;
			productType = "com.apple.product-type.application";
		};
		D1FE4FB5295A1EA3002BBA20 /* SplitTunnelProxyTests */ = {
			isa = PBXNativeTarget;
			buildConfigurationList = D1FE4FBC295A1EA3002BBA20 /* Build configuration list for PBXNativeTarget "SplitTunnelProxyTests" */;
			buildPhases = (
				D1FE4FB2295A1EA3002BBA20 /* Sources */,
				D1FE4FB3295A1EA3002BBA20 /* Frameworks */,
				D1FE4FB4295A1EA3002BBA20 /* Resources */,
			);
			buildRules = (
			);
			dependencies = (
				D1FE4FBB295A1EA3002BBA20 /* PBXTargetDependency */,
			);
			name = SplitTunnelProxyTests;
			productName = SimpleFirewallTests;
			productReference = D1FE4FB6295A1EA3002BBA20 /* SplitTunnelProxyTests.xctest */;
			productType = "com.apple.product-type.bundle.unit-test";
		};
/* End PBXNativeTarget section */

/* Begin PBXProject section */
		C4B45DAD22739FFF0050C59B /* Project object */ = {
			isa = PBXProject;
			attributes = {
				DefaultBuildSystemTypeForWorkspace = Latest;
				LastSwiftUpdateCheck = 1420;
				LastUpgradeCheck = 1410;
				ORGANIZATIONNAME = PIA;
				TargetAttributes = {
					C40A5C44229DD6A500627D50 = {
						CreatedOnToolsVersion = 11.0;
					};
					C4B45DB422739FFF0050C59B = {
						CreatedOnToolsVersion = 11.0;
					};
					D1FE4FB5295A1EA3002BBA20 = {
						CreatedOnToolsVersion = 14.2;
						TestTargetID = C4B45DB422739FFF0050C59B;
					};
				};
			};
			buildConfigurationList = C4B45DB022739FFF0050C59B /* Build configuration list for PBXProject "SplitTunnelProxy" */;
			compatibilityVersion = "Xcode 9.3";
			developmentRegion = en;
			hasScannedForEncodings = 0;
			knownRegions = (
				en,
				Base,
			);
			mainGroup = C4B45DAC22739FFF0050C59B;
			productRefGroup = C4B45DB622739FFF0050C59B /* Products */;
			projectDirPath = "";
			projectRoot = "";
			targets = (
				C4B45DB422739FFF0050C59B /* SplitTunnelProxy */,
				C40A5C44229DD6A500627D50 /* SplitTunnelProxyExtension */,
				D1FE4FB5295A1EA3002BBA20 /* SplitTunnelProxyTests */,
			);
		};
/* End PBXProject section */

/* Begin PBXResourcesBuildPhase section */
		C40A5C43229DD6A500627D50 /* Resources */ = {
			isa = PBXResourcesBuildPhase;
			buildActionMask = 2147483647;
			files = (
			);
			runOnlyForDeploymentPostprocessing = 0;
		};
		C4B45DB322739FFF0050C59B /* Resources */ = {
			isa = PBXResourcesBuildPhase;
			buildActionMask = 2147483647;
			files = (
				C4B45DBD2273A0020050C59B /* Assets.xcassets in Resources */,
				C4B45DC02273A0020050C59B /* Main.storyboard in Resources */,
			);
			runOnlyForDeploymentPostprocessing = 0;
		};
		D1FE4FB4295A1EA3002BBA20 /* Resources */ = {
			isa = PBXResourcesBuildPhase;
			buildActionMask = 2147483647;
			files = (
			);
			runOnlyForDeploymentPostprocessing = 0;
		};
/* End PBXResourcesBuildPhase section */

/* Begin PBXSourcesBuildPhase section */
		C40A5C41229DD6A500627D50 /* Sources */ = {
			isa = PBXSourcesBuildPhase;
			buildActionMask = 2147483647;
			files = (
				C40A5C56229DD92E00627D50 /* IPCConnection.swift in Sources */,
				C40A5C4B229DD6A500627D50 /* main.swift in Sources */,
				D1A80A4F2AD46E4200FA9456 /* Connections.swift in Sources */,
				D13B634F2970CE9A00839689 /* NWHostEndPoint.swift in Sources */,
				D13B634E2970CE9600839689 /* HandlingFlows.swift in Sources */,
				D1A80A492AD07CE600FA9456 /* Socket.swift in Sources */,
				D17F5D1C293E701D00FB8DAF /* STProxyProvider.swift in Sources */,
				D1E9AEFE2AE31D4F007603BF /* NetworkUtilities.swift in Sources */,
			);
			runOnlyForDeploymentPostprocessing = 0;
		};
		C4B45DB122739FFF0050C59B /* Sources */ = {
			isa = PBXSourcesBuildPhase;
			buildActionMask = 2147483647;
			files = (
				D12A9EA02AE98D880009BA23 /* ProxyApp.swift in Sources */,
				D17F5D1A293E1DC300FB8DAF /* ProxyAppDefault.swift in Sources */,
				D1D447042ABCE52400A69316 /* ExtensionRequestDelegate.swift in Sources */,
				C4B1415C227BBC0200B26560 /* IPCConnection.swift in Sources */,
				C4B45DBB22739FFF0050C59B /* ViewController.swift in Sources */,
				D1795F732AE9CC50003B0DAE /* ExtensionBundle.swift in Sources */,
				C4B45DB922739FFF0050C59B /* AppDelegate.swift in Sources */,
			);
			runOnlyForDeploymentPostprocessing = 0;
		};
		D1FE4FB2295A1EA3002BBA20 /* Sources */ = {
			isa = PBXSourcesBuildPhase;
			buildActionMask = 2147483647;
			files = (
				D1FE4FB9295A1EA3002BBA20 /* ProxyAppTests.swift in Sources */,
			);
			runOnlyForDeploymentPostprocessing = 0;
		};
/* End PBXSourcesBuildPhase section */

/* Begin PBXTargetDependency section */
		C40A5C4F229DD6A500627D50 /* PBXTargetDependency */ = {
			isa = PBXTargetDependency;
			target = C40A5C44229DD6A500627D50 /* SplitTunnelProxyExtension */;
			targetProxy = C40A5C4E229DD6A500627D50 /* PBXContainerItemProxy */;
		};
		D1FE4FBB295A1EA3002BBA20 /* PBXTargetDependency */ = {
			isa = PBXTargetDependency;
			target = C4B45DB422739FFF0050C59B /* SplitTunnelProxy */;
			targetProxy = D1FE4FBA295A1EA3002BBA20 /* PBXContainerItemProxy */;
		};
/* End PBXTargetDependency section */

/* Begin PBXVariantGroup section */
		C4B45DBE2273A0020050C59B /* Main.storyboard */ = {
			isa = PBXVariantGroup;
			children = (
				C4B45DBF2273A0020050C59B /* Base */,
			);
			name = Main.storyboard;
			sourceTree = "<group>";
		};
/* End PBXVariantGroup section */

/* Begin XCBuildConfiguration section */
		C40A5C52229DD6A500627D50 /* Debug */ = {
			isa = XCBuildConfiguration;
			buildSettings = {
				CODE_SIGN_ENTITLEMENTS = ProxyExtension/ProxyExtension.entitlements;
				CODE_SIGN_IDENTITY = "Apple Development";
				CODE_SIGN_STYLE = Automatic;
				DEAD_CODE_STRIPPING = YES;
				DEVELOPMENT_TEAM = 5357M5NW9W;
				ENABLE_HARDENED_RUNTIME = YES;
				INFOPLIST_FILE = ProxyExtension/Info.plist;
				LD_RUNPATH_SEARCH_PATHS = (
					"$(inherited)",
					"@executable_path/../Frameworks",
					"@executable_path/../../../../Frameworks",
				);
				PRODUCT_BUNDLE_IDENTIFIER = com.privateinternetaccess.splittunnel.poc.extension;
				PRODUCT_NAME = "$(PRODUCT_BUNDLE_IDENTIFIER)";
				PROVISIONING_PROFILE_SPECIFIER = "";
				SKIP_INSTALL = YES;
				SWIFT_VERSION = 5.0;
			};
			name = Debug;
		};
		C40A5C53229DD6A500627D50 /* Release */ = {
			isa = XCBuildConfiguration;
			buildSettings = {
				CODE_SIGN_ENTITLEMENTS = ProxyExtension/ProxyExtension.entitlements;
				CODE_SIGN_IDENTITY = "Apple Development";
				CODE_SIGN_STYLE = Automatic;
				DEAD_CODE_STRIPPING = YES;
				DEVELOPMENT_TEAM = 5357M5NW9W;
				ENABLE_HARDENED_RUNTIME = YES;
				INFOPLIST_FILE = ProxyExtension/Info.plist;
				LD_RUNPATH_SEARCH_PATHS = (
					"$(inherited)",
					"@executable_path/../Frameworks",
					"@executable_path/../../../../Frameworks",
				);
				PRODUCT_BUNDLE_IDENTIFIER = com.privateinternetaccess.splittunnel.poc.extension;
				PRODUCT_NAME = "$(PRODUCT_BUNDLE_IDENTIFIER)";
				PROVISIONING_PROFILE_SPECIFIER = "";
				SKIP_INSTALL = YES;
				SWIFT_VERSION = 5.0;
			};
			name = Release;
		};
		C4B45DC32273A0020050C59B /* Debug */ = {
			isa = XCBuildConfiguration;
			buildSettings = {
				ALWAYS_SEARCH_USER_PATHS = NO;
				CLANG_ANALYZER_NONNULL = YES;
				CLANG_ANALYZER_NUMBER_OBJECT_CONVERSION = YES_AGGRESSIVE;
				CLANG_CXX_LANGUAGE_STANDARD = "gnu++14";
				CLANG_CXX_LIBRARY = "libc++";
				CLANG_ENABLE_MODULES = YES;
				CLANG_ENABLE_OBJC_ARC = YES;
				CLANG_ENABLE_OBJC_WEAK = YES;
				CLANG_WARN_BLOCK_CAPTURE_AUTORELEASING = YES;
				CLANG_WARN_BOOL_CONVERSION = YES;
				CLANG_WARN_COMMA = YES;
				CLANG_WARN_CONSTANT_CONVERSION = YES;
				CLANG_WARN_DEPRECATED_OBJC_IMPLEMENTATIONS = YES;
				CLANG_WARN_DIRECT_OBJC_ISA_USAGE = YES_ERROR;
				CLANG_WARN_DOCUMENTATION_COMMENTS = YES;
				CLANG_WARN_EMPTY_BODY = YES;
				CLANG_WARN_ENUM_CONVERSION = YES;
				CLANG_WARN_INFINITE_RECURSION = YES;
				CLANG_WARN_INT_CONVERSION = YES;
				CLANG_WARN_NON_LITERAL_NULL_CONVERSION = YES;
				CLANG_WARN_OBJC_IMPLICIT_RETAIN_SELF = YES;
				CLANG_WARN_OBJC_LITERAL_CONVERSION = YES;
				CLANG_WARN_OBJC_ROOT_CLASS = YES_ERROR;
				CLANG_WARN_QUOTED_INCLUDE_IN_FRAMEWORK_HEADER = YES;
				CLANG_WARN_RANGE_LOOP_ANALYSIS = YES;
				CLANG_WARN_STRICT_PROTOTYPES = YES;
				CLANG_WARN_SUSPICIOUS_MOVE = YES;
				CLANG_WARN_UNGUARDED_AVAILABILITY = YES_AGGRESSIVE;
				CLANG_WARN_UNREACHABLE_CODE = YES;
				CLANG_WARN__DUPLICATE_METHOD_MATCH = YES;
				COPY_PHASE_STRIP = NO;
				DEAD_CODE_STRIPPING = YES;
				DEBUG_INFORMATION_FORMAT = dwarf;
				DEPLOYMENT_LOCATION = YES;
				DSTROOT = "$(LOCAL_APPS_DIR)/$(PROJECT_NAME).dst";
				ENABLE_STRICT_OBJC_MSGSEND = YES;
				ENABLE_TESTABILITY = YES;
				GCC_C_LANGUAGE_STANDARD = gnu11;
				GCC_DYNAMIC_NO_PIC = NO;
				GCC_NO_COMMON_BLOCKS = YES;
				GCC_OPTIMIZATION_LEVEL = 0;
				GCC_PREPROCESSOR_DEFINITIONS = (
					"DEBUG=1",
					"$(inherited)",
				);
				GCC_WARN_64_TO_32_BIT_CONVERSION = YES;
				GCC_WARN_ABOUT_RETURN_TYPE = YES_ERROR;
				GCC_WARN_UNDECLARED_SELECTOR = YES;
				GCC_WARN_UNINITIALIZED_AUTOS = YES_AGGRESSIVE;
				GCC_WARN_UNUSED_FUNCTION = YES;
				GCC_WARN_UNUSED_VARIABLE = YES;
				INSTALL_PATH = /;
				MACOSX_DEPLOYMENT_TARGET = 10.15;
				MTL_ENABLE_DEBUG_INFO = INCLUDE_SOURCE;
				MTL_FAST_MATH = YES;
				ONLY_ACTIVE_ARCH = YES;
				SDKROOT = macosx;
				SWIFT_ACTIVE_COMPILATION_CONDITIONS = DEBUG;
				SWIFT_OPTIMIZATION_LEVEL = "-Onone";
			};
			name = Debug;
		};
		C4B45DC42273A0020050C59B /* Release */ = {
			isa = XCBuildConfiguration;
			buildSettings = {
				ALWAYS_SEARCH_USER_PATHS = NO;
				CLANG_ANALYZER_NONNULL = YES;
				CLANG_ANALYZER_NUMBER_OBJECT_CONVERSION = YES_AGGRESSIVE;
				CLANG_CXX_LANGUAGE_STANDARD = "gnu++14";
				CLANG_CXX_LIBRARY = "libc++";
				CLANG_ENABLE_MODULES = YES;
				CLANG_ENABLE_OBJC_ARC = YES;
				CLANG_ENABLE_OBJC_WEAK = YES;
				CLANG_WARN_BLOCK_CAPTURE_AUTORELEASING = YES;
				CLANG_WARN_BOOL_CONVERSION = YES;
				CLANG_WARN_COMMA = YES;
				CLANG_WARN_CONSTANT_CONVERSION = YES;
				CLANG_WARN_DEPRECATED_OBJC_IMPLEMENTATIONS = YES;
				CLANG_WARN_DIRECT_OBJC_ISA_USAGE = YES_ERROR;
				CLANG_WARN_DOCUMENTATION_COMMENTS = YES;
				CLANG_WARN_EMPTY_BODY = YES;
				CLANG_WARN_ENUM_CONVERSION = YES;
				CLANG_WARN_INFINITE_RECURSION = YES;
				CLANG_WARN_INT_CONVERSION = YES;
				CLANG_WARN_NON_LITERAL_NULL_CONVERSION = YES;
				CLANG_WARN_OBJC_IMPLICIT_RETAIN_SELF = YES;
				CLANG_WARN_OBJC_LITERAL_CONVERSION = YES;
				CLANG_WARN_OBJC_ROOT_CLASS = YES_ERROR;
				CLANG_WARN_QUOTED_INCLUDE_IN_FRAMEWORK_HEADER = YES;
				CLANG_WARN_RANGE_LOOP_ANALYSIS = YES;
				CLANG_WARN_STRICT_PROTOTYPES = YES;
				CLANG_WARN_SUSPICIOUS_MOVE = YES;
				CLANG_WARN_UNGUARDED_AVAILABILITY = YES_AGGRESSIVE;
				CLANG_WARN_UNREACHABLE_CODE = YES;
				CLANG_WARN__DUPLICATE_METHOD_MATCH = YES;
				COPY_PHASE_STRIP = NO;
				DEAD_CODE_STRIPPING = YES;
				DEBUG_INFORMATION_FORMAT = "dwarf-with-dsym";
				DEPLOYMENT_LOCATION = YES;
				DSTROOT = "$(LOCAL_APPS_DIR)/$(PROJECT_NAME).dst";
				ENABLE_NS_ASSERTIONS = NO;
				ENABLE_STRICT_OBJC_MSGSEND = YES;
				GCC_C_LANGUAGE_STANDARD = gnu11;
				GCC_NO_COMMON_BLOCKS = YES;
				GCC_WARN_64_TO_32_BIT_CONVERSION = YES;
				GCC_WARN_ABOUT_RETURN_TYPE = YES_ERROR;
				GCC_WARN_UNDECLARED_SELECTOR = YES;
				GCC_WARN_UNINITIALIZED_AUTOS = YES_AGGRESSIVE;
				GCC_WARN_UNUSED_FUNCTION = YES;
				GCC_WARN_UNUSED_VARIABLE = YES;
				INSTALL_PATH = /;
				MACOSX_DEPLOYMENT_TARGET = 10.15;
				MTL_ENABLE_DEBUG_INFO = NO;
				MTL_FAST_MATH = YES;
				SDKROOT = macosx;
				SWIFT_COMPILATION_MODE = wholemodule;
				SWIFT_OPTIMIZATION_LEVEL = "-O";
			};
			name = Release;
		};
		C4B45DC62273A0020050C59B /* Debug */ = {
			isa = XCBuildConfiguration;
			buildSettings = {
				ALWAYS_EMBED_SWIFT_STANDARD_LIBRARIES = YES;
				ASSETCATALOG_COMPILER_APPICON_NAME = AppIcon;
				CODE_SIGN_ENTITLEMENTS = ProxyApp/ProxyApp.entitlements;
				CODE_SIGN_IDENTITY = "Mac Developer";
				CODE_SIGN_STYLE = Automatic;
				COMBINE_HIDPI_IMAGES = YES;
				DEAD_CODE_STRIPPING = YES;
				DEVELOPMENT_TEAM = 5357M5NW9W;
				ENABLE_HARDENED_RUNTIME = YES;
				INFOPLIST_FILE = ProxyApp/Info.plist;
				LD_RUNPATH_SEARCH_PATHS = (
					"$(inherited)",
					"@executable_path/../Frameworks",
				);
				MACOSX_DEPLOYMENT_TARGET = 11.0;
				PRODUCT_BUNDLE_IDENTIFIER = com.privateinternetaccess.splittunnel.poc;
				PRODUCT_NAME = "$(TARGET_NAME)";
				PROVISIONING_PROFILE_SPECIFIER = "";
				SWIFT_VERSION = 5.0;
			};
			name = Debug;
		};
		C4B45DC72273A0020050C59B /* Release */ = {
			isa = XCBuildConfiguration;
			buildSettings = {
				ALWAYS_EMBED_SWIFT_STANDARD_LIBRARIES = YES;
				ASSETCATALOG_COMPILER_APPICON_NAME = AppIcon;
				CODE_SIGN_ENTITLEMENTS = ProxyApp/ProxyApp.entitlements;
				CODE_SIGN_IDENTITY = "Mac Developer";
				CODE_SIGN_STYLE = Automatic;
				COMBINE_HIDPI_IMAGES = YES;
				DEAD_CODE_STRIPPING = YES;
				DEVELOPMENT_TEAM = 5357M5NW9W;
				ENABLE_HARDENED_RUNTIME = YES;
				INFOPLIST_FILE = ProxyApp/Info.plist;
				LD_RUNPATH_SEARCH_PATHS = (
					"$(inherited)",
					"@executable_path/../Frameworks",
				);
				MACOSX_DEPLOYMENT_TARGET = 11.0;
				PRODUCT_BUNDLE_IDENTIFIER = com.privateinternetaccess.splittunnel.poc;
				PRODUCT_NAME = "$(TARGET_NAME)";
				PROVISIONING_PROFILE_SPECIFIER = "";
				SWIFT_VERSION = 5.0;
			};
			name = Release;
		};
		D1FE4FBD295A1EA3002BBA20 /* Debug */ = {
			isa = XCBuildConfiguration;
			buildSettings = {
				BUNDLE_LOADER = "$(TEST_HOST)";
				CLANG_CXX_LANGUAGE_STANDARD = "gnu++20";
				CODE_SIGN_STYLE = Automatic;
				CURRENT_PROJECT_VERSION = 1;
				DEVELOPMENT_TEAM = 5357M5NW9W;
				GENERATE_INFOPLIST_FILE = YES;
				MACOSX_DEPLOYMENT_TARGET = 12.6;
				MARKETING_VERSION = 1.0;
				PRODUCT_BUNDLE_IDENTIFIER = com.privateinternetaccess.SimpleFirewallTests;
				PRODUCT_NAME = "$(TARGET_NAME)";
				SWIFT_EMIT_LOC_STRINGS = NO;
				SWIFT_VERSION = 5.0;
				TEST_HOST = "$(BUILT_PRODUCTS_DIR)/SplitTunnelProxy.app/$(BUNDLE_EXECUTABLE_FOLDER_PATH)/SplitTunnelProxy";
			};
			name = Debug;
		};
		D1FE4FBE295A1EA3002BBA20 /* Release */ = {
			isa = XCBuildConfiguration;
			buildSettings = {
				BUNDLE_LOADER = "$(TEST_HOST)";
				CLANG_CXX_LANGUAGE_STANDARD = "gnu++20";
				CODE_SIGN_STYLE = Automatic;
				CURRENT_PROJECT_VERSION = 1;
				DEVELOPMENT_TEAM = 5357M5NW9W;
				GENERATE_INFOPLIST_FILE = YES;
				MACOSX_DEPLOYMENT_TARGET = 12.6;
				MARKETING_VERSION = 1.0;
				PRODUCT_BUNDLE_IDENTIFIER = com.privateinternetaccess.SimpleFirewallTests;
				PRODUCT_NAME = "$(TARGET_NAME)";
				SWIFT_EMIT_LOC_STRINGS = NO;
				SWIFT_VERSION = 5.0;
				TEST_HOST = "$(BUILT_PRODUCTS_DIR)/SplitTunnelProxy.app/$(BUNDLE_EXECUTABLE_FOLDER_PATH)/SplitTunnelProxy";
			};
			name = Release;
		};
/* End XCBuildConfiguration section */

/* Begin XCConfigurationList section */
		C40A5C54229DD6A500627D50 /* Build configuration list for PBXNativeTarget "SplitTunnelProxyExtension" */ = {
			isa = XCConfigurationList;
			buildConfigurations = (
				C40A5C52229DD6A500627D50 /* Debug */,
				C40A5C53229DD6A500627D50 /* Release */,
			);
			defaultConfigurationIsVisible = 0;
			defaultConfigurationName = Release;
		};
		C4B45DB022739FFF0050C59B /* Build configuration list for PBXProject "SplitTunnelProxy" */ = {
			isa = XCConfigurationList;
			buildConfigurations = (
				C4B45DC32273A0020050C59B /* Debug */,
				C4B45DC42273A0020050C59B /* Release */,
			);
			defaultConfigurationIsVisible = 0;
			defaultConfigurationName = Release;
		};
		C4B45DC52273A0020050C59B /* Build configuration list for PBXNativeTarget "SplitTunnelProxy" */ = {
			isa = XCConfigurationList;
			buildConfigurations = (
				C4B45DC62273A0020050C59B /* Debug */,
				C4B45DC72273A0020050C59B /* Release */,
			);
			defaultConfigurationIsVisible = 0;
			defaultConfigurationName = Release;
		};
		D1FE4FBC295A1EA3002BBA20 /* Build configuration list for PBXNativeTarget "SplitTunnelProxyTests" */ = {
			isa = XCConfigurationList;
			buildConfigurations = (
				D1FE4FBD295A1EA3002BBA20 /* Debug */,
				D1FE4FBE295A1EA3002BBA20 /* Release */,
			);
			defaultConfigurationIsVisible = 0;
			defaultConfigurationName = Release;
		};
/* End XCConfigurationList section */
	};
	rootObject = C4B45DAD22739FFF0050C59B /* Project object */;
}
