// !$*UTF8*$!
{
	archiveVersion = 1;
	classes = {
	};
	objectVersion = 54;
	objects = {

/* Begin PBXBuildFile section */
		526CFC0B2B3AD15B00F31493 /* NIO in Frameworks */ = {isa = PBXBuildFile; productRef = 526CFC0A2B3AD15B00F31493 /* NIO */; };
		526CFC0D2B3AD15B00F31493 /* NIOConcurrencyHelpers in Frameworks */ = {isa = PBXBuildFile; productRef = 526CFC0C2B3AD15B00F31493 /* NIOConcurrencyHelpers */; };
		526CFC0F2B3AD15B00F31493 /* NIOCore in Frameworks */ = {isa = PBXBuildFile; productRef = 526CFC0E2B3AD15B00F31493 /* NIOCore */; };
		526CFC112B3AD15B00F31493 /* NIOFoundationCompat in Frameworks */ = {isa = PBXBuildFile; productRef = 526CFC102B3AD15B00F31493 /* NIOFoundationCompat */; };
		526CFC132B3AD15B00F31493 /* NIOPosix in Frameworks */ = {isa = PBXBuildFile; productRef = 526CFC122B3AD15B00F31493 /* NIOPosix */; };
		526CFC152B3AD15B00F31493 /* NIOTestUtils in Frameworks */ = {isa = PBXBuildFile; productRef = 526CFC142B3AD15B00F31493 /* NIOTestUtils */; };
		526CFC172B3AD15B00F31493 /* _NIOConcurrency in Frameworks */ = {isa = PBXBuildFile; productRef = 526CFC162B3AD15B00F31493 /* _NIOConcurrency */; };
		526CFC342B3AD94A00F31493 /* Puppy in Frameworks */ = {isa = PBXBuildFile; productRef = 526CFC332B3AD94A00F31493 /* Puppy */; };
		526CFC362B3ADD0600F31493 /* libproc.tbd in Frameworks */ = {isa = PBXBuildFile; fileRef = 526CFC352B3ADD0600F31493 /* libproc.tbd */; };
		5274B64F2B2AE8DF0007250C /* libbsm.tbd in Frameworks */ = {isa = PBXBuildFile; fileRef = 5274B64E2B2AE8DF0007250C /* libbsm.tbd */; };
		527F56A82B3180D6003E7DF7 /* AppPolicy.swift in Sources */ = {isa = PBXBuildFile; fileRef = 527F56A72B3180D6003E7DF7 /* AppPolicy.swift */; };
		527F56AA2B31A098003E7DF7 /* AppPolicyTest.swift in Sources */ = {isa = PBXBuildFile; fileRef = 527F56A92B31A098003E7DF7 /* AppPolicyTest.swift */; };
		527F56AE2B31A5DA003E7DF7 /* AppPolicy.swift in Sources */ = {isa = PBXBuildFile; fileRef = 527F56A72B3180D6003E7DF7 /* AppPolicy.swift */; };
		527F56B22B31B43B003E7DF7 /* Quick in Frameworks */ = {isa = PBXBuildFile; productRef = 527F56B12B31B43B003E7DF7 /* Quick */; };
		527F56B42B31B440003E7DF7 /* Nimble in Frameworks */ = {isa = PBXBuildFile; productRef = 527F56B32B31B440003E7DF7 /* Nimble */; };
		9704D2AD2B03C97400A899D7 /* Puppy in Frameworks */ = {isa = PBXBuildFile; productRef = 9704D2AC2B03C97400A899D7 /* Puppy */; };
		976B8CD72B0B55F60097FE7F /* Logger.swift in Sources */ = {isa = PBXBuildFile; fileRef = 976B8CD62B0B55F60097FE7F /* Logger.swift */; };
		978D16562B0B842300BA6F7A /* com.privateinternetaccess.splittunnel.poc.extension.systemextension in Embed System Extensions */ = {isa = PBXBuildFile; fileRef = 97E0D7C92B073427000B4997 /* com.privateinternetaccess.splittunnel.poc.extension.systemextension */; settings = {ATTRIBUTES = (RemoveHeadersOnCopy, ); }; };
		97B1169C2B0CEF910028B01E /* build.xcconfig in Resources */ = {isa = PBXBuildFile; fileRef = 97B1169B2B0CEF910028B01E /* build.xcconfig */; };
		97E7B8AD2AFB565700138C6A /* Puppy in Frameworks */ = {isa = PBXBuildFile; productRef = 97E7B8AC2AFB565700138C6A /* Puppy */; };
		C40A5C46229DD6A500627D50 /* NetworkExtension.framework in Frameworks */ = {isa = PBXBuildFile; fileRef = C4B45DDD2273A3450050C59B /* NetworkExtension.framework */; };
		C40A5C4B229DD6A500627D50 /* main.swift in Sources */ = {isa = PBXBuildFile; fileRef = C40A5C4A229DD6A500627D50 /* main.swift */; };
		C40A5C56229DD92E00627D50 /* IPCConnection.swift in Sources */ = {isa = PBXBuildFile; fileRef = C4B1415A227A396500B26560 /* IPCConnection.swift */; };
		C4B45DB922739FFF0050C59B /* AppDelegate.swift in Sources */ = {isa = PBXBuildFile; fileRef = C4B45DB822739FFF0050C59B /* AppDelegate.swift */; };
		C4B45DBB22739FFF0050C59B /* ViewController.swift in Sources */ = {isa = PBXBuildFile; fileRef = C4B45DBA22739FFF0050C59B /* ViewController.swift */; };
		C4B45DBD2273A0020050C59B /* Assets.xcassets in Resources */ = {isa = PBXBuildFile; fileRef = C4B45DBC2273A0020050C59B /* Assets.xcassets */; };
		C4B45DC02273A0020050C59B /* Main.storyboard in Resources */ = {isa = PBXBuildFile; fileRef = C4B45DBE2273A0020050C59B /* Main.storyboard */; };
		C4B45DDE2273A3450050C59B /* NetworkExtension.framework in Frameworks */ = {isa = PBXBuildFile; fileRef = C4B45DDD2273A3450050C59B /* NetworkExtension.framework */; };
		D12A9EA02AE98D880009BA23 /* ProxyApp.swift in Sources */ = {isa = PBXBuildFile; fileRef = D12A9E9F2AE98D870009BA23 /* ProxyApp.swift */; };
		D13B634E2970CE9600839689 /* FlowHandling.swift in Sources */ = {isa = PBXBuildFile; fileRef = D13B634C2970CC6E00839689 /* FlowHandling.swift */; };
		D1795F732AE9CC50003B0DAE /* ExtensionBundle.swift in Sources */ = {isa = PBXBuildFile; fileRef = D1795F722AE9CC50003B0DAE /* ExtensionBundle.swift */; };
		D17F5D1A293E1DC300FB8DAF /* ProxyAppDefault.swift in Sources */ = {isa = PBXBuildFile; fileRef = D17F5D19293E1DC300FB8DAF /* ProxyAppDefault.swift */; };
		D17F5D1C293E701D00FB8DAF /* STProxyProvider.swift in Sources */ = {isa = PBXBuildFile; fileRef = D17F5D1B293E701D00FB8DAF /* STProxyProvider.swift */; };
		D1D447042ABCE52400A69316 /* ExtensionRequestDelegate.swift in Sources */ = {isa = PBXBuildFile; fileRef = D1D447032ABCE52400A69316 /* ExtensionRequestDelegate.swift */; };
		D1D5B6AC2B18F1C50063363E /* TrafficManager.swift in Sources */ = {isa = PBXBuildFile; fileRef = D1D5B6AB2B18F1C50063363E /* TrafficManager.swift */; };
		D1D5B6B02B18F2B10063363E /* TrafficManagerNIO.swift in Sources */ = {isa = PBXBuildFile; fileRef = D1D5B6AF2B18F2B10063363E /* TrafficManagerNIO.swift */; };
		D1D5B6B62B18F7DF0063363E /* ProcessUtilities.swift in Sources */ = {isa = PBXBuildFile; fileRef = D1D5B6B52B18F7DF0063363E /* ProcessUtilities.swift */; };
		D1E9AEFE2AE31D4F007603BF /* NetworkUtilities.swift in Sources */ = {isa = PBXBuildFile; fileRef = D1E9AEFD2AE31D4F007603BF /* NetworkUtilities.swift */; };
		D1FE4FB9295A1EA3002BBA20 /* ProxyAppTests.swift in Sources */ = {isa = PBXBuildFile; fileRef = D1FE4FB8295A1EA3002BBA20 /* ProxyAppTests.swift */; };
/* End PBXBuildFile section */

/* Begin PBXContainerItemProxy section */
		C40A5C4E229DD6A500627D50 /* PBXContainerItemProxy */ = {
			isa = PBXContainerItemProxy;
			containerPortal = C4B45DAD22739FFF0050C59B /* Project object */;
			proxyType = 1;
			remoteGlobalIDString = C40A5C44229DD6A500627D50;
			remoteInfo = SplitTunnelProxyExtension;
		};
		D1FE4FBA295A1EA3002BBA20 /* PBXContainerItemProxy */ = {
			isa = PBXContainerItemProxy;
			containerPortal = C4B45DAD22739FFF0050C59B /* Project object */;
			proxyType = 1;
			remoteGlobalIDString = C4B45DB422739FFF0050C59B;
			remoteInfo = SplitTunnelProxy;
		};
/* End PBXContainerItemProxy section */

/* Begin PBXCopyFilesBuildPhase section */
		C40A5C51229DD6A500627D50 /* Embed System Extensions */ = {
			isa = PBXCopyFilesBuildPhase;
			buildActionMask = 2147483647;
			dstPath = "$(SYSTEM_EXTENSIONS_FOLDER_PATH)";
			dstSubfolderSpec = 16;
			files = (
				978D16562B0B842300BA6F7A /* com.privateinternetaccess.splittunnel.poc.extension.systemextension in Embed System Extensions */,
			);
			name = "Embed System Extensions";
			runOnlyForDeploymentPostprocessing = 0;
		};
/* End PBXCopyFilesBuildPhase section */

/* Begin PBXFileReference section */
		03411C5003411ED000000001 /* README.md */ = {isa = PBXFileReference; lastKnownFileType = net.daringfireball.markdown; path = README.md; sourceTree = "<group>"; };
		526CFC352B3ADD0600F31493 /* libproc.tbd */ = {isa = PBXFileReference; lastKnownFileType = "sourcecode.text-based-dylib-definition"; name = libproc.tbd; path = usr/lib/libproc.tbd; sourceTree = SDKROOT; };
		5274B64D2B2AE6880007250C /* STProxyProvider-Bridging-Header.h */ = {isa = PBXFileReference; lastKnownFileType = sourcecode.c.h; path = "STProxyProvider-Bridging-Header.h"; sourceTree = "<group>"; };
		5274B64E2B2AE8DF0007250C /* libbsm.tbd */ = {isa = PBXFileReference; lastKnownFileType = "sourcecode.text-based-dylib-definition"; name = libbsm.tbd; path = usr/lib/libbsm.tbd; sourceTree = SDKROOT; };
		527F56A72B3180D6003E7DF7 /* AppPolicy.swift */ = {isa = PBXFileReference; lastKnownFileType = sourcecode.swift; path = AppPolicy.swift; sourceTree = "<group>"; };
		527F56A92B31A098003E7DF7 /* AppPolicyTest.swift */ = {isa = PBXFileReference; lastKnownFileType = sourcecode.swift; path = AppPolicyTest.swift; sourceTree = "<group>"; };
		976B8CD62B0B55F60097FE7F /* Logger.swift */ = {isa = PBXFileReference; lastKnownFileType = sourcecode.swift; path = Logger.swift; sourceTree = "<group>"; };
		97B1169B2B0CEF910028B01E /* build.xcconfig */ = {isa = PBXFileReference; lastKnownFileType = text.xcconfig; path = build.xcconfig; sourceTree = "<group>"; };
		97E0D7C82B073427000B4997 /* SplitTunnelProxy.app */ = {isa = PBXFileReference; explicitFileType = wrapper.application; includeInIndex = 0; path = SplitTunnelProxy.app; sourceTree = BUILT_PRODUCTS_DIR; };
		97E0D7C92B073427000B4997 /* com.privateinternetaccess.splittunnel.poc.extension.systemextension */ = {isa = PBXFileReference; explicitFileType = "wrapper.system-extension"; includeInIndex = 0; path = com.privateinternetaccess.splittunnel.poc.extension.systemextension; sourceTree = BUILT_PRODUCTS_DIR; };
		97E0D7CA2B073427000B4997 /* SplitTunnelProxyTests.xctest */ = {isa = PBXFileReference; explicitFileType = wrapper.cfbundle; includeInIndex = 0; path = SplitTunnelProxyTests.xctest; sourceTree = BUILT_PRODUCTS_DIR; };
		C40A5C4A229DD6A500627D50 /* main.swift */ = {isa = PBXFileReference; lastKnownFileType = sourcecode.swift; path = main.swift; sourceTree = "<group>"; };
		C40A5C4C229DD6A500627D50 /* Info.plist */ = {isa = PBXFileReference; lastKnownFileType = text.plist.xml; path = Info.plist; sourceTree = "<group>"; };
		C40A5C4D229DD6A500627D50 /* ProxyExtension.entitlements */ = {isa = PBXFileReference; lastKnownFileType = text.plist.entitlements; path = ProxyExtension.entitlements; sourceTree = "<group>"; };
		C4B1415A227A396500B26560 /* IPCConnection.swift */ = {isa = PBXFileReference; lastKnownFileType = sourcecode.swift; path = IPCConnection.swift; sourceTree = "<group>"; };
		C4B45DB822739FFF0050C59B /* AppDelegate.swift */ = {isa = PBXFileReference; lastKnownFileType = sourcecode.swift; path = AppDelegate.swift; sourceTree = "<group>"; };
		C4B45DBA22739FFF0050C59B /* ViewController.swift */ = {isa = PBXFileReference; lastKnownFileType = sourcecode.swift; path = ViewController.swift; sourceTree = "<group>"; };
		C4B45DBC2273A0020050C59B /* Assets.xcassets */ = {isa = PBXFileReference; lastKnownFileType = folder.assetcatalog; path = Assets.xcassets; sourceTree = "<group>"; };
		C4B45DBF2273A0020050C59B /* Base */ = {isa = PBXFileReference; lastKnownFileType = file.storyboard; name = Base; path = Base.lproj/Main.storyboard; sourceTree = "<group>"; };
		C4B45DC12273A0020050C59B /* Info.plist */ = {isa = PBXFileReference; lastKnownFileType = text.plist.xml; path = Info.plist; sourceTree = "<group>"; };
		C4B45DC22273A0020050C59B /* ProxyApp.entitlements */ = {isa = PBXFileReference; lastKnownFileType = text.plist.entitlements; path = ProxyApp.entitlements; sourceTree = "<group>"; };
		C4B45DDD2273A3450050C59B /* NetworkExtension.framework */ = {isa = PBXFileReference; lastKnownFileType = wrapper.framework; name = NetworkExtension.framework; path = System/Library/Frameworks/NetworkExtension.framework; sourceTree = SDKROOT; };
		D12A9E9F2AE98D870009BA23 /* ProxyApp.swift */ = {isa = PBXFileReference; lastKnownFileType = sourcecode.swift; path = ProxyApp.swift; sourceTree = "<group>"; };
		D13B634C2970CC6E00839689 /* FlowHandling.swift */ = {isa = PBXFileReference; lastKnownFileType = sourcecode.swift; path = FlowHandling.swift; sourceTree = "<group>"; };
		D1795F722AE9CC50003B0DAE /* ExtensionBundle.swift */ = {isa = PBXFileReference; lastKnownFileType = sourcecode.swift; path = ExtensionBundle.swift; sourceTree = "<group>"; };
		D17F5D19293E1DC300FB8DAF /* ProxyAppDefault.swift */ = {isa = PBXFileReference; lastKnownFileType = sourcecode.swift; path = ProxyAppDefault.swift; sourceTree = "<group>"; };
		D17F5D1B293E701D00FB8DAF /* STProxyProvider.swift */ = {isa = PBXFileReference; lastKnownFileType = sourcecode.swift; path = STProxyProvider.swift; sourceTree = "<group>"; };
		D1D447032ABCE52400A69316 /* ExtensionRequestDelegate.swift */ = {isa = PBXFileReference; lastKnownFileType = sourcecode.swift; path = ExtensionRequestDelegate.swift; sourceTree = "<group>"; };
		D1D5B6AB2B18F1C50063363E /* TrafficManager.swift */ = {isa = PBXFileReference; lastKnownFileType = sourcecode.swift; path = TrafficManager.swift; sourceTree = "<group>"; };
		D1D5B6AF2B18F2B10063363E /* TrafficManagerNIO.swift */ = {isa = PBXFileReference; lastKnownFileType = sourcecode.swift; path = TrafficManagerNIO.swift; sourceTree = "<group>"; };
		D1D5B6B52B18F7DF0063363E /* ProcessUtilities.swift */ = {isa = PBXFileReference; lastKnownFileType = sourcecode.swift; path = ProcessUtilities.swift; sourceTree = "<group>"; };
		D1E9AEFD2AE31D4F007603BF /* NetworkUtilities.swift */ = {isa = PBXFileReference; lastKnownFileType = sourcecode.swift; path = NetworkUtilities.swift; sourceTree = "<group>"; };
		D1FE4FB8295A1EA3002BBA20 /* ProxyAppTests.swift */ = {isa = PBXFileReference; lastKnownFileType = sourcecode.swift; path = ProxyAppTests.swift; sourceTree = "<group>"; };
/* End PBXFileReference section */

/* Begin PBXFrameworksBuildPhase section */
		C40A5C42229DD6A500627D50 /* Frameworks */ = {
			isa = PBXFrameworksBuildPhase;
			buildActionMask = 2147483647;
			files = (
				526CFC362B3ADD0600F31493 /* libproc.tbd in Frameworks */,
				526CFC0F2B3AD15B00F31493 /* NIOCore in Frameworks */,
				526CFC132B3AD15B00F31493 /* NIOPosix in Frameworks */,
				526CFC152B3AD15B00F31493 /* NIOTestUtils in Frameworks */,
				5274B64F2B2AE8DF0007250C /* libbsm.tbd in Frameworks */,
				526CFC0B2B3AD15B00F31493 /* NIO in Frameworks */,
				C40A5C46229DD6A500627D50 /* NetworkExtension.framework in Frameworks */,
				526CFC112B3AD15B00F31493 /* NIOFoundationCompat in Frameworks */,
				526CFC172B3AD15B00F31493 /* _NIOConcurrency in Frameworks */,
				97E7B8AD2AFB565700138C6A /* Puppy in Frameworks */,
				526CFC0D2B3AD15B00F31493 /* NIOConcurrencyHelpers in Frameworks */,
			);
			runOnlyForDeploymentPostprocessing = 0;
		};
		C4B45DB222739FFF0050C59B /* Frameworks */ = {
			isa = PBXFrameworksBuildPhase;
			buildActionMask = 2147483647;
			files = (
				C4B45DDE2273A3450050C59B /* NetworkExtension.framework in Frameworks */,
				9704D2AD2B03C97400A899D7 /* Puppy in Frameworks */,
			);
			runOnlyForDeploymentPostprocessing = 0;
		};
		D1FE4FB3295A1EA3002BBA20 /* Frameworks */ = {
			isa = PBXFrameworksBuildPhase;
			buildActionMask = 2147483647;
			files = (
				526CFC342B3AD94A00F31493 /* Puppy in Frameworks */,
				527F56B22B31B43B003E7DF7 /* Quick in Frameworks */,
				527F56B42B31B440003E7DF7 /* Nimble in Frameworks */,
			);
			runOnlyForDeploymentPostprocessing = 0;
		};
/* End PBXFrameworksBuildPhase section */

/* Begin PBXGroup section */
		C40A5C47229DD6A500627D50 /* ProxyExtension */ = {
			isa = PBXGroup;
			children = (
				D1D5B6B42B18F7200063363E /* IO */,
				D1D5B6B22B18F67B0063363E /* Utilities */,
				D1D5B6B12B18F64E0063363E /* STProxyProvider */,
				C40A5C4A229DD6A500627D50 /* main.swift */,
				97B1169B2B0CEF910028B01E /* build.xcconfig */,
				C40A5C4C229DD6A500627D50 /* Info.plist */,
				C40A5C4D229DD6A500627D50 /* ProxyExtension.entitlements */,
			);
			path = ProxyExtension;
			sourceTree = "<group>";
		};
		C4B45DAC22739FFF0050C59B = {
			isa = PBXGroup;
			children = (
				03411C5003411ED000000001 /* README.md */,
				D16DF7772AEAC7340082B58C /* UI */,
				C4B45DB722739FFF0050C59B /* ProxyApp */,
				C40A5C47229DD6A500627D50 /* ProxyExtension */,
				D1FE4FB7295A1EA3002BBA20 /* ProxyTests */,
				C4B45DDC2273A3450050C59B /* Frameworks */,
				97E0D7C82B073427000B4997 /* SplitTunnelProxy.app */,
				97E0D7C92B073427000B4997 /* com.privateinternetaccess.splittunnel.poc.extension.systemextension */,
				97E0D7CA2B073427000B4997 /* SplitTunnelProxyTests.xctest */,
			);
			sourceTree = "<group>";
		};
		C4B45DB722739FFF0050C59B /* ProxyApp */ = {
			isa = PBXGroup;
			children = (
				C4B45DB822739FFF0050C59B /* AppDelegate.swift */,
				C4B45DC12273A0020050C59B /* Info.plist */,
				C4B45DC22273A0020050C59B /* ProxyApp.entitlements */,
				D17F5D19293E1DC300FB8DAF /* ProxyAppDefault.swift */,
				D1D447032ABCE52400A69316 /* ExtensionRequestDelegate.swift */,
				D12A9E9F2AE98D870009BA23 /* ProxyApp.swift */,
				D1795F722AE9CC50003B0DAE /* ExtensionBundle.swift */,
			);
			path = ProxyApp;
			sourceTree = "<group>";
		};
		C4B45DDC2273A3450050C59B /* Frameworks */ = {
			isa = PBXGroup;
			children = (
				526CFC352B3ADD0600F31493 /* libproc.tbd */,
				5274B64E2B2AE8DF0007250C /* libbsm.tbd */,
				C4B45DDD2273A3450050C59B /* NetworkExtension.framework */,
			);
			name = Frameworks;
			sourceTree = "<group>";
		};
		D16DF7772AEAC7340082B58C /* UI */ = {
			isa = PBXGroup;
			children = (
				C4B45DBA22739FFF0050C59B /* ViewController.swift */,
				C4B45DBC2273A0020050C59B /* Assets.xcassets */,
				C4B45DBE2273A0020050C59B /* Main.storyboard */,
			);
			path = UI;
			sourceTree = "<group>";
		};
		D1D5B6B12B18F64E0063363E /* STProxyProvider */ = {
			isa = PBXGroup;
			children = (
				D17F5D1B293E701D00FB8DAF /* STProxyProvider.swift */,
				D13B634C2970CC6E00839689 /* FlowHandling.swift */,
				5274B64D2B2AE6880007250C /* STProxyProvider-Bridging-Header.h */,
			);
			path = STProxyProvider;
			sourceTree = "<group>";
		};
		D1D5B6B22B18F67B0063363E /* Utilities */ = {
			isa = PBXGroup;
			children = (
				C4B1415A227A396500B26560 /* IPCConnection.swift */,
				976B8CD62B0B55F60097FE7F /* Logger.swift */,
				D1E9AEFD2AE31D4F007603BF /* NetworkUtilities.swift */,
				D1D5B6B52B18F7DF0063363E /* ProcessUtilities.swift */,
				527F56A72B3180D6003E7DF7 /* AppPolicy.swift */,
			);
			path = Utilities;
			sourceTree = "<group>";
		};
		D1D5B6B42B18F7200063363E /* IO */ = {
			isa = PBXGroup;
			children = (
				D1D5B6AB2B18F1C50063363E /* TrafficManager.swift */,
				D1D5B6AF2B18F2B10063363E /* TrafficManagerNIO.swift */,
			);
			path = IO;
			sourceTree = "<group>";
		};
		D1FE4FB7295A1EA3002BBA20 /* ProxyTests */ = {
			isa = PBXGroup;
			children = (
				D1FE4FB8295A1EA3002BBA20 /* ProxyAppTests.swift */,
				527F56A92B31A098003E7DF7 /* AppPolicyTest.swift */,
			);
			path = ProxyTests;
			sourceTree = "<group>";
		};
/* End PBXGroup section */

/* Begin PBXNativeTarget section */
		C40A5C44229DD6A500627D50 /* SplitTunnelProxyExtension */ = {
			isa = PBXNativeTarget;
			buildConfigurationList = C40A5C54229DD6A500627D50 /* Build configuration list for PBXNativeTarget "SplitTunnelProxyExtension" */;
			buildPhases = (
				971C0CF12B0CED28007EE1FD /* ShellScript */,
				C40A5C41229DD6A500627D50 /* Sources */,
				C40A5C42229DD6A500627D50 /* Frameworks */,
				C40A5C43229DD6A500627D50 /* Resources */,
			);
			buildRules = (
			);
			dependencies = (
			);
			name = SplitTunnelProxyExtension;
			packageProductDependencies = (
				97E7B8AC2AFB565700138C6A /* Puppy */,
				526CFC0A2B3AD15B00F31493 /* NIO */,
				526CFC0C2B3AD15B00F31493 /* NIOConcurrencyHelpers */,
				526CFC0E2B3AD15B00F31493 /* NIOCore */,
				526CFC102B3AD15B00F31493 /* NIOFoundationCompat */,
				526CFC122B3AD15B00F31493 /* NIOPosix */,
				526CFC142B3AD15B00F31493 /* NIOTestUtils */,
				526CFC162B3AD15B00F31493 /* _NIOConcurrency */,
			);
			productName = SplitTunnelProxyExtension;
			productReference = 97E0D7C92B073427000B4997 /* com.privateinternetaccess.splittunnel.poc.extension.systemextension */;
			productType = "com.apple.product-type.system-extension";
		};
		C4B45DB422739FFF0050C59B /* SplitTunnelProxy */ = {
			isa = PBXNativeTarget;
			buildConfigurationList = C4B45DC52273A0020050C59B /* Build configuration list for PBXNativeTarget "SplitTunnelProxy" */;
			buildPhases = (
				C4B45DB122739FFF0050C59B /* Sources */,
				C4B45DB222739FFF0050C59B /* Frameworks */,
				C4B45DB322739FFF0050C59B /* Resources */,
				C40A5C51229DD6A500627D50 /* Embed System Extensions */,
			);
			buildRules = (
			);
			dependencies = (
				C40A5C4F229DD6A500627D50 /* PBXTargetDependency */,
			);
			name = SplitTunnelProxy;
			packageProductDependencies = (
				9704D2AC2B03C97400A899D7 /* Puppy */,
			);
			productName = SplitTunnelProxy;
			productReference = 97E0D7C82B073427000B4997 /* SplitTunnelProxy.app */;
			productType = "com.apple.product-type.application";
		};
		D1FE4FB5295A1EA3002BBA20 /* SplitTunnelProxyTests */ = {
			isa = PBXNativeTarget;
			buildConfigurationList = D1FE4FBC295A1EA3002BBA20 /* Build configuration list for PBXNativeTarget "SplitTunnelProxyTests" */;
			buildPhases = (
				D1FE4FB2295A1EA3002BBA20 /* Sources */,
				D1FE4FB3295A1EA3002BBA20 /* Frameworks */,
				D1FE4FB4295A1EA3002BBA20 /* Resources */,
			);
			buildRules = (
			);
			dependencies = (
				D1FE4FBB295A1EA3002BBA20 /* PBXTargetDependency */,
			);
			name = SplitTunnelProxyTests;
			packageProductDependencies = (
				527F56B12B31B43B003E7DF7 /* Quick */,
				527F56B32B31B440003E7DF7 /* Nimble */,
				526CFC332B3AD94A00F31493 /* Puppy */,
			);
			productName = SplitTunnelProxyTests;
			productReference = 97E0D7CA2B073427000B4997 /* SplitTunnelProxyTests.xctest */;
			productType = "com.apple.product-type.bundle.unit-test";
		};
/* End PBXNativeTarget section */

/* Begin PBXProject section */
		C4B45DAD22739FFF0050C59B /* Project object */ = {
			isa = PBXProject;
			attributes = {
				BuildIndependentTargetsInParallel = YES;
				DefaultBuildSystemTypeForWorkspace = Latest;
				LastSwiftUpdateCheck = 1420;
				LastUpgradeCheck = 1500;
				ORGANIZATIONNAME = PIA;
				TargetAttributes = {
					C40A5C44229DD6A500627D50 = {
						CreatedOnToolsVersion = 11.0;
					};
					C4B45DB422739FFF0050C59B = {
						CreatedOnToolsVersion = 11.0;
					};
					D1FE4FB5295A1EA3002BBA20 = {
						CreatedOnToolsVersion = 14.2;
						TestTargetID = C4B45DB422739FFF0050C59B;
					};
				};
			};
			buildConfigurationList = C4B45DB022739FFF0050C59B /* Build configuration list for PBXProject "SplitTunnelProxy" */;
			compatibilityVersion = "Xcode 9.3";
			developmentRegion = en;
			hasScannedForEncodings = 0;
			knownRegions = (
				en,
				Base,
			);
			mainGroup = C4B45DAC22739FFF0050C59B;
			packageReferences = (
				97E7B8AB2AFB565700138C6A /* XCRemoteSwiftPackageReference "Puppy" */,
				527F56AF2B31B358003E7DF7 /* XCRemoteSwiftPackageReference "Quick" */,
				527F56B02B31B37E003E7DF7 /* XCRemoteSwiftPackageReference "Nimble" */,
				526CFC092B3AD15B00F31493 /* XCRemoteSwiftPackageReference "swift-nio" */,
			);
			productRefGroup = C4B45DAC22739FFF0050C59B;
			projectDirPath = "";
			projectRoot = "";
			targets = (
				C4B45DB422739FFF0050C59B /* SplitTunnelProxy */,
				C40A5C44229DD6A500627D50 /* SplitTunnelProxyExtension */,
				D1FE4FB5295A1EA3002BBA20 /* SplitTunnelProxyTests */,
			);
		};
/* End PBXProject section */

/* Begin PBXResourcesBuildPhase section */
		C40A5C43229DD6A500627D50 /* Resources */ = {
			isa = PBXResourcesBuildPhase;
			buildActionMask = 2147483647;
			files = (
				97B1169C2B0CEF910028B01E /* build.xcconfig in Resources */,
			);
			runOnlyForDeploymentPostprocessing = 0;
		};
		C4B45DB322739FFF0050C59B /* Resources */ = {
			isa = PBXResourcesBuildPhase;
			buildActionMask = 2147483647;
			files = (
				C4B45DBD2273A0020050C59B /* Assets.xcassets in Resources */,
				C4B45DC02273A0020050C59B /* Main.storyboard in Resources */,
			);
			runOnlyForDeploymentPostprocessing = 0;
		};
		D1FE4FB4295A1EA3002BBA20 /* Resources */ = {
			isa = PBXResourcesBuildPhase;
			buildActionMask = 2147483647;
			files = (
			);
			runOnlyForDeploymentPostprocessing = 0;
		};
/* End PBXResourcesBuildPhase section */

/* Begin PBXShellScriptBuildPhase section */
		971C0CF12B0CED28007EE1FD /* ShellScript */ = {
			isa = PBXShellScriptBuildPhase;
			alwaysOutOfDate = 1;
			buildActionMask = 2147483647;
			files = (
			);
			inputFileListPaths = (
				"",
			);
			inputPaths = (
			);
			outputFileListPaths = (
			);
			outputPaths = (
			);
			runOnlyForDeploymentPostprocessing = 0;
			shellPath = /bin/sh;
			shellScript = "# Type a script or drag a script file from your workspace to insert its path.\necho \"EXT_BUILD_NUMBER=$(date '+%y%m%d%H%M%S')\" > $SRCROOT/ProxyExtension/build.xcconfig\n";
		};
/* End PBXShellScriptBuildPhase section */

/* Begin PBXSourcesBuildPhase section */
		C40A5C41229DD6A500627D50 /* Sources */ = {
			isa = PBXSourcesBuildPhase;
			buildActionMask = 2147483647;
			files = (
				C40A5C56229DD92E00627D50 /* IPCConnection.swift in Sources */,
				C40A5C4B229DD6A500627D50 /* main.swift in Sources */,
				D13B634E2970CE9600839689 /* FlowHandling.swift in Sources */,
				976B8CD72B0B55F60097FE7F /* Logger.swift in Sources */,
				D1D5B6B62B18F7DF0063363E /* ProcessUtilities.swift in Sources */,
				D1D5B6AC2B18F1C50063363E /* TrafficManager.swift in Sources */,
				D17F5D1C293E701D00FB8DAF /* STProxyProvider.swift in Sources */,
				527F56A82B3180D6003E7DF7 /* AppPolicy.swift in Sources */,
				D1D5B6B02B18F2B10063363E /* TrafficManagerNIO.swift in Sources */,
				D1E9AEFE2AE31D4F007603BF /* NetworkUtilities.swift in Sources */,
			);
			runOnlyForDeploymentPostprocessing = 0;
		};
		C4B45DB122739FFF0050C59B /* Sources */ = {
			isa = PBXSourcesBuildPhase;
			buildActionMask = 2147483647;
			files = (
				D12A9EA02AE98D880009BA23 /* ProxyApp.swift in Sources */,
				D17F5D1A293E1DC300FB8DAF /* ProxyAppDefault.swift in Sources */,
				D1D447042ABCE52400A69316 /* ExtensionRequestDelegate.swift in Sources */,
				C4B45DBB22739FFF0050C59B /* ViewController.swift in Sources */,
				D1795F732AE9CC50003B0DAE /* ExtensionBundle.swift in Sources */,
				C4B45DB922739FFF0050C59B /* AppDelegate.swift in Sources */,
			);
			runOnlyForDeploymentPostprocessing = 0;
		};
		D1FE4FB2295A1EA3002BBA20 /* Sources */ = {
			isa = PBXSourcesBuildPhase;
			buildActionMask = 2147483647;
			files = (
				527F56AE2B31A5DA003E7DF7 /* AppPolicy.swift in Sources */,
				D1FE4FB9295A1EA3002BBA20 /* ProxyAppTests.swift in Sources */,
				527F56AA2B31A098003E7DF7 /* AppPolicyTest.swift in Sources */,
			);
			runOnlyForDeploymentPostprocessing = 0;
		};
/* End PBXSourcesBuildPhase section */

/* Begin PBXTargetDependency section */
		C40A5C4F229DD6A500627D50 /* PBXTargetDependency */ = {
			isa = PBXTargetDependency;
			target = C40A5C44229DD6A500627D50 /* SplitTunnelProxyExtension */;
			targetProxy = C40A5C4E229DD6A500627D50 /* PBXContainerItemProxy */;
		};
		D1FE4FBB295A1EA3002BBA20 /* PBXTargetDependency */ = {
			isa = PBXTargetDependency;
			target = C4B45DB422739FFF0050C59B /* SplitTunnelProxy */;
			targetProxy = D1FE4FBA295A1EA3002BBA20 /* PBXContainerItemProxy */;
		};
/* End PBXTargetDependency section */

/* Begin PBXVariantGroup section */
		C4B45DBE2273A0020050C59B /* Main.storyboard */ = {
			isa = PBXVariantGroup;
			children = (
				C4B45DBF2273A0020050C59B /* Base */,
			);
			name = Main.storyboard;
			sourceTree = "<group>";
		};
/* End PBXVariantGroup section */

/* Begin XCBuildConfiguration section */
		C40A5C52229DD6A500627D50 /* Debug */ = {
			isa = XCBuildConfiguration;
			baseConfigurationReference = 97B1169B2B0CEF910028B01E /* build.xcconfig */;
			buildSettings = {
				CODE_SIGN_ENTITLEMENTS = ProxyExtension/ProxyExtension.entitlements;
				CODE_SIGN_IDENTITY = "Apple Development";
				CODE_SIGN_STYLE = Automatic;
				CURRENT_PROJECT_VERSION = "$(EXT_BUILD_NUMBER)";
				DEAD_CODE_STRIPPING = YES;
				DEVELOPMENT_TEAM = 5357M5NW9W;
				ENABLE_HARDENED_RUNTIME = YES;
				ENABLE_USER_SCRIPT_SANDBOXING = NO;
				INFOPLIST_FILE = ProxyExtension/Info.plist;
				LD_RUNPATH_SEARCH_PATHS = (
					"$(inherited)",
					"@executable_path/../Frameworks",
					"@executable_path/../../../../Frameworks",
				);
				MACOSX_DEPLOYMENT_TARGET = 11.0;
				PRODUCT_BUNDLE_IDENTIFIER = com.privateinternetaccess.splittunnel.poc.extension;
				PRODUCT_NAME = "$(PRODUCT_BUNDLE_IDENTIFIER)";
				PROVISIONING_PROFILE_SPECIFIER = "";
				SKIP_INSTALL = YES;
				SWIFT_OBJC_BRIDGING_HEADER = "ProxyExtension/STProxyProvider/STProxyProvider-Bridging-Header.h";
				SWIFT_VERSION = 5.0;
			};
			name = Debug;
		};
		C40A5C53229DD6A500627D50 /* Release */ = {
			isa = XCBuildConfiguration;
			baseConfigurationReference = 97B1169B2B0CEF910028B01E /* build.xcconfig */;
			buildSettings = {
				CODE_SIGN_ENTITLEMENTS = ProxyExtension/ProxyExtension.entitlements;
				CODE_SIGN_IDENTITY = "Apple Development";
				CODE_SIGN_STYLE = Automatic;
				CURRENT_PROJECT_VERSION = "$(EXT_BUILD_NUMBER)";
				DEAD_CODE_STRIPPING = YES;
				DEVELOPMENT_TEAM = 5357M5NW9W;
				ENABLE_HARDENED_RUNTIME = YES;
				ENABLE_USER_SCRIPT_SANDBOXING = NO;
				INFOPLIST_FILE = ProxyExtension/Info.plist;
				LD_RUNPATH_SEARCH_PATHS = (
					"$(inherited)",
					"@executable_path/../Frameworks",
					"@executable_path/../../../../Frameworks",
				);
				MACOSX_DEPLOYMENT_TARGET = 11.0;
				PRODUCT_BUNDLE_IDENTIFIER = com.privateinternetaccess.splittunnel.poc.extension;
				PRODUCT_NAME = "$(PRODUCT_BUNDLE_IDENTIFIER)";
				PROVISIONING_PROFILE_SPECIFIER = "";
				SKIP_INSTALL = YES;
				SWIFT_OBJC_BRIDGING_HEADER = "ProxyExtension/STProxyProvider/STProxyProvider-Bridging-Header.h";
				SWIFT_VERSION = 5.0;
			};
			name = Release;
		};
		C4B45DC32273A0020050C59B /* Debug */ = {
			isa = XCBuildConfiguration;
			buildSettings = {
				ALWAYS_SEARCH_USER_PATHS = NO;
				CLANG_ANALYZER_NONNULL = YES;
				CLANG_ANALYZER_NUMBER_OBJECT_CONVERSION = YES_AGGRESSIVE;
				CLANG_CXX_LANGUAGE_STANDARD = "gnu++14";
				CLANG_CXX_LIBRARY = "libc++";
				CLANG_ENABLE_MODULES = YES;
				CLANG_ENABLE_OBJC_ARC = YES;
				CLANG_ENABLE_OBJC_WEAK = YES;
				CLANG_WARN_BLOCK_CAPTURE_AUTORELEASING = YES;
				CLANG_WARN_BOOL_CONVERSION = YES;
				CLANG_WARN_COMMA = YES;
				CLANG_WARN_CONSTANT_CONVERSION = YES;
				CLANG_WARN_DEPRECATED_OBJC_IMPLEMENTATIONS = YES;
				CLANG_WARN_DIRECT_OBJC_ISA_USAGE = YES_ERROR;
				CLANG_WARN_DOCUMENTATION_COMMENTS = YES;
				CLANG_WARN_EMPTY_BODY = YES;
				CLANG_WARN_ENUM_CONVERSION = YES;
				CLANG_WARN_INFINITE_RECURSION = YES;
				CLANG_WARN_INT_CONVERSION = YES;
				CLANG_WARN_NON_LITERAL_NULL_CONVERSION = YES;
				CLANG_WARN_OBJC_IMPLICIT_RETAIN_SELF = YES;
				CLANG_WARN_OBJC_LITERAL_CONVERSION = YES;
				CLANG_WARN_OBJC_ROOT_CLASS = YES_ERROR;
				CLANG_WARN_QUOTED_INCLUDE_IN_FRAMEWORK_HEADER = YES;
				CLANG_WARN_RANGE_LOOP_ANALYSIS = YES;
				CLANG_WARN_STRICT_PROTOTYPES = YES;
				CLANG_WARN_SUSPICIOUS_MOVE = YES;
				CLANG_WARN_UNGUARDED_AVAILABILITY = YES_AGGRESSIVE;
				CLANG_WARN_UNREACHABLE_CODE = YES;
				CLANG_WARN__DUPLICATE_METHOD_MATCH = YES;
				COPY_PHASE_STRIP = NO;
				DEAD_CODE_STRIPPING = YES;
				DEBUG_INFORMATION_FORMAT = dwarf;
				DEPLOYMENT_LOCATION = YES;
				DSTROOT = "$(LOCAL_APPS_DIR)/$(PROJECT_NAME).dst";
				ENABLE_STRICT_OBJC_MSGSEND = YES;
				ENABLE_TESTABILITY = YES;
				ENABLE_USER_SCRIPT_SANDBOXING = YES;
				GCC_C_LANGUAGE_STANDARD = gnu11;
				GCC_DYNAMIC_NO_PIC = NO;
				GCC_NO_COMMON_BLOCKS = YES;
				GCC_OPTIMIZATION_LEVEL = 0;
				GCC_PREPROCESSOR_DEFINITIONS = (
					"DEBUG=1",
					"$(inherited)",
				);
				GCC_WARN_64_TO_32_BIT_CONVERSION = YES;
				GCC_WARN_ABOUT_RETURN_TYPE = YES_ERROR;
				GCC_WARN_UNDECLARED_SELECTOR = YES;
				GCC_WARN_UNINITIALIZED_AUTOS = YES_AGGRESSIVE;
				GCC_WARN_UNUSED_FUNCTION = YES;
				GCC_WARN_UNUSED_VARIABLE = YES;
				INSTALL_PATH = /;
				MACOSX_DEPLOYMENT_TARGET = 11.0;
				MTL_ENABLE_DEBUG_INFO = INCLUDE_SOURCE;
				MTL_FAST_MATH = YES;
				ONLY_ACTIVE_ARCH = YES;
				SDKROOT = macosx;
				SWIFT_ACTIVE_COMPILATION_CONDITIONS = DEBUG;
				SWIFT_OPTIMIZATION_LEVEL = "-Onone";
			};
			name = Debug;
		};
		C4B45DC42273A0020050C59B /* Release */ = {
			isa = XCBuildConfiguration;
			buildSettings = {
				ALWAYS_SEARCH_USER_PATHS = NO;
				CLANG_ANALYZER_NONNULL = YES;
				CLANG_ANALYZER_NUMBER_OBJECT_CONVERSION = YES_AGGRESSIVE;
				CLANG_CXX_LANGUAGE_STANDARD = "gnu++14";
				CLANG_CXX_LIBRARY = "libc++";
				CLANG_ENABLE_MODULES = YES;
				CLANG_ENABLE_OBJC_ARC = YES;
				CLANG_ENABLE_OBJC_WEAK = YES;
				CLANG_WARN_BLOCK_CAPTURE_AUTORELEASING = YES;
				CLANG_WARN_BOOL_CONVERSION = YES;
				CLANG_WARN_COMMA = YES;
				CLANG_WARN_CONSTANT_CONVERSION = YES;
				CLANG_WARN_DEPRECATED_OBJC_IMPLEMENTATIONS = YES;
				CLANG_WARN_DIRECT_OBJC_ISA_USAGE = YES_ERROR;
				CLANG_WARN_DOCUMENTATION_COMMENTS = YES;
				CLANG_WARN_EMPTY_BODY = YES;
				CLANG_WARN_ENUM_CONVERSION = YES;
				CLANG_WARN_INFINITE_RECURSION = YES;
				CLANG_WARN_INT_CONVERSION = YES;
				CLANG_WARN_NON_LITERAL_NULL_CONVERSION = YES;
				CLANG_WARN_OBJC_IMPLICIT_RETAIN_SELF = YES;
				CLANG_WARN_OBJC_LITERAL_CONVERSION = YES;
				CLANG_WARN_OBJC_ROOT_CLASS = YES_ERROR;
				CLANG_WARN_QUOTED_INCLUDE_IN_FRAMEWORK_HEADER = YES;
				CLANG_WARN_RANGE_LOOP_ANALYSIS = YES;
				CLANG_WARN_STRICT_PROTOTYPES = YES;
				CLANG_WARN_SUSPICIOUS_MOVE = YES;
				CLANG_WARN_UNGUARDED_AVAILABILITY = YES_AGGRESSIVE;
				CLANG_WARN_UNREACHABLE_CODE = YES;
				CLANG_WARN__DUPLICATE_METHOD_MATCH = YES;
				COPY_PHASE_STRIP = NO;
				DEAD_CODE_STRIPPING = YES;
				DEBUG_INFORMATION_FORMAT = "dwarf-with-dsym";
				DEPLOYMENT_LOCATION = YES;
				DSTROOT = "$(LOCAL_APPS_DIR)/$(PROJECT_NAME).dst";
				ENABLE_NS_ASSERTIONS = NO;
				ENABLE_STRICT_OBJC_MSGSEND = YES;
				ENABLE_USER_SCRIPT_SANDBOXING = YES;
				GCC_C_LANGUAGE_STANDARD = gnu11;
				GCC_NO_COMMON_BLOCKS = YES;
				GCC_WARN_64_TO_32_BIT_CONVERSION = YES;
				GCC_WARN_ABOUT_RETURN_TYPE = YES_ERROR;
				GCC_WARN_UNDECLARED_SELECTOR = YES;
				GCC_WARN_UNINITIALIZED_AUTOS = YES_AGGRESSIVE;
				GCC_WARN_UNUSED_FUNCTION = YES;
				GCC_WARN_UNUSED_VARIABLE = YES;
				INSTALL_PATH = /;
				MACOSX_DEPLOYMENT_TARGET = 11.0;
				MTL_ENABLE_DEBUG_INFO = NO;
				MTL_FAST_MATH = YES;
				SDKROOT = macosx;
				SWIFT_COMPILATION_MODE = wholemodule;
				SWIFT_OPTIMIZATION_LEVEL = "-O";
			};
			name = Release;
		};
		C4B45DC62273A0020050C59B /* Debug */ = {
			isa = XCBuildConfiguration;
			buildSettings = {
				ALWAYS_EMBED_SWIFT_STANDARD_LIBRARIES = YES;
				ASSETCATALOG_COMPILER_APPICON_NAME = AppIcon;
				CODE_SIGN_ENTITLEMENTS = ProxyApp/ProxyApp.entitlements;
				CODE_SIGN_IDENTITY = "Mac Developer";
				CODE_SIGN_STYLE = Automatic;
				COMBINE_HIDPI_IMAGES = YES;
				DEAD_CODE_STRIPPING = YES;
				DEVELOPMENT_TEAM = 5357M5NW9W;
				ENABLE_HARDENED_RUNTIME = YES;
				INFOPLIST_FILE = ProxyApp/Info.plist;
				INFOPLIST_KEY_LSApplicationCategoryType = "public.app-category.utilities";
				LD_RUNPATH_SEARCH_PATHS = (
					"$(inherited)",
					"@executable_path/../Frameworks",
				);
				MACOSX_DEPLOYMENT_TARGET = 11.0;
				PRODUCT_BUNDLE_IDENTIFIER = com.privateinternetaccess.splittunnel.poc;
				PRODUCT_NAME = "$(TARGET_NAME)";
				PROVISIONING_PROFILE_SPECIFIER = "";
				SWIFT_VERSION = 5.0;
			};
			name = Debug;
		};
		C4B45DC72273A0020050C59B /* Release */ = {
			isa = XCBuildConfiguration;
			buildSettings = {
				ALWAYS_EMBED_SWIFT_STANDARD_LIBRARIES = YES;
				ASSETCATALOG_COMPILER_APPICON_NAME = AppIcon;
				CODE_SIGN_ENTITLEMENTS = ProxyApp/ProxyApp.entitlements;
				CODE_SIGN_IDENTITY = "Mac Developer";
				CODE_SIGN_STYLE = Automatic;
				COMBINE_HIDPI_IMAGES = YES;
				DEAD_CODE_STRIPPING = YES;
				DEVELOPMENT_TEAM = 5357M5NW9W;
				ENABLE_HARDENED_RUNTIME = YES;
				INFOPLIST_FILE = ProxyApp/Info.plist;
				INFOPLIST_KEY_LSApplicationCategoryType = "public.app-category.utilities";
				LD_RUNPATH_SEARCH_PATHS = (
					"$(inherited)",
					"@executable_path/../Frameworks",
				);
				MACOSX_DEPLOYMENT_TARGET = 11.0;
				PRODUCT_BUNDLE_IDENTIFIER = com.privateinternetaccess.splittunnel.poc;
				PRODUCT_NAME = "$(TARGET_NAME)";
				PROVISIONING_PROFILE_SPECIFIER = "";
				SWIFT_VERSION = 5.0;
			};
			name = Release;
		};
		D1FE4FBD295A1EA3002BBA20 /* Debug */ = {
			isa = XCBuildConfiguration;
			buildSettings = {
				BUNDLE_LOADER = "$(TEST_HOST)";
				CLANG_CXX_LANGUAGE_STANDARD = "gnu++20";
				CODE_SIGN_STYLE = Automatic;
				CURRENT_PROJECT_VERSION = 1;
				DEVELOPMENT_TEAM = 5357M5NW9W;
				GENERATE_INFOPLIST_FILE = YES;
				MACOSX_DEPLOYMENT_TARGET = 11.0;
				MARKETING_VERSION = 1.0;
				PRODUCT_BUNDLE_IDENTIFIER = com.privateinternetaccess.splittunnel.poc.tests;
				PRODUCT_NAME = "$(TARGET_NAME)";
				SWIFT_EMIT_LOC_STRINGS = NO;
				SWIFT_VERSION = 5.0;
				TEST_HOST = "$(BUILT_PRODUCTS_DIR)/SplitTunnelProxy.app/$(BUNDLE_EXECUTABLE_FOLDER_PATH)/SplitTunnelProxy";
			};
			name = Debug;
		};
		D1FE4FBE295A1EA3002BBA20 /* Release */ = {
			isa = XCBuildConfiguration;
			buildSettings = {
				BUNDLE_LOADER = "$(TEST_HOST)";
				CLANG_CXX_LANGUAGE_STANDARD = "gnu++20";
				CODE_SIGN_STYLE = Automatic;
				CURRENT_PROJECT_VERSION = 1;
				DEVELOPMENT_TEAM = 5357M5NW9W;
				GENERATE_INFOPLIST_FILE = YES;
				MACOSX_DEPLOYMENT_TARGET = 11.0;
				MARKETING_VERSION = 1.0;
				PRODUCT_BUNDLE_IDENTIFIER = com.privateinternetaccess.splittunnel.poc.tests;
				PRODUCT_NAME = "$(TARGET_NAME)";
				SWIFT_EMIT_LOC_STRINGS = NO;
				SWIFT_VERSION = 5.0;
				TEST_HOST = "$(BUILT_PRODUCTS_DIR)/SplitTunnelProxy.app/$(BUNDLE_EXECUTABLE_FOLDER_PATH)/SplitTunnelProxy";
			};
			name = Release;
		};
/* End XCBuildConfiguration section */

/* Begin XCConfigurationList section */
		C40A5C54229DD6A500627D50 /* Build configuration list for PBXNativeTarget "SplitTunnelProxyExtension" */ = {
			isa = XCConfigurationList;
			buildConfigurations = (
				C40A5C52229DD6A500627D50 /* Debug */,
				C40A5C53229DD6A500627D50 /* Release */,
			);
			defaultConfigurationIsVisible = 0;
			defaultConfigurationName = Release;
		};
		C4B45DB022739FFF0050C59B /* Build configuration list for PBXProject "SplitTunnelProxy" */ = {
			isa = XCConfigurationList;
			buildConfigurations = (
				C4B45DC32273A0020050C59B /* Debug */,
				C4B45DC42273A0020050C59B /* Release */,
			);
			defaultConfigurationIsVisible = 0;
			defaultConfigurationName = Release;
		};
		C4B45DC52273A0020050C59B /* Build configuration list for PBXNativeTarget "SplitTunnelProxy" */ = {
			isa = XCConfigurationList;
			buildConfigurations = (
				C4B45DC62273A0020050C59B /* Debug */,
				C4B45DC72273A0020050C59B /* Release */,
			);
			defaultConfigurationIsVisible = 0;
			defaultConfigurationName = Release;
		};
		D1FE4FBC295A1EA3002BBA20 /* Build configuration list for PBXNativeTarget "SplitTunnelProxyTests" */ = {
			isa = XCConfigurationList;
			buildConfigurations = (
				D1FE4FBD295A1EA3002BBA20 /* Debug */,
				D1FE4FBE295A1EA3002BBA20 /* Release */,
			);
			defaultConfigurationIsVisible = 0;
			defaultConfigurationName = Release;
		};
/* End XCConfigurationList section */

/* Begin XCRemoteSwiftPackageReference section */
		526CFC092B3AD15B00F31493 /* XCRemoteSwiftPackageReference "swift-nio" */ = {
			isa = XCRemoteSwiftPackageReference;
			repositoryURL = "https://github.com/apple/swift-nio.git";
			requirement = {
				kind = upToNextMajorVersion;
				minimumVersion = 2.62.0;
			};
		};
		527F56AF2B31B358003E7DF7 /* XCRemoteSwiftPackageReference "Quick" */ = {
			isa = XCRemoteSwiftPackageReference;
			repositoryURL = "https://github.com/Quick/Quick.git";
			requirement = {
				branch = main;
				kind = branch;
			};
		};
		527F56B02B31B37E003E7DF7 /* XCRemoteSwiftPackageReference "Nimble" */ = {
			isa = XCRemoteSwiftPackageReference;
			repositoryURL = "https://github.com/Quick/Nimble.git";
			requirement = {
				branch = main;
				kind = branch;
			};
		};
		97E7B8AB2AFB565700138C6A /* XCRemoteSwiftPackageReference "Puppy" */ = {
			isa = XCRemoteSwiftPackageReference;
			repositoryURL = "https://github.com/sushichop/Puppy";
			requirement = {
				kind = upToNextMajorVersion;
				minimumVersion = 0.7.0;
			};
		};
/* End XCRemoteSwiftPackageReference section */

/* Begin XCSwiftPackageProductDependency section */
		526CFC0A2B3AD15B00F31493 /* NIO */ = {
			isa = XCSwiftPackageProductDependency;
			package = 526CFC092B3AD15B00F31493 /* XCRemoteSwiftPackageReference "swift-nio" */;
			productName = NIO;
		};
		526CFC0C2B3AD15B00F31493 /* NIOConcurrencyHelpers */ = {
			isa = XCSwiftPackageProductDependency;
			package = 526CFC092B3AD15B00F31493 /* XCRemoteSwiftPackageReference "swift-nio" */;
			productName = NIOConcurrencyHelpers;
		};
		526CFC0E2B3AD15B00F31493 /* NIOCore */ = {
			isa = XCSwiftPackageProductDependency;
			package = 526CFC092B3AD15B00F31493 /* XCRemoteSwiftPackageReference "swift-nio" */;
			productName = NIOCore;
		};
		526CFC102B3AD15B00F31493 /* NIOFoundationCompat */ = {
			isa = XCSwiftPackageProductDependency;
			package = 526CFC092B3AD15B00F31493 /* XCRemoteSwiftPackageReference "swift-nio" */;
			productName = NIOFoundationCompat;
		};
		526CFC122B3AD15B00F31493 /* NIOPosix */ = {
			isa = XCSwiftPackageProductDependency;
			package = 526CFC092B3AD15B00F31493 /* XCRemoteSwiftPackageReference "swift-nio" */;
			productName = NIOPosix;
		};
		526CFC142B3AD15B00F31493 /* NIOTestUtils */ = {
			isa = XCSwiftPackageProductDependency;
			package = 526CFC092B3AD15B00F31493 /* XCRemoteSwiftPackageReference "swift-nio" */;
			productName = NIOTestUtils;
		};
		526CFC162B3AD15B00F31493 /* _NIOConcurrency */ = {
			isa = XCSwiftPackageProductDependency;
			package = 526CFC092B3AD15B00F31493 /* XCRemoteSwiftPackageReference "swift-nio" */;
			productName = _NIOConcurrency;
		};
		526CFC332B3AD94A00F31493 /* Puppy */ = {
			isa = XCSwiftPackageProductDependency;
			package = 97E7B8AB2AFB565700138C6A /* XCRemoteSwiftPackageReference "Puppy" */;
			productName = Puppy;
		};
		527F56B12B31B43B003E7DF7 /* Quick */ = {
			isa = XCSwiftPackageProductDependency;
			package = 527F56AF2B31B358003E7DF7 /* XCRemoteSwiftPackageReference "Quick" */;
			productName = Quick;
		};
		527F56B32B31B440003E7DF7 /* Nimble */ = {
			isa = XCSwiftPackageProductDependency;
			package = 527F56B02B31B37E003E7DF7 /* XCRemoteSwiftPackageReference "Nimble" */;
			productName = Nimble;
		};
		9704D2AC2B03C97400A899D7 /* Puppy */ = {
			isa = XCSwiftPackageProductDependency;
			package = 97E7B8AB2AFB565700138C6A /* XCRemoteSwiftPackageReference "Puppy" */;
			productName = Puppy;
		};
		97E7B8AC2AFB565700138C6A /* Puppy */ = {
			isa = XCSwiftPackageProductDependency;
			package = 97E7B8AB2AFB565700138C6A /* XCRemoteSwiftPackageReference "Puppy" */;
			productName = Puppy;
		};
/* End XCSwiftPackageProductDependency section */
	};
	rootObject = C4B45DAD22739FFF0050C59B /* Project object */;
}
